
Microsoft Visual Studio Solution File, Format Version 12.00
# Visual Studio Version 17
VisualStudioVersion = 17.0.31903.59
MinimumVisualStudioVersion = 10.0.40219.1
Project("{FAE04EC0-301F-11D3-BF4B-00C04F79EFBC}") = "ejercicio1", "ejercicio1\ejercicio1.csproj", "{282C55FD-1DD1-4C9A-A034-F3BF16BAB8D1}"
EndProject
Project("{FAE04EC0-301F-11D3-BF4B-00C04F79EFBC}") = "ejercicio2", "ejercicio2\ejercicio2.csproj", "{1E77C7EC-F2DB-4156-9D47-19E227DEAC73}"
EndProject
Project("{FAE04EC0-301F-11D3-BF4B-00C04F79EFBC}") = "ejercicio3", "ejercicio3\ejercicio3.csproj", "{F3DD9328-3FEA-4B59-9036-0B73902E5970}"
EndProject
Project("{FAE04EC0-301F-11D3-BF4B-00C04F79EFBC}") = "ejercicio4", "ejercicio4\ejercicio4.csproj", "{EE07A2D6-DA6E-4F30-8C71-D8034F0D3E28}"
EndProject
Project("{FAE04EC0-301F-11D3-BF4B-00C04F79EFBC}") = "ejercicio5", "ejercicio5\ejercicio5.csproj", "{B7205BF5-851E-4B80-9035-EC183B3F672B}"
EndProject
Project("{FAE04EC0-301F-11D3-BF4B-00C04F79EFBC}") = "ejercicio1.test", "ejercicio1.test\ejercicio1.test.csproj", "{7F1BEAB6-9E3A-4CE0-AB7A-39D075C16C63}"
EndProject
Project("{FAE04EC0-301F-11D3-BF4B-00C04F79EFBC}") = "ejercicio2.test", "ejercicio2.test\ejercicio2.test.csproj", "{E1E3AB75-A09D-4B3E-9055-1E71560136F0}"
EndProject
Project("{FAE04EC0-301F-11D3-BF4B-00C04F79EFBC}") = "ejercicio3.test", "ejercicio3.test\ejercicio3.test.csproj", "{FEB56E38-2245-41A2-99F4-AD955684E1EF}"
EndProject
Project("{FAE04EC0-301F-11D3-BF4B-00C04F79EFBC}") = "ejercicio4.test", "ejercicio4.test\ejercicio4.test.csproj", "{588F010D-3A49-4F97-B9C7-A3B3CA86722B}"
EndProject
Project("{FAE04EC0-301F-11D3-BF4B-00C04F79EFBC}") = "ejercicio5.test", "ejercicio5.test\ejercicio5.test.csproj", "{52424A5D-94A5-4F39-A5B9-C2FBBC9343A1}"
EndProject
Project("{FAE04EC0-301F-11D3-BF4B-00C04F79EFBC}") = "ejercicio6", "ejercicio6\ejercicio6.csproj", "{3E1C5BC3-0A4A-47AC-84A5-D79A33A24702}"
EndProject
Project("{FAE04EC0-301F-11D3-BF4B-00C04F79EFBC}") = "ejercicio6.tests", "ejercicio6.tests\ejercicio6.tests.csproj", "{9E110A75-91DC-4981-B142-EC8A90DD5973}"
EndProject
Global
	GlobalSection(SolutionConfigurationPlatforms) = preSolution
		Debug|Any CPU = Debug|Any CPU
		Debug|x64 = Debug|x64
		Debug|x86 = Debug|x86
		Release|Any CPU = Release|Any CPU
		Release|x64 = Release|x64
		Release|x86 = Release|x86
	EndGlobalSection
	GlobalSection(ProjectConfigurationPlatforms) = postSolution
		{282C55FD-1DD1-4C9A-A034-F3BF16BAB8D1}.Debug|Any CPU.ActiveCfg = Debug|Any CPU
		{282C55FD-1DD1-4C9A-A034-F3BF16BAB8D1}.Debug|Any CPU.Build.0 = Debug|Any CPU
		{282C55FD-1DD1-4C9A-A034-F3BF16BAB8D1}.Debug|x64.ActiveCfg = Debug|Any CPU
		{282C55FD-1DD1-4C9A-A034-F3BF16BAB8D1}.Debug|x64.Build.0 = Debug|Any CPU
		{282C55FD-1DD1-4C9A-A034-F3BF16BAB8D1}.Debug|x86.ActiveCfg = Debug|Any CPU
		{282C55FD-1DD1-4C9A-A034-F3BF16BAB8D1}.Debug|x86.Build.0 = Debug|Any CPU
		{282C55FD-1DD1-4C9A-A034-F3BF16BAB8D1}.Release|Any CPU.ActiveCfg = Release|Any CPU
		{282C55FD-1DD1-4C9A-A034-F3BF16BAB8D1}.Release|Any CPU.Build.0 = Release|Any CPU
		{282C55FD-1DD1-4C9A-A034-F3BF16BAB8D1}.Release|x64.ActiveCfg = Release|Any CPU
		{282C55FD-1DD1-4C9A-A034-F3BF16BAB8D1}.Release|x64.Build.0 = Release|Any CPU
		{282C55FD-1DD1-4C9A-A034-F3BF16BAB8D1}.Release|x86.ActiveCfg = Release|Any CPU
		{282C55FD-1DD1-4C9A-A034-F3BF16BAB8D1}.Release|x86.Build.0 = Release|Any CPU
		{1E77C7EC-F2DB-4156-9D47-19E227DEAC73}.Debug|Any CPU.ActiveCfg = Debug|Any CPU
		{1E77C7EC-F2DB-4156-9D47-19E227DEAC73}.Debug|Any CPU.Build.0 = Debug|Any CPU
		{1E77C7EC-F2DB-4156-9D47-19E227DEAC73}.Debug|x64.ActiveCfg = Debug|Any CPU
		{1E77C7EC-F2DB-4156-9D47-19E227DEAC73}.Debug|x64.Build.0 = Debug|Any CPU
		{1E77C7EC-F2DB-4156-9D47-19E227DEAC73}.Debug|x86.ActiveCfg = Debug|Any CPU
		{1E77C7EC-F2DB-4156-9D47-19E227DEAC73}.Debug|x86.Build.0 = Debug|Any CPU
		{1E77C7EC-F2DB-4156-9D47-19E227DEAC73}.Release|Any CPU.ActiveCfg = Release|Any CPU
		{1E77C7EC-F2DB-4156-9D47-19E227DEAC73}.Release|Any CPU.Build.0 = Release|Any CPU
		{1E77C7EC-F2DB-4156-9D47-19E227DEAC73}.Release|x64.ActiveCfg = Release|Any CPU
		{1E77C7EC-F2DB-4156-9D47-19E227DEAC73}.Release|x64.Build.0 = Release|Any CPU
		{1E77C7EC-F2DB-4156-9D47-19E227DEAC73}.Release|x86.ActiveCfg = Release|Any CPU
		{1E77C7EC-F2DB-4156-9D47-19E227DEAC73}.Release|x86.Build.0 = Release|Any CPU
		{F3DD9328-3FEA-4B59-9036-0B73902E5970}.Debug|Any CPU.ActiveCfg = Debug|Any CPU
		{F3DD9328-3FEA-4B59-9036-0B73902E5970}.Debug|Any CPU.Build.0 = Debug|Any CPU
		{F3DD9328-3FEA-4B59-9036-0B73902E5970}.Debug|x64.ActiveCfg = Debug|Any CPU
		{F3DD9328-3FEA-4B59-9036-0B73902E5970}.Debug|x64.Build.0 = Debug|Any CPU
		{F3DD9328-3FEA-4B59-9036-0B73902E5970}.Debug|x86.ActiveCfg = Debug|Any CPU
		{F3DD9328-3FEA-4B59-9036-0B73902E5970}.Debug|x86.Build.0 = Debug|Any CPU
		{F3DD9328-3FEA-4B59-9036-0B73902E5970}.Release|Any CPU.ActiveCfg = Release|Any CPU
		{F3DD9328-3FEA-4B59-9036-0B73902E5970}.Release|Any CPU.Build.0 = Release|Any CPU
		{F3DD9328-3FEA-4B59-9036-0B73902E5970}.Release|x64.ActiveCfg = Release|Any CPU
		{F3DD9328-3FEA-4B59-9036-0B73902E5970}.Release|x64.Build.0 = Release|Any CPU
		{F3DD9328-3FEA-4B59-9036-0B73902E5970}.Release|x86.ActiveCfg = Release|Any CPU
		{F3DD9328-3FEA-4B59-9036-0B73902E5970}.Release|x86.Build.0 = Release|Any CPU
		{EE07A2D6-DA6E-4F30-8C71-D8034F0D3E28}.Debug|Any CPU.ActiveCfg = Debug|Any CPU
		{EE07A2D6-DA6E-4F30-8C71-D8034F0D3E28}.Debug|Any CPU.Build.0 = Debug|Any CPU
		{EE07A2D6-DA6E-4F30-8C71-D8034F0D3E28}.Debug|x64.ActiveCfg = Debug|Any CPU
		{EE07A2D6-DA6E-4F30-8C71-D8034F0D3E28}.Debug|x64.Build.0 = Debug|Any CPU
		{EE07A2D6-DA6E-4F30-8C71-D8034F0D3E28}.Debug|x86.ActiveCfg = Debug|Any CPU
		{EE07A2D6-DA6E-4F30-8C71-D8034F0D3E28}.Debug|x86.Build.0 = Debug|Any CPU
		{EE07A2D6-DA6E-4F30-8C71-D8034F0D3E28}.Release|Any CPU.ActiveCfg = Release|Any CPU
		{EE07A2D6-DA6E-4F30-8C71-D8034F0D3E28}.Release|Any CPU.Build.0 = Release|Any CPU
		{EE07A2D6-DA6E-4F30-8C71-D8034F0D3E28}.Release|x64.ActiveCfg = Release|Any CPU
		{EE07A2D6-DA6E-4F30-8C71-D8034F0D3E28}.Release|x64.Build.0 = Release|Any CPU
		{EE07A2D6-DA6E-4F30-8C71-D8034F0D3E28}.Release|x86.ActiveCfg = Release|Any CPU
		{EE07A2D6-DA6E-4F30-8C71-D8034F0D3E28}.Release|x86.Build.0 = Release|Any CPU
		{B7205BF5-851E-4B80-9035-EC183B3F672B}.Debug|Any CPU.ActiveCfg = Debug|Any CPU
		{B7205BF5-851E-4B80-9035-EC183B3F672B}.Debug|Any CPU.Build.0 = Debug|Any CPU
		{B7205BF5-851E-4B80-9035-EC183B3F672B}.Debug|x64.ActiveCfg = Debug|Any CPU
		{B7205BF5-851E-4B80-9035-EC183B3F672B}.Debug|x64.Build.0 = Debug|Any CPU
		{B7205BF5-851E-4B80-9035-EC183B3F672B}.Debug|x86.ActiveCfg = Debug|Any CPU
		{B7205BF5-851E-4B80-9035-EC183B3F672B}.Debug|x86.Build.0 = Debug|Any CPU
		{B7205BF5-851E-4B80-9035-EC183B3F672B}.Release|Any CPU.ActiveCfg = Release|Any CPU
		{B7205BF5-851E-4B80-9035-EC183B3F672B}.Release|Any CPU.Build.0 = Release|Any CPU
		{B7205BF5-851E-4B80-9035-EC183B3F672B}.Release|x64.ActiveCfg = Release|Any CPU
		{B7205BF5-851E-4B80-9035-EC183B3F672B}.Release|x64.Build.0 = Release|Any CPU
		{B7205BF5-851E-4B80-9035-EC183B3F672B}.Release|x86.ActiveCfg = Release|Any CPU
		{B7205BF5-851E-4B80-9035-EC183B3F672B}.Release|x86.Build.0 = Release|Any CPU
		{7F1BEAB6-9E3A-4CE0-AB7A-39D075C16C63}.Debug|Any CPU.ActiveCfg = Debug|Any CPU
		{7F1BEAB6-9E3A-4CE0-AB7A-39D075C16C63}.Debug|Any CPU.Build.0 = Debug|Any CPU
		{7F1BEAB6-9E3A-4CE0-AB7A-39D075C16C63}.Debug|x64.ActiveCfg = Debug|Any CPU
		{7F1BEAB6-9E3A-4CE0-AB7A-39D075C16C63}.Debug|x64.Build.0 = Debug|Any CPU
		{7F1BEAB6-9E3A-4CE0-AB7A-39D075C16C63}.Debug|x86.ActiveCfg = Debug|Any CPU
		{7F1BEAB6-9E3A-4CE0-AB7A-39D075C16C63}.Debug|x86.Build.0 = Debug|Any CPU
		{7F1BEAB6-9E3A-4CE0-AB7A-39D075C16C63}.Release|Any CPU.ActiveCfg = Release|Any CPU
		{7F1BEAB6-9E3A-4CE0-AB7A-39D075C16C63}.Release|Any CPU.Build.0 = Release|Any CPU
		{7F1BEAB6-9E3A-4CE0-AB7A-39D075C16C63}.Release|x64.ActiveCfg = Release|Any CPU
		{7F1BEAB6-9E3A-4CE0-AB7A-39D075C16C63}.Release|x64.Build.0 = Release|Any CPU
		{7F1BEAB6-9E3A-4CE0-AB7A-39D075C16C63}.Release|x86.ActiveCfg = Release|Any CPU
		{7F1BEAB6-9E3A-4CE0-AB7A-39D075C16C63}.Release|x86.Build.0 = Release|Any CPU
		{E1E3AB75-A09D-4B3E-9055-1E71560136F0}.Debug|Any CPU.ActiveCfg = Debug|Any CPU
		{E1E3AB75-A09D-4B3E-9055-1E71560136F0}.Debug|Any CPU.Build.0 = Debug|Any CPU
		{E1E3AB75-A09D-4B3E-9055-1E71560136F0}.Debug|x64.ActiveCfg = Debug|Any CPU
		{E1E3AB75-A09D-4B3E-9055-1E71560136F0}.Debug|x64.Build.0 = Debug|Any CPU
		{E1E3AB75-A09D-4B3E-9055-1E71560136F0}.Debug|x86.ActiveCfg = Debug|Any CPU
		{E1E3AB75-A09D-4B3E-9055-1E71560136F0}.Debug|x86.Build.0 = Debug|Any CPU
		{E1E3AB75-A09D-4B3E-9055-1E71560136F0}.Release|Any CPU.ActiveCfg = Release|Any CPU
		{E1E3AB75-A09D-4B3E-9055-1E71560136F0}.Release|Any CPU.Build.0 = Release|Any CPU
		{E1E3AB75-A09D-4B3E-9055-1E71560136F0}.Release|x64.ActiveCfg = Release|Any CPU
		{E1E3AB75-A09D-4B3E-9055-1E71560136F0}.Release|x64.Build.0 = Release|Any CPU
		{E1E3AB75-A09D-4B3E-9055-1E71560136F0}.Release|x86.ActiveCfg = Release|Any CPU
		{E1E3AB75-A09D-4B3E-9055-1E71560136F0}.Release|x86.Build.0 = Release|Any CPU
		{FEB56E38-2245-41A2-99F4-AD955684E1EF}.Debug|Any CPU.ActiveCfg = Debug|Any CPU
		{FEB56E38-2245-41A2-99F4-AD955684E1EF}.Debug|Any CPU.Build.0 = Debug|Any CPU
		{FEB56E38-2245-41A2-99F4-AD955684E1EF}.Debug|x64.ActiveCfg = Debug|Any CPU
		{FEB56E38-2245-41A2-99F4-AD955684E1EF}.Debug|x64.Build.0 = Debug|Any CPU
		{FEB56E38-2245-41A2-99F4-AD955684E1EF}.Debug|x86.ActiveCfg = Debug|Any CPU
		{FEB56E38-2245-41A2-99F4-AD955684E1EF}.Debug|x86.Build.0 = Debug|Any CPU
		{FEB56E38-2245-41A2-99F4-AD955684E1EF}.Release|Any CPU.ActiveCfg = Release|Any CPU
		{FEB56E38-2245-41A2-99F4-AD955684E1EF}.Release|Any CPU.Build.0 = Release|Any CPU
		{FEB56E38-2245-41A2-99F4-AD955684E1EF}.Release|x64.ActiveCfg = Release|Any CPU
		{FEB56E38-2245-41A2-99F4-AD955684E1EF}.Release|x64.Build.0 = Release|Any CPU
		{FEB56E38-2245-41A2-99F4-AD955684E1EF}.Release|x86.ActiveCfg = Release|Any CPU
		{FEB56E38-2245-41A2-99F4-AD955684E1EF}.Release|x86.Build.0 = Release|Any CPU
		{588F010D-3A49-4F97-B9C7-A3B3CA86722B}.Debug|Any CPU.ActiveCfg = Debug|Any CPU
		{588F010D-3A49-4F97-B9C7-A3B3CA86722B}.Debug|Any CPU.Build.0 = Debug|Any CPU
		{588F010D-3A49-4F97-B9C7-A3B3CA86722B}.Debug|x64.ActiveCfg = Debug|Any CPU
		{588F010D-3A49-4F97-B9C7-A3B3CA86722B}.Debug|x64.Build.0 = Debug|Any CPU
		{588F010D-3A49-4F97-B9C7-A3B3CA86722B}.Debug|x86.ActiveCfg = Debug|Any CPU
		{588F010D-3A49-4F97-B9C7-A3B3CA86722B}.Debug|x86.Build.0 = Debug|Any CPU
		{588F010D-3A49-4F97-B9C7-A3B3CA86722B}.Release|Any CPU.ActiveCfg = Release|Any CPU
		{588F010D-3A49-4F97-B9C7-A3B3CA86722B}.Release|Any CPU.Build.0 = Release|Any CPU
		{588F010D-3A49-4F97-B9C7-A3B3CA86722B}.Release|x64.ActiveCfg = Release|Any CPU
		{588F010D-3A49-4F97-B9C7-A3B3CA86722B}.Release|x64.Build.0 = Release|Any CPU
		{588F010D-3A49-4F97-B9C7-A3B3CA86722B}.Release|x86.ActiveCfg = Release|Any CPU
		{588F010D-3A49-4F97-B9C7-A3B3CA86722B}.Release|x86.Build.0 = Release|Any CPU
		{52424A5D-94A5-4F39-A5B9-C2FBBC9343A1}.Debug|Any CPU.ActiveCfg = Debug|Any CPU
		{52424A5D-94A5-4F39-A5B9-C2FBBC9343A1}.Debug|Any CPU.Build.0 = Debug|Any CPU
		{52424A5D-94A5-4F39-A5B9-C2FBBC9343A1}.Debug|x64.ActiveCfg = Debug|Any CPU
		{52424A5D-94A5-4F39-A5B9-C2FBBC9343A1}.Debug|x64.Build.0 = Debug|Any CPU
		{52424A5D-94A5-4F39-A5B9-C2FBBC9343A1}.Debug|x86.ActiveCfg = Debug|Any CPU
		{52424A5D-94A5-4F39-A5B9-C2FBBC9343A1}.Debug|x86.Build.0 = Debug|Any CPU
		{52424A5D-94A5-4F39-A5B9-C2FBBC9343A1}.Release|Any CPU.ActiveCfg = Release|Any CPU
		{52424A5D-94A5-4F39-A5B9-C2FBBC9343A1}.Release|Any CPU.Build.0 = Release|Any CPU
		{52424A5D-94A5-4F39-A5B9-C2FBBC9343A1}.Release|x64.ActiveCfg = Release|Any CPU
		{52424A5D-94A5-4F39-A5B9-C2FBBC9343A1}.Release|x64.Build.0 = Release|Any CPU
		{52424A5D-94A5-4F39-A5B9-C2FBBC9343A1}.Release|x86.ActiveCfg = Release|Any CPU
		{52424A5D-94A5-4F39-A5B9-C2FBBC9343A1}.Release|x86.Build.0 = Release|Any CPU
		{3E1C5BC3-0A4A-47AC-84A5-D79A33A24702}.Debug|Any CPU.ActiveCfg = Debug|Any CPU
		{3E1C5BC3-0A4A-47AC-84A5-D79A33A24702}.Debug|Any CPU.Build.0 = Debug|Any CPU
		{3E1C5BC3-0A4A-47AC-84A5-D79A33A24702}.Debug|x64.ActiveCfg = Debug|Any CPU
		{3E1C5BC3-0A4A-47AC-84A5-D79A33A24702}.Debug|x64.Build.0 = Debug|Any CPU
		{3E1C5BC3-0A4A-47AC-84A5-D79A33A24702}.Debug|x86.ActiveCfg = Debug|Any CPU
		{3E1C5BC3-0A4A-47AC-84A5-D79A33A24702}.Debug|x86.Build.0 = Debug|Any CPU
		{3E1C5BC3-0A4A-47AC-84A5-D79A33A24702}.Release|Any CPU.ActiveCfg = Release|Any CPU
		{3E1C5BC3-0A4A-47AC-84A5-D79A33A24702}.Release|Any CPU.Build.0 = Release|Any CPU
		{3E1C5BC3-0A4A-47AC-84A5-D79A33A24702}.Release|x64.ActiveCfg = Release|Any CPU
		{3E1C5BC3-0A4A-47AC-84A5-D79A33A24702}.Release|x64.Build.0 = Release|Any CPU
		{3E1C5BC3-0A4A-47AC-84A5-D79A33A24702}.Release|x86.ActiveCfg = Release|Any CPU
		{3E1C5BC3-0A4A-47AC-84A5-D79A33A24702}.Release|x86.Build.0 = Release|Any CPU
		{9E110A75-91DC-4981-B142-EC8A90DD5973}.Debug|Any CPU.ActiveCfg = Debug|Any CPU
		{9E110A75-91DC-4981-B142-EC8A90DD5973}.Debug|Any CPU.Build.0 = Debug|Any CPU
		{9E110A75-91DC-4981-B142-EC8A90DD5973}.Debug|x64.ActiveCfg = Debug|Any CPU
		{9E110A75-91DC-4981-B142-EC8A90DD5973}.Debug|x64.Build.0 = Debug|Any CPU
		{9E110A75-91DC-4981-B142-EC8A90DD5973}.Debug|x86.ActiveCfg = Debug|Any CPU
		{9E110A75-91DC-4981-B142-EC8A90DD5973}.Debug|x86.Build.0 = Debug|Any CPU
		{9E110A75-91DC-4981-B142-EC8A90DD5973}.Release|Any CPU.ActiveCfg = Release|Any CPU
		{9E110A75-91DC-4981-B142-EC8A90DD5973}.Release|Any CPU.Build.0 = Release|Any CPU
		{9E110A75-91DC-4981-B142-EC8A90DD5973}.Release|x64.ActiveCfg = Release|Any CPU
		{9E110A75-91DC-4981-B142-EC8A90DD5973}.Release|x64.Build.0 = Release|Any CPU
		{9E110A75-91DC-4981-B142-EC8A90DD5973}.Release|x86.ActiveCfg = Release|Any CPU
		{9E110A75-91DC-4981-B142-EC8A90DD5973}.Release|x86.Build.0 = Release|Any CPU
	EndGlobalSection
	GlobalSection(SolutionProperties) = preSolution
		HideSolutionNode = FALSE
	EndGlobalSection
EndGlobal
