
Microsoft Visual Studio Solution File, Format Version 12.00
# Visual Studio Version 17
VisualStudioVersion = 17.0.31903.59
MinimumVisualStudioVersion = 10.0.40219.1
Project("{FAE04EC0-301F-11D3-BF4B-00C04F79EFBC}") = "ejercicio1", "ejercicio1\ejercicio1.csproj", "{19612BD3-299F-40C3-8A5C-92CDE1317820}"
EndProject
Project("{FAE04EC0-301F-11D3-BF4B-00C04F79EFBC}") = "ejercicio2", "ejercicio2\ejercicio2.csproj", "{811F57E5-9B3E-44D5-B33E-966179E7A93E}"
EndProject
Project("{FAE04EC0-301F-11D3-BF4B-00C04F79EFBC}") = "ejercicio3", "ejercicio3\ejercicio3.csproj", "{F98404F0-E3C6-4514-9204-8D2DCE171C30}"
EndProject
Project("{FAE04EC0-301F-11D3-BF4B-00C04F79EFBC}") = "ejercicio4", "ejercicio4\ejercicio4.csproj", "{3C1B2486-5EF1-46FA-94F7-FFFE0DEBAB39}"
EndProject
Project("{FAE04EC0-301F-11D3-BF4B-00C04F79EFBC}") = "ejercicio5", "ejercicio5\ejercicio5.csproj", "{E2B94A89-DBB2-4A35-A668-A93661FF30EF}"
EndProject
Project("{FAE04EC0-301F-11D3-BF4B-00C04F79EFBC}") = "ejercicio6", "ejercicio6\ejercicio6.csproj", "{52BC3E17-2BDD-4D4C-B2EF-9F962DA016E9}"
EndProject
Project("{FAE04EC0-301F-11D3-BF4B-00C04F79EFBC}") = "ejercicio1.tests", "ejercicio1.tests\ejercicio1.tests.csproj", "{85F25DB5-0052-4A84-98FB-37B1F65D7DBD}"
EndProject
Project("{FAE04EC0-301F-11D3-BF4B-00C04F79EFBC}") = "ejercicio2.tests", "ejercicio2.tests\ejercicio2.tests.csproj", "{5E7F44CF-7F5F-43D0-BFB2-14C58897636A}"
EndProject
Project("{FAE04EC0-301F-11D3-BF4B-00C04F79EFBC}") = "ejercicio3.tests", "ejercicio3.tests\ejercicio3.tests.csproj", "{73B84417-C307-45D3-9F7C-96A923CFBD5C}"
EndProject
Project("{FAE04EC0-301F-11D3-BF4B-00C04F79EFBC}") = "ejercicio4.tests", "ejercicio4.tests\ejercicio4.tests.csproj", "{DAA9552D-43C7-419E-AD52-C2DFF9F285BD}"
EndProject
Project("{FAE04EC0-301F-11D3-BF4B-00C04F79EFBC}") = "ejercicio5.tests", "ejercicio5.tests\ejercicio5.tests.csproj", "{8531B4D9-45F6-41B0-AD13-22A486D9FD2A}"
EndProject
Project("{FAE04EC0-301F-11D3-BF4B-00C04F79EFBC}") = "ejercicio6.tests", "ejercicio6.tests\ejercicio6.tests.csproj", "{29548A73-9ADA-4C60-B7F1-414EEC00DD8D}"
EndProject
Global
	GlobalSection(SolutionConfigurationPlatforms) = preSolution
		Debug|Any CPU = Debug|Any CPU
		Debug|x64 = Debug|x64
		Debug|x86 = Debug|x86
		Release|Any CPU = Release|Any CPU
		Release|x64 = Release|x64
		Release|x86 = Release|x86
	EndGlobalSection
	GlobalSection(ProjectConfigurationPlatforms) = postSolution
		{19612BD3-299F-40C3-8A5C-92CDE1317820}.Debug|Any CPU.ActiveCfg = Debug|Any CPU
		{19612BD3-299F-40C3-8A5C-92CDE1317820}.Debug|Any CPU.Build.0 = Debug|Any CPU
		{19612BD3-299F-40C3-8A5C-92CDE1317820}.Debug|x64.ActiveCfg = Debug|Any CPU
		{19612BD3-299F-40C3-8A5C-92CDE1317820}.Debug|x64.Build.0 = Debug|Any CPU
		{19612BD3-299F-40C3-8A5C-92CDE1317820}.Debug|x86.ActiveCfg = Debug|Any CPU
		{19612BD3-299F-40C3-8A5C-92CDE1317820}.Debug|x86.Build.0 = Debug|Any CPU
		{19612BD3-299F-40C3-8A5C-92CDE1317820}.Release|Any CPU.ActiveCfg = Release|Any CPU
		{19612BD3-299F-40C3-8A5C-92CDE1317820}.Release|Any CPU.Build.0 = Release|Any CPU
		{19612BD3-299F-40C3-8A5C-92CDE1317820}.Release|x64.ActiveCfg = Release|Any CPU
		{19612BD3-299F-40C3-8A5C-92CDE1317820}.Release|x64.Build.0 = Release|Any CPU
		{19612BD3-299F-40C3-8A5C-92CDE1317820}.Release|x86.ActiveCfg = Release|Any CPU
		{19612BD3-299F-40C3-8A5C-92CDE1317820}.Release|x86.Build.0 = Release|Any CPU
		{811F57E5-9B3E-44D5-B33E-966179E7A93E}.Debug|Any CPU.ActiveCfg = Debug|Any CPU
		{811F57E5-9B3E-44D5-B33E-966179E7A93E}.Debug|Any CPU.Build.0 = Debug|Any CPU
		{811F57E5-9B3E-44D5-B33E-966179E7A93E}.Debug|x64.ActiveCfg = Debug|Any CPU
		{811F57E5-9B3E-44D5-B33E-966179E7A93E}.Debug|x64.Build.0 = Debug|Any CPU
		{811F57E5-9B3E-44D5-B33E-966179E7A93E}.Debug|x86.ActiveCfg = Debug|Any CPU
		{811F57E5-9B3E-44D5-B33E-966179E7A93E}.Debug|x86.Build.0 = Debug|Any CPU
		{811F57E5-9B3E-44D5-B33E-966179E7A93E}.Release|Any CPU.ActiveCfg = Release|Any CPU
		{811F57E5-9B3E-44D5-B33E-966179E7A93E}.Release|Any CPU.Build.0 = Release|Any CPU
		{811F57E5-9B3E-44D5-B33E-966179E7A93E}.Release|x64.ActiveCfg = Release|Any CPU
		{811F57E5-9B3E-44D5-B33E-966179E7A93E}.Release|x64.Build.0 = Release|Any CPU
		{811F57E5-9B3E-44D5-B33E-966179E7A93E}.Release|x86.ActiveCfg = Release|Any CPU
		{811F57E5-9B3E-44D5-B33E-966179E7A93E}.Release|x86.Build.0 = Release|Any CPU
		{F98404F0-E3C6-4514-9204-8D2DCE171C30}.Debug|Any CPU.ActiveCfg = Debug|Any CPU
		{F98404F0-E3C6-4514-9204-8D2DCE171C30}.Debug|Any CPU.Build.0 = Debug|Any CPU
		{F98404F0-E3C6-4514-9204-8D2DCE171C30}.Debug|x64.ActiveCfg = Debug|Any CPU
		{F98404F0-E3C6-4514-9204-8D2DCE171C30}.Debug|x64.Build.0 = Debug|Any CPU
		{F98404F0-E3C6-4514-9204-8D2DCE171C30}.Debug|x86.ActiveCfg = Debug|Any CPU
		{F98404F0-E3C6-4514-9204-8D2DCE171C30}.Debug|x86.Build.0 = Debug|Any CPU
		{F98404F0-E3C6-4514-9204-8D2DCE171C30}.Release|Any CPU.ActiveCfg = Release|Any CPU
		{F98404F0-E3C6-4514-9204-8D2DCE171C30}.Release|Any CPU.Build.0 = Release|Any CPU
		{F98404F0-E3C6-4514-9204-8D2DCE171C30}.Release|x64.ActiveCfg = Release|Any CPU
		{F98404F0-E3C6-4514-9204-8D2DCE171C30}.Release|x64.Build.0 = Release|Any CPU
		{F98404F0-E3C6-4514-9204-8D2DCE171C30}.Release|x86.ActiveCfg = Release|Any CPU
		{F98404F0-E3C6-4514-9204-8D2DCE171C30}.Release|x86.Build.0 = Release|Any CPU
		{3C1B2486-5EF1-46FA-94F7-FFFE0DEBAB39}.Debug|Any CPU.ActiveCfg = Debug|Any CPU
		{3C1B2486-5EF1-46FA-94F7-FFFE0DEBAB39}.Debug|Any CPU.Build.0 = Debug|Any CPU
		{3C1B2486-5EF1-46FA-94F7-FFFE0DEBAB39}.Debug|x64.ActiveCfg = Debug|Any CPU
		{3C1B2486-5EF1-46FA-94F7-FFFE0DEBAB39}.Debug|x64.Build.0 = Debug|Any CPU
		{3C1B2486-5EF1-46FA-94F7-FFFE0DEBAB39}.Debug|x86.ActiveCfg = Debug|Any CPU
		{3C1B2486-5EF1-46FA-94F7-FFFE0DEBAB39}.Debug|x86.Build.0 = Debug|Any CPU
		{3C1B2486-5EF1-46FA-94F7-FFFE0DEBAB39}.Release|Any CPU.ActiveCfg = Release|Any CPU
		{3C1B2486-5EF1-46FA-94F7-FFFE0DEBAB39}.Release|Any CPU.Build.0 = Release|Any CPU
		{3C1B2486-5EF1-46FA-94F7-FFFE0DEBAB39}.Release|x64.ActiveCfg = Release|Any CPU
		{3C1B2486-5EF1-46FA-94F7-FFFE0DEBAB39}.Release|x64.Build.0 = Release|Any CPU
		{3C1B2486-5EF1-46FA-94F7-FFFE0DEBAB39}.Release|x86.ActiveCfg = Release|Any CPU
		{3C1B2486-5EF1-46FA-94F7-FFFE0DEBAB39}.Release|x86.Build.0 = Release|Any CPU
		{E2B94A89-DBB2-4A35-A668-A93661FF30EF}.Debug|Any CPU.ActiveCfg = Debug|Any CPU
		{E2B94A89-DBB2-4A35-A668-A93661FF30EF}.Debug|Any CPU.Build.0 = Debug|Any CPU
		{E2B94A89-DBB2-4A35-A668-A93661FF30EF}.Debug|x64.ActiveCfg = Debug|Any CPU
		{E2B94A89-DBB2-4A35-A668-A93661FF30EF}.Debug|x64.Build.0 = Debug|Any CPU
		{E2B94A89-DBB2-4A35-A668-A93661FF30EF}.Debug|x86.ActiveCfg = Debug|Any CPU
		{E2B94A89-DBB2-4A35-A668-A93661FF30EF}.Debug|x86.Build.0 = Debug|Any CPU
		{E2B94A89-DBB2-4A35-A668-A93661FF30EF}.Release|Any CPU.ActiveCfg = Release|Any CPU
		{E2B94A89-DBB2-4A35-A668-A93661FF30EF}.Release|Any CPU.Build.0 = Release|Any CPU
		{E2B94A89-DBB2-4A35-A668-A93661FF30EF}.Release|x64.ActiveCfg = Release|Any CPU
		{E2B94A89-DBB2-4A35-A668-A93661FF30EF}.Release|x64.Build.0 = Release|Any CPU
		{E2B94A89-DBB2-4A35-A668-A93661FF30EF}.Release|x86.ActiveCfg = Release|Any CPU
		{E2B94A89-DBB2-4A35-A668-A93661FF30EF}.Release|x86.Build.0 = Release|Any CPU
		{52BC3E17-2BDD-4D4C-B2EF-9F962DA016E9}.Debug|Any CPU.ActiveCfg = Debug|Any CPU
		{52BC3E17-2BDD-4D4C-B2EF-9F962DA016E9}.Debug|Any CPU.Build.0 = Debug|Any CPU
		{52BC3E17-2BDD-4D4C-B2EF-9F962DA016E9}.Debug|x64.ActiveCfg = Debug|Any CPU
		{52BC3E17-2BDD-4D4C-B2EF-9F962DA016E9}.Debug|x64.Build.0 = Debug|Any CPU
		{52BC3E17-2BDD-4D4C-B2EF-9F962DA016E9}.Debug|x86.ActiveCfg = Debug|Any CPU
		{52BC3E17-2BDD-4D4C-B2EF-9F962DA016E9}.Debug|x86.Build.0 = Debug|Any CPU
		{52BC3E17-2BDD-4D4C-B2EF-9F962DA016E9}.Release|Any CPU.ActiveCfg = Release|Any CPU
		{52BC3E17-2BDD-4D4C-B2EF-9F962DA016E9}.Release|Any CPU.Build.0 = Release|Any CPU
		{52BC3E17-2BDD-4D4C-B2EF-9F962DA016E9}.Release|x64.ActiveCfg = Release|Any CPU
		{52BC3E17-2BDD-4D4C-B2EF-9F962DA016E9}.Release|x64.Build.0 = Release|Any CPU
		{52BC3E17-2BDD-4D4C-B2EF-9F962DA016E9}.Release|x86.ActiveCfg = Release|Any CPU
		{52BC3E17-2BDD-4D4C-B2EF-9F962DA016E9}.Release|x86.Build.0 = Release|Any CPU
		{85F25DB5-0052-4A84-98FB-37B1F65D7DBD}.Debug|Any CPU.ActiveCfg = Debug|Any CPU
		{85F25DB5-0052-4A84-98FB-37B1F65D7DBD}.Debug|Any CPU.Build.0 = Debug|Any CPU
		{85F25DB5-0052-4A84-98FB-37B1F65D7DBD}.Debug|x64.ActiveCfg = Debug|Any CPU
		{85F25DB5-0052-4A84-98FB-37B1F65D7DBD}.Debug|x64.Build.0 = Debug|Any CPU
		{85F25DB5-0052-4A84-98FB-37B1F65D7DBD}.Debug|x86.ActiveCfg = Debug|Any CPU
		{85F25DB5-0052-4A84-98FB-37B1F65D7DBD}.Debug|x86.Build.0 = Debug|Any CPU
		{85F25DB5-0052-4A84-98FB-37B1F65D7DBD}.Release|Any CPU.ActiveCfg = Release|Any CPU
		{85F25DB5-0052-4A84-98FB-37B1F65D7DBD}.Release|Any CPU.Build.0 = Release|Any CPU
		{85F25DB5-0052-4A84-98FB-37B1F65D7DBD}.Release|x64.ActiveCfg = Release|Any CPU
		{85F25DB5-0052-4A84-98FB-37B1F65D7DBD}.Release|x64.Build.0 = Release|Any CPU
		{85F25DB5-0052-4A84-98FB-37B1F65D7DBD}.Release|x86.ActiveCfg = Release|Any CPU
		{85F25DB5-0052-4A84-98FB-37B1F65D7DBD}.Release|x86.Build.0 = Release|Any CPU
		{5E7F44CF-7F5F-43D0-BFB2-14C58897636A}.Debug|Any CPU.ActiveCfg = Debug|Any CPU
		{5E7F44CF-7F5F-43D0-BFB2-14C58897636A}.Debug|Any CPU.Build.0 = Debug|Any CPU
		{5E7F44CF-7F5F-43D0-BFB2-14C58897636A}.Debug|x64.ActiveCfg = Debug|Any CPU
		{5E7F44CF-7F5F-43D0-BFB2-14C58897636A}.Debug|x64.Build.0 = Debug|Any CPU
		{5E7F44CF-7F5F-43D0-BFB2-14C58897636A}.Debug|x86.ActiveCfg = Debug|Any CPU
		{5E7F44CF-7F5F-43D0-BFB2-14C58897636A}.Debug|x86.Build.0 = Debug|Any CPU
		{5E7F44CF-7F5F-43D0-BFB2-14C58897636A}.Release|Any CPU.ActiveCfg = Release|Any CPU
		{5E7F44CF-7F5F-43D0-BFB2-14C58897636A}.Release|Any CPU.Build.0 = Release|Any CPU
		{5E7F44CF-7F5F-43D0-BFB2-14C58897636A}.Release|x64.ActiveCfg = Release|Any CPU
		{5E7F44CF-7F5F-43D0-BFB2-14C58897636A}.Release|x64.Build.0 = Release|Any CPU
		{5E7F44CF-7F5F-43D0-BFB2-14C58897636A}.Release|x86.ActiveCfg = Release|Any CPU
		{5E7F44CF-7F5F-43D0-BFB2-14C58897636A}.Release|x86.Build.0 = Release|Any CPU
		{73B84417-C307-45D3-9F7C-96A923CFBD5C}.Debug|Any CPU.ActiveCfg = Debug|Any CPU
		{73B84417-C307-45D3-9F7C-96A923CFBD5C}.Debug|Any CPU.Build.0 = Debug|Any CPU
		{73B84417-C307-45D3-9F7C-96A923CFBD5C}.Debug|x64.ActiveCfg = Debug|Any CPU
		{73B84417-C307-45D3-9F7C-96A923CFBD5C}.Debug|x64.Build.0 = Debug|Any CPU
		{73B84417-C307-45D3-9F7C-96A923CFBD5C}.Debug|x86.ActiveCfg = Debug|Any CPU
		{73B84417-C307-45D3-9F7C-96A923CFBD5C}.Debug|x86.Build.0 = Debug|Any CPU
		{73B84417-C307-45D3-9F7C-96A923CFBD5C}.Release|Any CPU.ActiveCfg = Release|Any CPU
		{73B84417-C307-45D3-9F7C-96A923CFBD5C}.Release|Any CPU.Build.0 = Release|Any CPU
		{73B84417-C307-45D3-9F7C-96A923CFBD5C}.Release|x64.ActiveCfg = Release|Any CPU
		{73B84417-C307-45D3-9F7C-96A923CFBD5C}.Release|x64.Build.0 = Release|Any CPU
		{73B84417-C307-45D3-9F7C-96A923CFBD5C}.Release|x86.ActiveCfg = Release|Any CPU
		{73B84417-C307-45D3-9F7C-96A923CFBD5C}.Release|x86.Build.0 = Release|Any CPU
		{DAA9552D-43C7-419E-AD52-C2DFF9F285BD}.Debug|Any CPU.ActiveCfg = Debug|Any CPU
		{DAA9552D-43C7-419E-AD52-C2DFF9F285BD}.Debug|Any CPU.Build.0 = Debug|Any CPU
		{DAA9552D-43C7-419E-AD52-C2DFF9F285BD}.Debug|x64.ActiveCfg = Debug|Any CPU
		{DAA9552D-43C7-419E-AD52-C2DFF9F285BD}.Debug|x64.Build.0 = Debug|Any CPU
		{DAA9552D-43C7-419E-AD52-C2DFF9F285BD}.Debug|x86.ActiveCfg = Debug|Any CPU
		{DAA9552D-43C7-419E-AD52-C2DFF9F285BD}.Debug|x86.Build.0 = Debug|Any CPU
		{DAA9552D-43C7-419E-AD52-C2DFF9F285BD}.Release|Any CPU.ActiveCfg = Release|Any CPU
		{DAA9552D-43C7-419E-AD52-C2DFF9F285BD}.Release|Any CPU.Build.0 = Release|Any CPU
		{DAA9552D-43C7-419E-AD52-C2DFF9F285BD}.Release|x64.ActiveCfg = Release|Any CPU
		{DAA9552D-43C7-419E-AD52-C2DFF9F285BD}.Release|x64.Build.0 = Release|Any CPU
		{DAA9552D-43C7-419E-AD52-C2DFF9F285BD}.Release|x86.ActiveCfg = Release|Any CPU
		{DAA9552D-43C7-419E-AD52-C2DFF9F285BD}.Release|x86.Build.0 = Release|Any CPU
		{8531B4D9-45F6-41B0-AD13-22A486D9FD2A}.Debug|Any CPU.ActiveCfg = Debug|Any CPU
		{8531B4D9-45F6-41B0-AD13-22A486D9FD2A}.Debug|Any CPU.Build.0 = Debug|Any CPU
		{8531B4D9-45F6-41B0-AD13-22A486D9FD2A}.Debug|x64.ActiveCfg = Debug|Any CPU
		{8531B4D9-45F6-41B0-AD13-22A486D9FD2A}.Debug|x64.Build.0 = Debug|Any CPU
		{8531B4D9-45F6-41B0-AD13-22A486D9FD2A}.Debug|x86.ActiveCfg = Debug|Any CPU
		{8531B4D9-45F6-41B0-AD13-22A486D9FD2A}.Debug|x86.Build.0 = Debug|Any CPU
		{8531B4D9-45F6-41B0-AD13-22A486D9FD2A}.Release|Any CPU.ActiveCfg = Release|Any CPU
		{8531B4D9-45F6-41B0-AD13-22A486D9FD2A}.Release|Any CPU.Build.0 = Release|Any CPU
		{8531B4D9-45F6-41B0-AD13-22A486D9FD2A}.Release|x64.ActiveCfg = Release|Any CPU
		{8531B4D9-45F6-41B0-AD13-22A486D9FD2A}.Release|x64.Build.0 = Release|Any CPU
		{8531B4D9-45F6-41B0-AD13-22A486D9FD2A}.Release|x86.ActiveCfg = Release|Any CPU
		{8531B4D9-45F6-41B0-AD13-22A486D9FD2A}.Release|x86.Build.0 = Release|Any CPU
		{29548A73-9ADA-4C60-B7F1-414EEC00DD8D}.Debug|Any CPU.ActiveCfg = Debug|Any CPU
		{29548A73-9ADA-4C60-B7F1-414EEC00DD8D}.Debug|Any CPU.Build.0 = Debug|Any CPU
		{29548A73-9ADA-4C60-B7F1-414EEC00DD8D}.Debug|x64.ActiveCfg = Debug|Any CPU
		{29548A73-9ADA-4C60-B7F1-414EEC00DD8D}.Debug|x64.Build.0 = Debug|Any CPU
		{29548A73-9ADA-4C60-B7F1-414EEC00DD8D}.Debug|x86.ActiveCfg = Debug|Any CPU
		{29548A73-9ADA-4C60-B7F1-414EEC00DD8D}.Debug|x86.Build.0 = Debug|Any CPU
		{29548A73-9ADA-4C60-B7F1-414EEC00DD8D}.Release|Any CPU.ActiveCfg = Release|Any CPU
		{29548A73-9ADA-4C60-B7F1-414EEC00DD8D}.Release|Any CPU.Build.0 = Release|Any CPU
		{29548A73-9ADA-4C60-B7F1-414EEC00DD8D}.Release|x64.ActiveCfg = Release|Any CPU
		{29548A73-9ADA-4C60-B7F1-414EEC00DD8D}.Release|x64.Build.0 = Release|Any CPU
		{29548A73-9ADA-4C60-B7F1-414EEC00DD8D}.Release|x86.ActiveCfg = Release|Any CPU
		{29548A73-9ADA-4C60-B7F1-414EEC00DD8D}.Release|x86.Build.0 = Release|Any CPU
	EndGlobalSection
	GlobalSection(SolutionProperties) = preSolution
		HideSolutionNode = FALSE
	EndGlobalSection
EndGlobal
