
Microsoft Visual Studio Solution File, Format Version 12.00
# Visual Studio Version 17
VisualStudioVersion = 17.0.31903.59
MinimumVisualStudioVersion = 10.0.40219.1
Project("{FAE04EC0-301F-11D3-BF4B-00C04F79EFBC}") = "ejercicio1", "ejercicio1\ejercicio1.csproj", "{400AC9E0-ADE0-4341-9F8C-2A5FDFDA124C}"
EndProject
Project("{FAE04EC0-301F-11D3-BF4B-00C04F79EFBC}") = "ejercicio2", "ejercicio2\ejercicio2.csproj", "{DB69EDC1-6B0F-4674-A842-6269583CA478}"
EndProject
Project("{FAE04EC0-301F-11D3-BF4B-00C04F79EFBC}") = "ejercicio3", "ejercicio3\ejercicio3.csproj", "{0C91EA53-5BEB-4642-9241-70536C1F2365}"
EndProject
Project("{FAE04EC0-301F-11D3-BF4B-00C04F79EFBC}") = "ejercicio4", "ejercicio4\ejercicio4.csproj", "{76653921-159A-4E07-924E-BB3C61B5C9EA}"
EndProject
Project("{FAE04EC0-301F-11D3-BF4B-00C04F79EFBC}") = "ejercicio5", "ejercicio5\ejercicio5.csproj", "{0081A997-79A6-4866-A0F4-8DA0E29F9E8F}"
EndProject
Project("{FAE04EC0-301F-11D3-BF4B-00C04F79EFBC}") = "ejercicio1.tests", "ejercicio1.tests\ejercicio1.tests.csproj", "{676E8BDD-B9A1-4DCB-8959-0D1DF744574A}"
EndProject
Project("{FAE04EC0-301F-11D3-BF4B-00C04F79EFBC}") = "ejercicio2.tests", "ejercicio2.tests\ejercicio2.tests.csproj", "{C7D29C69-2FA2-4706-A0E4-7C01727388B1}"
EndProject
Project("{FAE04EC0-301F-11D3-BF4B-00C04F79EFBC}") = "ejercicio3.tests", "ejercicio3.tests\ejercicio3.tests.csproj", "{730C5A93-57CE-4A9A-AC7C-E8C8D68E844F}"
EndProject
Project("{FAE04EC0-301F-11D3-BF4B-00C04F79EFBC}") = "ejercicio4.tests", "ejercicio4.tests\ejercicio4.tests.csproj", "{594E68D7-55E5-4E53-B81A-FA31FAE358AA}"
EndProject
Project("{FAE04EC0-301F-11D3-BF4B-00C04F79EFBC}") = "ejercicio5.tests", "ejercicio5.tests\ejercicio5.tests.csproj", "{D0C495BB-C7CB-4131-A86E-573F2ACF7953}"
EndProject
Project("{FAE04EC0-301F-11D3-BF4B-00C04F79EFBC}") = "ejercicio6", "ejercicio6\ejercicio6.csproj", "{C4B9C055-B7EE-4C13-9751-00D23F520EAB}"
EndProject
Project("{FAE04EC0-301F-11D3-BF4B-00C04F79EFBC}") = "ejercicio6.test", "ejercicio6.test\ejercicio6.test.csproj", "{0912FC85-F1BF-435C-B1E8-358907151942}"
EndProject
Global
	GlobalSection(SolutionConfigurationPlatforms) = preSolution
		Debug|Any CPU = Debug|Any CPU
		Debug|x64 = Debug|x64
		Debug|x86 = Debug|x86
		Release|Any CPU = Release|Any CPU
		Release|x64 = Release|x64
		Release|x86 = Release|x86
	EndGlobalSection
	GlobalSection(ProjectConfigurationPlatforms) = postSolution
		{400AC9E0-ADE0-4341-9F8C-2A5FDFDA124C}.Debug|Any CPU.ActiveCfg = Debug|Any CPU
		{400AC9E0-ADE0-4341-9F8C-2A5FDFDA124C}.Debug|Any CPU.Build.0 = Debug|Any CPU
		{400AC9E0-ADE0-4341-9F8C-2A5FDFDA124C}.Debug|x64.ActiveCfg = Debug|Any CPU
		{400AC9E0-ADE0-4341-9F8C-2A5FDFDA124C}.Debug|x64.Build.0 = Debug|Any CPU
		{400AC9E0-ADE0-4341-9F8C-2A5FDFDA124C}.Debug|x86.ActiveCfg = Debug|Any CPU
		{400AC9E0-ADE0-4341-9F8C-2A5FDFDA124C}.Debug|x86.Build.0 = Debug|Any CPU
		{400AC9E0-ADE0-4341-9F8C-2A5FDFDA124C}.Release|Any CPU.ActiveCfg = Release|Any CPU
		{400AC9E0-ADE0-4341-9F8C-2A5FDFDA124C}.Release|Any CPU.Build.0 = Release|Any CPU
		{400AC9E0-ADE0-4341-9F8C-2A5FDFDA124C}.Release|x64.ActiveCfg = Release|Any CPU
		{400AC9E0-ADE0-4341-9F8C-2A5FDFDA124C}.Release|x64.Build.0 = Release|Any CPU
		{400AC9E0-ADE0-4341-9F8C-2A5FDFDA124C}.Release|x86.ActiveCfg = Release|Any CPU
		{400AC9E0-ADE0-4341-9F8C-2A5FDFDA124C}.Release|x86.Build.0 = Release|Any CPU
		{DB69EDC1-6B0F-4674-A842-6269583CA478}.Debug|Any CPU.ActiveCfg = Debug|Any CPU
		{DB69EDC1-6B0F-4674-A842-6269583CA478}.Debug|Any CPU.Build.0 = Debug|Any CPU
		{DB69EDC1-6B0F-4674-A842-6269583CA478}.Debug|x64.ActiveCfg = Debug|Any CPU
		{DB69EDC1-6B0F-4674-A842-6269583CA478}.Debug|x64.Build.0 = Debug|Any CPU
		{DB69EDC1-6B0F-4674-A842-6269583CA478}.Debug|x86.ActiveCfg = Debug|Any CPU
		{DB69EDC1-6B0F-4674-A842-6269583CA478}.Debug|x86.Build.0 = Debug|Any CPU
		{DB69EDC1-6B0F-4674-A842-6269583CA478}.Release|Any CPU.ActiveCfg = Release|Any CPU
		{DB69EDC1-6B0F-4674-A842-6269583CA478}.Release|Any CPU.Build.0 = Release|Any CPU
		{DB69EDC1-6B0F-4674-A842-6269583CA478}.Release|x64.ActiveCfg = Release|Any CPU
		{DB69EDC1-6B0F-4674-A842-6269583CA478}.Release|x64.Build.0 = Release|Any CPU
		{DB69EDC1-6B0F-4674-A842-6269583CA478}.Release|x86.ActiveCfg = Release|Any CPU
		{DB69EDC1-6B0F-4674-A842-6269583CA478}.Release|x86.Build.0 = Release|Any CPU
		{0C91EA53-5BEB-4642-9241-70536C1F2365}.Debug|Any CPU.ActiveCfg = Debug|Any CPU
		{0C91EA53-5BEB-4642-9241-70536C1F2365}.Debug|Any CPU.Build.0 = Debug|Any CPU
		{0C91EA53-5BEB-4642-9241-70536C1F2365}.Debug|x64.ActiveCfg = Debug|Any CPU
		{0C91EA53-5BEB-4642-9241-70536C1F2365}.Debug|x64.Build.0 = Debug|Any CPU
		{0C91EA53-5BEB-4642-9241-70536C1F2365}.Debug|x86.ActiveCfg = Debug|Any CPU
		{0C91EA53-5BEB-4642-9241-70536C1F2365}.Debug|x86.Build.0 = Debug|Any CPU
		{0C91EA53-5BEB-4642-9241-70536C1F2365}.Release|Any CPU.ActiveCfg = Release|Any CPU
		{0C91EA53-5BEB-4642-9241-70536C1F2365}.Release|Any CPU.Build.0 = Release|Any CPU
		{0C91EA53-5BEB-4642-9241-70536C1F2365}.Release|x64.ActiveCfg = Release|Any CPU
		{0C91EA53-5BEB-4642-9241-70536C1F2365}.Release|x64.Build.0 = Release|Any CPU
		{0C91EA53-5BEB-4642-9241-70536C1F2365}.Release|x86.ActiveCfg = Release|Any CPU
		{0C91EA53-5BEB-4642-9241-70536C1F2365}.Release|x86.Build.0 = Release|Any CPU
		{76653921-159A-4E07-924E-BB3C61B5C9EA}.Debug|Any CPU.ActiveCfg = Debug|Any CPU
		{76653921-159A-4E07-924E-BB3C61B5C9EA}.Debug|Any CPU.Build.0 = Debug|Any CPU
		{76653921-159A-4E07-924E-BB3C61B5C9EA}.Debug|x64.ActiveCfg = Debug|Any CPU
		{76653921-159A-4E07-924E-BB3C61B5C9EA}.Debug|x64.Build.0 = Debug|Any CPU
		{76653921-159A-4E07-924E-BB3C61B5C9EA}.Debug|x86.ActiveCfg = Debug|Any CPU
		{76653921-159A-4E07-924E-BB3C61B5C9EA}.Debug|x86.Build.0 = Debug|Any CPU
		{76653921-159A-4E07-924E-BB3C61B5C9EA}.Release|Any CPU.ActiveCfg = Release|Any CPU
		{76653921-159A-4E07-924E-BB3C61B5C9EA}.Release|Any CPU.Build.0 = Release|Any CPU
		{76653921-159A-4E07-924E-BB3C61B5C9EA}.Release|x64.ActiveCfg = Release|Any CPU
		{76653921-159A-4E07-924E-BB3C61B5C9EA}.Release|x64.Build.0 = Release|Any CPU
		{76653921-159A-4E07-924E-BB3C61B5C9EA}.Release|x86.ActiveCfg = Release|Any CPU
		{76653921-159A-4E07-924E-BB3C61B5C9EA}.Release|x86.Build.0 = Release|Any CPU
		{0081A997-79A6-4866-A0F4-8DA0E29F9E8F}.Debug|Any CPU.ActiveCfg = Debug|Any CPU
		{0081A997-79A6-4866-A0F4-8DA0E29F9E8F}.Debug|Any CPU.Build.0 = Debug|Any CPU
		{0081A997-79A6-4866-A0F4-8DA0E29F9E8F}.Debug|x64.ActiveCfg = Debug|Any CPU
		{0081A997-79A6-4866-A0F4-8DA0E29F9E8F}.Debug|x64.Build.0 = Debug|Any CPU
		{0081A997-79A6-4866-A0F4-8DA0E29F9E8F}.Debug|x86.ActiveCfg = Debug|Any CPU
		{0081A997-79A6-4866-A0F4-8DA0E29F9E8F}.Debug|x86.Build.0 = Debug|Any CPU
		{0081A997-79A6-4866-A0F4-8DA0E29F9E8F}.Release|Any CPU.ActiveCfg = Release|Any CPU
		{0081A997-79A6-4866-A0F4-8DA0E29F9E8F}.Release|Any CPU.Build.0 = Release|Any CPU
		{0081A997-79A6-4866-A0F4-8DA0E29F9E8F}.Release|x64.ActiveCfg = Release|Any CPU
		{0081A997-79A6-4866-A0F4-8DA0E29F9E8F}.Release|x64.Build.0 = Release|Any CPU
		{0081A997-79A6-4866-A0F4-8DA0E29F9E8F}.Release|x86.ActiveCfg = Release|Any CPU
		{0081A997-79A6-4866-A0F4-8DA0E29F9E8F}.Release|x86.Build.0 = Release|Any CPU
		{676E8BDD-B9A1-4DCB-8959-0D1DF744574A}.Debug|Any CPU.ActiveCfg = Debug|Any CPU
		{676E8BDD-B9A1-4DCB-8959-0D1DF744574A}.Debug|Any CPU.Build.0 = Debug|Any CPU
		{676E8BDD-B9A1-4DCB-8959-0D1DF744574A}.Debug|x64.ActiveCfg = Debug|Any CPU
		{676E8BDD-B9A1-4DCB-8959-0D1DF744574A}.Debug|x64.Build.0 = Debug|Any CPU
		{676E8BDD-B9A1-4DCB-8959-0D1DF744574A}.Debug|x86.ActiveCfg = Debug|Any CPU
		{676E8BDD-B9A1-4DCB-8959-0D1DF744574A}.Debug|x86.Build.0 = Debug|Any CPU
		{676E8BDD-B9A1-4DCB-8959-0D1DF744574A}.Release|Any CPU.ActiveCfg = Release|Any CPU
		{676E8BDD-B9A1-4DCB-8959-0D1DF744574A}.Release|Any CPU.Build.0 = Release|Any CPU
		{676E8BDD-B9A1-4DCB-8959-0D1DF744574A}.Release|x64.ActiveCfg = Release|Any CPU
		{676E8BDD-B9A1-4DCB-8959-0D1DF744574A}.Release|x64.Build.0 = Release|Any CPU
		{676E8BDD-B9A1-4DCB-8959-0D1DF744574A}.Release|x86.ActiveCfg = Release|Any CPU
		{676E8BDD-B9A1-4DCB-8959-0D1DF744574A}.Release|x86.Build.0 = Release|Any CPU
		{C7D29C69-2FA2-4706-A0E4-7C01727388B1}.Debug|Any CPU.ActiveCfg = Debug|Any CPU
		{C7D29C69-2FA2-4706-A0E4-7C01727388B1}.Debug|Any CPU.Build.0 = Debug|Any CPU
		{C7D29C69-2FA2-4706-A0E4-7C01727388B1}.Debug|x64.ActiveCfg = Debug|Any CPU
		{C7D29C69-2FA2-4706-A0E4-7C01727388B1}.Debug|x64.Build.0 = Debug|Any CPU
		{C7D29C69-2FA2-4706-A0E4-7C01727388B1}.Debug|x86.ActiveCfg = Debug|Any CPU
		{C7D29C69-2FA2-4706-A0E4-7C01727388B1}.Debug|x86.Build.0 = Debug|Any CPU
		{C7D29C69-2FA2-4706-A0E4-7C01727388B1}.Release|Any CPU.ActiveCfg = Release|Any CPU
		{C7D29C69-2FA2-4706-A0E4-7C01727388B1}.Release|Any CPU.Build.0 = Release|Any CPU
		{C7D29C69-2FA2-4706-A0E4-7C01727388B1}.Release|x64.ActiveCfg = Release|Any CPU
		{C7D29C69-2FA2-4706-A0E4-7C01727388B1}.Release|x64.Build.0 = Release|Any CPU
		{C7D29C69-2FA2-4706-A0E4-7C01727388B1}.Release|x86.ActiveCfg = Release|Any CPU
		{C7D29C69-2FA2-4706-A0E4-7C01727388B1}.Release|x86.Build.0 = Release|Any CPU
		{730C5A93-57CE-4A9A-AC7C-E8C8D68E844F}.Debug|Any CPU.ActiveCfg = Debug|Any CPU
		{730C5A93-57CE-4A9A-AC7C-E8C8D68E844F}.Debug|Any CPU.Build.0 = Debug|Any CPU
		{730C5A93-57CE-4A9A-AC7C-E8C8D68E844F}.Debug|x64.ActiveCfg = Debug|Any CPU
		{730C5A93-57CE-4A9A-AC7C-E8C8D68E844F}.Debug|x64.Build.0 = Debug|Any CPU
		{730C5A93-57CE-4A9A-AC7C-E8C8D68E844F}.Debug|x86.ActiveCfg = Debug|Any CPU
		{730C5A93-57CE-4A9A-AC7C-E8C8D68E844F}.Debug|x86.Build.0 = Debug|Any CPU
		{730C5A93-57CE-4A9A-AC7C-E8C8D68E844F}.Release|Any CPU.ActiveCfg = Release|Any CPU
		{730C5A93-57CE-4A9A-AC7C-E8C8D68E844F}.Release|Any CPU.Build.0 = Release|Any CPU
		{730C5A93-57CE-4A9A-AC7C-E8C8D68E844F}.Release|x64.ActiveCfg = Release|Any CPU
		{730C5A93-57CE-4A9A-AC7C-E8C8D68E844F}.Release|x64.Build.0 = Release|Any CPU
		{730C5A93-57CE-4A9A-AC7C-E8C8D68E844F}.Release|x86.ActiveCfg = Release|Any CPU
		{730C5A93-57CE-4A9A-AC7C-E8C8D68E844F}.Release|x86.Build.0 = Release|Any CPU
		{594E68D7-55E5-4E53-B81A-FA31FAE358AA}.Debug|Any CPU.ActiveCfg = Debug|Any CPU
		{594E68D7-55E5-4E53-B81A-FA31FAE358AA}.Debug|Any CPU.Build.0 = Debug|Any CPU
		{594E68D7-55E5-4E53-B81A-FA31FAE358AA}.Debug|x64.ActiveCfg = Debug|Any CPU
		{594E68D7-55E5-4E53-B81A-FA31FAE358AA}.Debug|x64.Build.0 = Debug|Any CPU
		{594E68D7-55E5-4E53-B81A-FA31FAE358AA}.Debug|x86.ActiveCfg = Debug|Any CPU
		{594E68D7-55E5-4E53-B81A-FA31FAE358AA}.Debug|x86.Build.0 = Debug|Any CPU
		{594E68D7-55E5-4E53-B81A-FA31FAE358AA}.Release|Any CPU.ActiveCfg = Release|Any CPU
		{594E68D7-55E5-4E53-B81A-FA31FAE358AA}.Release|Any CPU.Build.0 = Release|Any CPU
		{594E68D7-55E5-4E53-B81A-FA31FAE358AA}.Release|x64.ActiveCfg = Release|Any CPU
		{594E68D7-55E5-4E53-B81A-FA31FAE358AA}.Release|x64.Build.0 = Release|Any CPU
		{594E68D7-55E5-4E53-B81A-FA31FAE358AA}.Release|x86.ActiveCfg = Release|Any CPU
		{594E68D7-55E5-4E53-B81A-FA31FAE358AA}.Release|x86.Build.0 = Release|Any CPU
		{D0C495BB-C7CB-4131-A86E-573F2ACF7953}.Debug|Any CPU.ActiveCfg = Debug|Any CPU
		{D0C495BB-C7CB-4131-A86E-573F2ACF7953}.Debug|Any CPU.Build.0 = Debug|Any CPU
		{D0C495BB-C7CB-4131-A86E-573F2ACF7953}.Debug|x64.ActiveCfg = Debug|Any CPU
		{D0C495BB-C7CB-4131-A86E-573F2ACF7953}.Debug|x64.Build.0 = Debug|Any CPU
		{D0C495BB-C7CB-4131-A86E-573F2ACF7953}.Debug|x86.ActiveCfg = Debug|Any CPU
		{D0C495BB-C7CB-4131-A86E-573F2ACF7953}.Debug|x86.Build.0 = Debug|Any CPU
		{D0C495BB-C7CB-4131-A86E-573F2ACF7953}.Release|Any CPU.ActiveCfg = Release|Any CPU
		{D0C495BB-C7CB-4131-A86E-573F2ACF7953}.Release|Any CPU.Build.0 = Release|Any CPU
		{D0C495BB-C7CB-4131-A86E-573F2ACF7953}.Release|x64.ActiveCfg = Release|Any CPU
		{D0C495BB-C7CB-4131-A86E-573F2ACF7953}.Release|x64.Build.0 = Release|Any CPU
		{D0C495BB-C7CB-4131-A86E-573F2ACF7953}.Release|x86.ActiveCfg = Release|Any CPU
		{D0C495BB-C7CB-4131-A86E-573F2ACF7953}.Release|x86.Build.0 = Release|Any CPU
		{C4B9C055-B7EE-4C13-9751-00D23F520EAB}.Debug|Any CPU.ActiveCfg = Debug|Any CPU
		{C4B9C055-B7EE-4C13-9751-00D23F520EAB}.Debug|Any CPU.Build.0 = Debug|Any CPU
		{C4B9C055-B7EE-4C13-9751-00D23F520EAB}.Debug|x64.ActiveCfg = Debug|Any CPU
		{C4B9C055-B7EE-4C13-9751-00D23F520EAB}.Debug|x64.Build.0 = Debug|Any CPU
		{C4B9C055-B7EE-4C13-9751-00D23F520EAB}.Debug|x86.ActiveCfg = Debug|Any CPU
		{C4B9C055-B7EE-4C13-9751-00D23F520EAB}.Debug|x86.Build.0 = Debug|Any CPU
		{C4B9C055-B7EE-4C13-9751-00D23F520EAB}.Release|Any CPU.ActiveCfg = Release|Any CPU
		{C4B9C055-B7EE-4C13-9751-00D23F520EAB}.Release|Any CPU.Build.0 = Release|Any CPU
		{C4B9C055-B7EE-4C13-9751-00D23F520EAB}.Release|x64.ActiveCfg = Release|Any CPU
		{C4B9C055-B7EE-4C13-9751-00D23F520EAB}.Release|x64.Build.0 = Release|Any CPU
		{C4B9C055-B7EE-4C13-9751-00D23F520EAB}.Release|x86.ActiveCfg = Release|Any CPU
		{C4B9C055-B7EE-4C13-9751-00D23F520EAB}.Release|x86.Build.0 = Release|Any CPU
		{0912FC85-F1BF-435C-B1E8-358907151942}.Debug|Any CPU.ActiveCfg = Debug|Any CPU
		{0912FC85-F1BF-435C-B1E8-358907151942}.Debug|Any CPU.Build.0 = Debug|Any CPU
		{0912FC85-F1BF-435C-B1E8-358907151942}.Debug|x64.ActiveCfg = Debug|Any CPU
		{0912FC85-F1BF-435C-B1E8-358907151942}.Debug|x64.Build.0 = Debug|Any CPU
		{0912FC85-F1BF-435C-B1E8-358907151942}.Debug|x86.ActiveCfg = Debug|Any CPU
		{0912FC85-F1BF-435C-B1E8-358907151942}.Debug|x86.Build.0 = Debug|Any CPU
		{0912FC85-F1BF-435C-B1E8-358907151942}.Release|Any CPU.ActiveCfg = Release|Any CPU
		{0912FC85-F1BF-435C-B1E8-358907151942}.Release|Any CPU.Build.0 = Release|Any CPU
		{0912FC85-F1BF-435C-B1E8-358907151942}.Release|x64.ActiveCfg = Release|Any CPU
		{0912FC85-F1BF-435C-B1E8-358907151942}.Release|x64.Build.0 = Release|Any CPU
		{0912FC85-F1BF-435C-B1E8-358907151942}.Release|x86.ActiveCfg = Release|Any CPU
		{0912FC85-F1BF-435C-B1E8-358907151942}.Release|x86.Build.0 = Release|Any CPU
	EndGlobalSection
	GlobalSection(SolutionProperties) = preSolution
		HideSolutionNode = FALSE
	EndGlobalSection
EndGlobal
