
Microsoft Visual Studio Solution File, Format Version 12.00
# Visual Studio Version 17
VisualStudioVersion = 17.0.31903.59
MinimumVisualStudioVersion = 10.0.40219.1
Project("{FAE04EC0-301F-11D3-BF4B-00C04F79EFBC}") = "ejercicio1", "ejercicio1\ejercicio1.csproj", "{0A9EA98C-69F3-447F-9558-ED7B3A696D78}"
EndProject
Project("{FAE04EC0-301F-11D3-BF4B-00C04F79EFBC}") = "ejercicio2", "ejercicio2\ejercicio2.csproj", "{9AD8EFFD-95A6-489C-9BD2-189D63C2BF85}"
EndProject
Project("{FAE04EC0-301F-11D3-BF4B-00C04F79EFBC}") = "ejercicio3", "ejercicio3\ejercicio3.csproj", "{E3D64CF7-CA58-4C19-8F37-C9A0712597A9}"
EndProject
Project("{FAE04EC0-301F-11D3-BF4B-00C04F79EFBC}") = "ejercicio4", "ejercicio4\ejercicio4.csproj", "{439558F8-4996-48E8-8A84-0B295CBDD82E}"
EndProject
Project("{FAE04EC0-301F-11D3-BF4B-00C04F79EFBC}") = "ejercicio5", "ejercicio5\ejercicio5.csproj", "{AFE254B7-83A6-414A-B1F6-99A8BA862886}"
EndProject
Project("{FAE04EC0-301F-11D3-BF4B-00C04F79EFBC}") = "ejercicio1.test", "ejercicio1.test\ejercicio1.test.csproj", "{5924A71A-BC2E-4863-B2A0-3E0A6E1850AC}"
EndProject
Project("{FAE04EC0-301F-11D3-BF4B-00C04F79EFBC}") = "ejercicio2.test", "ejercicio2.test\ejercicio2.test.csproj", "{BC67D7FA-FE82-493F-82F0-2F5BBD55FB2D}"
EndProject
Project("{FAE04EC0-301F-11D3-BF4B-00C04F79EFBC}") = "ejercicio3.test", "ejercicio3.test\ejercicio3.test.csproj", "{83F46BA4-9B47-408B-877F-57F38D14C65E}"
EndProject
Project("{FAE04EC0-301F-11D3-BF4B-00C04F79EFBC}") = "ejercicio4.test", "ejercicio4.test\ejercicio4.test.csproj", "{E9D8F06C-4644-48E8-97AA-4892A5D0491B}"
EndProject
Project("{FAE04EC0-301F-11D3-BF4B-00C04F79EFBC}") = "ejercicio5.test", "ejercicio5.test\ejercicio5.test.csproj", "{C9824DA7-87C8-4527-914A-DD78FCB3B79E}"
EndProject
Global
	GlobalSection(SolutionConfigurationPlatforms) = preSolution
		Debug|Any CPU = Debug|Any CPU
		Debug|x64 = Debug|x64
		Debug|x86 = Debug|x86
		Release|Any CPU = Release|Any CPU
		Release|x64 = Release|x64
		Release|x86 = Release|x86
	EndGlobalSection
	GlobalSection(ProjectConfigurationPlatforms) = postSolution
		{0A9EA98C-69F3-447F-9558-ED7B3A696D78}.Debug|Any CPU.ActiveCfg = Debug|Any CPU
		{0A9EA98C-69F3-447F-9558-ED7B3A696D78}.Debug|Any CPU.Build.0 = Debug|Any CPU
		{0A9EA98C-69F3-447F-9558-ED7B3A696D78}.Debug|x64.ActiveCfg = Debug|Any CPU
		{0A9EA98C-69F3-447F-9558-ED7B3A696D78}.Debug|x64.Build.0 = Debug|Any CPU
		{0A9EA98C-69F3-447F-9558-ED7B3A696D78}.Debug|x86.ActiveCfg = Debug|Any CPU
		{0A9EA98C-69F3-447F-9558-ED7B3A696D78}.Debug|x86.Build.0 = Debug|Any CPU
		{0A9EA98C-69F3-447F-9558-ED7B3A696D78}.Release|Any CPU.ActiveCfg = Release|Any CPU
		{0A9EA98C-69F3-447F-9558-ED7B3A696D78}.Release|Any CPU.Build.0 = Release|Any CPU
		{0A9EA98C-69F3-447F-9558-ED7B3A696D78}.Release|x64.ActiveCfg = Release|Any CPU
		{0A9EA98C-69F3-447F-9558-ED7B3A696D78}.Release|x64.Build.0 = Release|Any CPU
		{0A9EA98C-69F3-447F-9558-ED7B3A696D78}.Release|x86.ActiveCfg = Release|Any CPU
		{0A9EA98C-69F3-447F-9558-ED7B3A696D78}.Release|x86.Build.0 = Release|Any CPU
		{9AD8EFFD-95A6-489C-9BD2-189D63C2BF85}.Debug|Any CPU.ActiveCfg = Debug|Any CPU
		{9AD8EFFD-95A6-489C-9BD2-189D63C2BF85}.Debug|Any CPU.Build.0 = Debug|Any CPU
		{9AD8EFFD-95A6-489C-9BD2-189D63C2BF85}.Debug|x64.ActiveCfg = Debug|Any CPU
		{9AD8EFFD-95A6-489C-9BD2-189D63C2BF85}.Debug|x64.Build.0 = Debug|Any CPU
		{9AD8EFFD-95A6-489C-9BD2-189D63C2BF85}.Debug|x86.ActiveCfg = Debug|Any CPU
		{9AD8EFFD-95A6-489C-9BD2-189D63C2BF85}.Debug|x86.Build.0 = Debug|Any CPU
		{9AD8EFFD-95A6-489C-9BD2-189D63C2BF85}.Release|Any CPU.ActiveCfg = Release|Any CPU
		{9AD8EFFD-95A6-489C-9BD2-189D63C2BF85}.Release|Any CPU.Build.0 = Release|Any CPU
		{9AD8EFFD-95A6-489C-9BD2-189D63C2BF85}.Release|x64.ActiveCfg = Release|Any CPU
		{9AD8EFFD-95A6-489C-9BD2-189D63C2BF85}.Release|x64.Build.0 = Release|Any CPU
		{9AD8EFFD-95A6-489C-9BD2-189D63C2BF85}.Release|x86.ActiveCfg = Release|Any CPU
		{9AD8EFFD-95A6-489C-9BD2-189D63C2BF85}.Release|x86.Build.0 = Release|Any CPU
		{E3D64CF7-CA58-4C19-8F37-C9A0712597A9}.Debug|Any CPU.ActiveCfg = Debug|Any CPU
		{E3D64CF7-CA58-4C19-8F37-C9A0712597A9}.Debug|Any CPU.Build.0 = Debug|Any CPU
		{E3D64CF7-CA58-4C19-8F37-C9A0712597A9}.Debug|x64.ActiveCfg = Debug|Any CPU
		{E3D64CF7-CA58-4C19-8F37-C9A0712597A9}.Debug|x64.Build.0 = Debug|Any CPU
		{E3D64CF7-CA58-4C19-8F37-C9A0712597A9}.Debug|x86.ActiveCfg = Debug|Any CPU
		{E3D64CF7-CA58-4C19-8F37-C9A0712597A9}.Debug|x86.Build.0 = Debug|Any CPU
		{E3D64CF7-CA58-4C19-8F37-C9A0712597A9}.Release|Any CPU.ActiveCfg = Release|Any CPU
		{E3D64CF7-CA58-4C19-8F37-C9A0712597A9}.Release|Any CPU.Build.0 = Release|Any CPU
		{E3D64CF7-CA58-4C19-8F37-C9A0712597A9}.Release|x64.ActiveCfg = Release|Any CPU
		{E3D64CF7-CA58-4C19-8F37-C9A0712597A9}.Release|x64.Build.0 = Release|Any CPU
		{E3D64CF7-CA58-4C19-8F37-C9A0712597A9}.Release|x86.ActiveCfg = Release|Any CPU
		{E3D64CF7-CA58-4C19-8F37-C9A0712597A9}.Release|x86.Build.0 = Release|Any CPU
		{439558F8-4996-48E8-8A84-0B295CBDD82E}.Debug|Any CPU.ActiveCfg = Debug|Any CPU
		{439558F8-4996-48E8-8A84-0B295CBDD82E}.Debug|Any CPU.Build.0 = Debug|Any CPU
		{439558F8-4996-48E8-8A84-0B295CBDD82E}.Debug|x64.ActiveCfg = Debug|Any CPU
		{439558F8-4996-48E8-8A84-0B295CBDD82E}.Debug|x64.Build.0 = Debug|Any CPU
		{439558F8-4996-48E8-8A84-0B295CBDD82E}.Debug|x86.ActiveCfg = Debug|Any CPU
		{439558F8-4996-48E8-8A84-0B295CBDD82E}.Debug|x86.Build.0 = Debug|Any CPU
		{439558F8-4996-48E8-8A84-0B295CBDD82E}.Release|Any CPU.ActiveCfg = Release|Any CPU
		{439558F8-4996-48E8-8A84-0B295CBDD82E}.Release|Any CPU.Build.0 = Release|Any CPU
		{439558F8-4996-48E8-8A84-0B295CBDD82E}.Release|x64.ActiveCfg = Release|Any CPU
		{439558F8-4996-48E8-8A84-0B295CBDD82E}.Release|x64.Build.0 = Release|Any CPU
		{439558F8-4996-48E8-8A84-0B295CBDD82E}.Release|x86.ActiveCfg = Release|Any CPU
		{439558F8-4996-48E8-8A84-0B295CBDD82E}.Release|x86.Build.0 = Release|Any CPU
		{AFE254B7-83A6-414A-B1F6-99A8BA862886}.Debug|Any CPU.ActiveCfg = Debug|Any CPU
		{AFE254B7-83A6-414A-B1F6-99A8BA862886}.Debug|Any CPU.Build.0 = Debug|Any CPU
		{AFE254B7-83A6-414A-B1F6-99A8BA862886}.Debug|x64.ActiveCfg = Debug|Any CPU
		{AFE254B7-83A6-414A-B1F6-99A8BA862886}.Debug|x64.Build.0 = Debug|Any CPU
		{AFE254B7-83A6-414A-B1F6-99A8BA862886}.Debug|x86.ActiveCfg = Debug|Any CPU
		{AFE254B7-83A6-414A-B1F6-99A8BA862886}.Debug|x86.Build.0 = Debug|Any CPU
		{AFE254B7-83A6-414A-B1F6-99A8BA862886}.Release|Any CPU.ActiveCfg = Release|Any CPU
		{AFE254B7-83A6-414A-B1F6-99A8BA862886}.Release|Any CPU.Build.0 = Release|Any CPU
		{AFE254B7-83A6-414A-B1F6-99A8BA862886}.Release|x64.ActiveCfg = Release|Any CPU
		{AFE254B7-83A6-414A-B1F6-99A8BA862886}.Release|x64.Build.0 = Release|Any CPU
		{AFE254B7-83A6-414A-B1F6-99A8BA862886}.Release|x86.ActiveCfg = Release|Any CPU
		{AFE254B7-83A6-414A-B1F6-99A8BA862886}.Release|x86.Build.0 = Release|Any CPU
		{5924A71A-BC2E-4863-B2A0-3E0A6E1850AC}.Debug|Any CPU.ActiveCfg = Debug|Any CPU
		{5924A71A-BC2E-4863-B2A0-3E0A6E1850AC}.Debug|Any CPU.Build.0 = Debug|Any CPU
		{5924A71A-BC2E-4863-B2A0-3E0A6E1850AC}.Debug|x64.ActiveCfg = Debug|Any CPU
		{5924A71A-BC2E-4863-B2A0-3E0A6E1850AC}.Debug|x64.Build.0 = Debug|Any CPU
		{5924A71A-BC2E-4863-B2A0-3E0A6E1850AC}.Debug|x86.ActiveCfg = Debug|Any CPU
		{5924A71A-BC2E-4863-B2A0-3E0A6E1850AC}.Debug|x86.Build.0 = Debug|Any CPU
		{5924A71A-BC2E-4863-B2A0-3E0A6E1850AC}.Release|Any CPU.ActiveCfg = Release|Any CPU
		{5924A71A-BC2E-4863-B2A0-3E0A6E1850AC}.Release|Any CPU.Build.0 = Release|Any CPU
		{5924A71A-BC2E-4863-B2A0-3E0A6E1850AC}.Release|x64.ActiveCfg = Release|Any CPU
		{5924A71A-BC2E-4863-B2A0-3E0A6E1850AC}.Release|x64.Build.0 = Release|Any CPU
		{5924A71A-BC2E-4863-B2A0-3E0A6E1850AC}.Release|x86.ActiveCfg = Release|Any CPU
		{5924A71A-BC2E-4863-B2A0-3E0A6E1850AC}.Release|x86.Build.0 = Release|Any CPU
		{BC67D7FA-FE82-493F-82F0-2F5BBD55FB2D}.Debug|Any CPU.ActiveCfg = Debug|Any CPU
		{BC67D7FA-FE82-493F-82F0-2F5BBD55FB2D}.Debug|Any CPU.Build.0 = Debug|Any CPU
		{BC67D7FA-FE82-493F-82F0-2F5BBD55FB2D}.Debug|x64.ActiveCfg = Debug|Any CPU
		{BC67D7FA-FE82-493F-82F0-2F5BBD55FB2D}.Debug|x64.Build.0 = Debug|Any CPU
		{BC67D7FA-FE82-493F-82F0-2F5BBD55FB2D}.Debug|x86.ActiveCfg = Debug|Any CPU
		{BC67D7FA-FE82-493F-82F0-2F5BBD55FB2D}.Debug|x86.Build.0 = Debug|Any CPU
		{BC67D7FA-FE82-493F-82F0-2F5BBD55FB2D}.Release|Any CPU.ActiveCfg = Release|Any CPU
		{BC67D7FA-FE82-493F-82F0-2F5BBD55FB2D}.Release|Any CPU.Build.0 = Release|Any CPU
		{BC67D7FA-FE82-493F-82F0-2F5BBD55FB2D}.Release|x64.ActiveCfg = Release|Any CPU
		{BC67D7FA-FE82-493F-82F0-2F5BBD55FB2D}.Release|x64.Build.0 = Release|Any CPU
		{BC67D7FA-FE82-493F-82F0-2F5BBD55FB2D}.Release|x86.ActiveCfg = Release|Any CPU
		{BC67D7FA-FE82-493F-82F0-2F5BBD55FB2D}.Release|x86.Build.0 = Release|Any CPU
		{83F46BA4-9B47-408B-877F-57F38D14C65E}.Debug|Any CPU.ActiveCfg = Debug|Any CPU
		{83F46BA4-9B47-408B-877F-57F38D14C65E}.Debug|Any CPU.Build.0 = Debug|Any CPU
		{83F46BA4-9B47-408B-877F-57F38D14C65E}.Debug|x64.ActiveCfg = Debug|Any CPU
		{83F46BA4-9B47-408B-877F-57F38D14C65E}.Debug|x64.Build.0 = Debug|Any CPU
		{83F46BA4-9B47-408B-877F-57F38D14C65E}.Debug|x86.ActiveCfg = Debug|Any CPU
		{83F46BA4-9B47-408B-877F-57F38D14C65E}.Debug|x86.Build.0 = Debug|Any CPU
		{83F46BA4-9B47-408B-877F-57F38D14C65E}.Release|Any CPU.ActiveCfg = Release|Any CPU
		{83F46BA4-9B47-408B-877F-57F38D14C65E}.Release|Any CPU.Build.0 = Release|Any CPU
		{83F46BA4-9B47-408B-877F-57F38D14C65E}.Release|x64.ActiveCfg = Release|Any CPU
		{83F46BA4-9B47-408B-877F-57F38D14C65E}.Release|x64.Build.0 = Release|Any CPU
		{83F46BA4-9B47-408B-877F-57F38D14C65E}.Release|x86.ActiveCfg = Release|Any CPU
		{83F46BA4-9B47-408B-877F-57F38D14C65E}.Release|x86.Build.0 = Release|Any CPU
		{E9D8F06C-4644-48E8-97AA-4892A5D0491B}.Debug|Any CPU.ActiveCfg = Debug|Any CPU
		{E9D8F06C-4644-48E8-97AA-4892A5D0491B}.Debug|Any CPU.Build.0 = Debug|Any CPU
		{E9D8F06C-4644-48E8-97AA-4892A5D0491B}.Debug|x64.ActiveCfg = Debug|Any CPU
		{E9D8F06C-4644-48E8-97AA-4892A5D0491B}.Debug|x64.Build.0 = Debug|Any CPU
		{E9D8F06C-4644-48E8-97AA-4892A5D0491B}.Debug|x86.ActiveCfg = Debug|Any CPU
		{E9D8F06C-4644-48E8-97AA-4892A5D0491B}.Debug|x86.Build.0 = Debug|Any CPU
		{E9D8F06C-4644-48E8-97AA-4892A5D0491B}.Release|Any CPU.ActiveCfg = Release|Any CPU
		{E9D8F06C-4644-48E8-97AA-4892A5D0491B}.Release|Any CPU.Build.0 = Release|Any CPU
		{E9D8F06C-4644-48E8-97AA-4892A5D0491B}.Release|x64.ActiveCfg = Release|Any CPU
		{E9D8F06C-4644-48E8-97AA-4892A5D0491B}.Release|x64.Build.0 = Release|Any CPU
		{E9D8F06C-4644-48E8-97AA-4892A5D0491B}.Release|x86.ActiveCfg = Release|Any CPU
		{E9D8F06C-4644-48E8-97AA-4892A5D0491B}.Release|x86.Build.0 = Release|Any CPU
		{C9824DA7-87C8-4527-914A-DD78FCB3B79E}.Debug|Any CPU.ActiveCfg = Debug|Any CPU
		{C9824DA7-87C8-4527-914A-DD78FCB3B79E}.Debug|Any CPU.Build.0 = Debug|Any CPU
		{C9824DA7-87C8-4527-914A-DD78FCB3B79E}.Debug|x64.ActiveCfg = Debug|Any CPU
		{C9824DA7-87C8-4527-914A-DD78FCB3B79E}.Debug|x64.Build.0 = Debug|Any CPU
		{C9824DA7-87C8-4527-914A-DD78FCB3B79E}.Debug|x86.ActiveCfg = Debug|Any CPU
		{C9824DA7-87C8-4527-914A-DD78FCB3B79E}.Debug|x86.Build.0 = Debug|Any CPU
		{C9824DA7-87C8-4527-914A-DD78FCB3B79E}.Release|Any CPU.ActiveCfg = Release|Any CPU
		{C9824DA7-87C8-4527-914A-DD78FCB3B79E}.Release|Any CPU.Build.0 = Release|Any CPU
		{C9824DA7-87C8-4527-914A-DD78FCB3B79E}.Release|x64.ActiveCfg = Release|Any CPU
		{C9824DA7-87C8-4527-914A-DD78FCB3B79E}.Release|x64.Build.0 = Release|Any CPU
		{C9824DA7-87C8-4527-914A-DD78FCB3B79E}.Release|x86.ActiveCfg = Release|Any CPU
		{C9824DA7-87C8-4527-914A-DD78FCB3B79E}.Release|x86.Build.0 = Release|Any CPU
	EndGlobalSection
	GlobalSection(SolutionProperties) = preSolution
		HideSolutionNode = FALSE
	EndGlobalSection
EndGlobal
