
Microsoft Visual Studio Solution File, Format Version 12.00
# Visual Studio Version 17
VisualStudioVersion = 17.0.31903.59
MinimumVisualStudioVersion = 10.0.40219.1
Project("{FAE04EC0-301F-11D3-BF4B-00C04F79EFBC}") = "ejercicio1", "ejercicio1\ejercicio1.csproj", "{2BA247C2-E2F0-4548-B34A-40C8869952C1}"
EndProject
Project("{FAE04EC0-301F-11D3-BF4B-00C04F79EFBC}") = "ejercicio2", "ejercicio2\ejercicio2.csproj", "{B4F3EB59-E971-456C-A0CC-B2997E04FED7}"
EndProject
Project("{FAE04EC0-301F-11D3-BF4B-00C04F79EFBC}") = "ejercicio3", "ejercicio3\ejercicio3.csproj", "{B8ED5206-29E7-4775-8A87-66266DF57BB2}"
EndProject
Project("{FAE04EC0-301F-11D3-BF4B-00C04F79EFBC}") = "ejercicio4", "ejercicio4\ejercicio4.csproj", "{F5E0C4B9-6492-4AA3-8C95-A0BC640A98E8}"
EndProject
Project("{FAE04EC0-301F-11D3-BF4B-00C04F79EFBC}") = "ejercicio5", "ejercicio5\ejercicio5.csproj", "{C15044C6-1A72-4C62-9414-C125622CDD58}"
EndProject
Project("{FAE04EC0-301F-11D3-BF4B-00C04F79EFBC}") = "ejercicio6", "ejercicio6\ejercicio6.csproj", "{29ACCA9E-5115-4C83-B38D-231C25ADDEA8}"
EndProject
Project("{FAE04EC0-301F-11D3-BF4B-00C04F79EFBC}") = "ejercicio7", "ejercicio7\ejercicio7.csproj", "{9F612A73-0FFA-4341-952A-3F3A4D7761B1}"
EndProject
Project("{FAE04EC0-301F-11D3-BF4B-00C04F79EFBC}") = "ejercicio8", "ejercicio8\ejercicio8.csproj", "{5CED62D8-9340-47E2-97A0-985E2207B69C}"
EndProject
Project("{FAE04EC0-301F-11D3-BF4B-00C04F79EFBC}") = "ejercicio9", "ejercicio9\ejercicio9.csproj", "{FAC75F1F-25FF-4C54-A250-D6ED9315810D}"
EndProject
Project("{FAE04EC0-301F-11D3-BF4B-00C04F79EFBC}") = "ejercicio10", "ejercicio10\ejercicio10.csproj", "{7625570B-C374-4D5C-B94C-059E2E8E936C}"
EndProject
Project("{FAE04EC0-301F-11D3-BF4B-00C04F79EFBC}") = "ejercicio1.tests", "ejercicio1.tests\ejercicio1.tests.csproj", "{A36FFFC3-B074-49C6-97F4-1A67CE2D076B}"
EndProject
Project("{FAE04EC0-301F-11D3-BF4B-00C04F79EFBC}") = "ejercicio2.tests", "ejercicio2.tests\ejercicio2.tests.csproj", "{24F6004E-5FFE-46EB-9C71-97DBF46CEC6E}"
EndProject
Project("{FAE04EC0-301F-11D3-BF4B-00C04F79EFBC}") = "ejercicio3.tests", "ejercicio3.tests\ejercicio3.tests.csproj", "{394735D4-1C93-4481-AB19-2D3A6FBFE8EC}"
EndProject
Project("{FAE04EC0-301F-11D3-BF4B-00C04F79EFBC}") = "ejercicio4.tests", "ejercicio4.tests\ejercicio4.tests.csproj", "{D2DE4BBA-9709-4E0A-A7E9-FEE50F30C167}"
EndProject
Project("{FAE04EC0-301F-11D3-BF4B-00C04F79EFBC}") = "ejercicio5.tests", "ejercicio5.tests\ejercicio5.tests.csproj", "{34545535-A6E0-473E-969B-328CAA8E4360}"
EndProject
Project("{FAE04EC0-301F-11D3-BF4B-00C04F79EFBC}") = "ejercicio6.tests", "ejercicio6.tests\ejercicio6.tests.csproj", "{E63F4CD5-ABAD-486E-A66F-9F7D5AEAFEFE}"
EndProject
Project("{FAE04EC0-301F-11D3-BF4B-00C04F79EFBC}") = "ejercicio7.tests", "ejercicio7.tests\ejercicio7.tests.csproj", "{69707AD1-6152-434E-9610-C5A5BFDFD9C1}"
EndProject
Project("{FAE04EC0-301F-11D3-BF4B-00C04F79EFBC}") = "ejercicio8.tests", "ejercicio8.tests\ejercicio8.tests.csproj", "{9CD53F8B-B6D3-4BD2-BEA3-7BEAEA67482E}"
EndProject
Project("{FAE04EC0-301F-11D3-BF4B-00C04F79EFBC}") = "ejercicio9.tests", "ejercicio9.tests\ejercicio9.tests.csproj", "{17D1F8A5-89D7-48FF-9496-F23611436E9B}"
EndProject
Project("{FAE04EC0-301F-11D3-BF4B-00C04F79EFBC}") = "ejercicio10.tests", "ejercicio10.tests\ejercicio10.tests.csproj", "{0CF4F3CD-20FC-4F25-BADF-1DD3C2EC2A66}"
EndProject
Global
	GlobalSection(SolutionConfigurationPlatforms) = preSolution
		Debug|Any CPU = Debug|Any CPU
		Debug|x64 = Debug|x64
		Debug|x86 = Debug|x86
		Release|Any CPU = Release|Any CPU
		Release|x64 = Release|x64
		Release|x86 = Release|x86
	EndGlobalSection
	GlobalSection(ProjectConfigurationPlatforms) = postSolution
		{2BA247C2-E2F0-4548-B34A-40C8869952C1}.Debug|Any CPU.ActiveCfg = Debug|Any CPU
		{2BA247C2-E2F0-4548-B34A-40C8869952C1}.Debug|Any CPU.Build.0 = Debug|Any CPU
		{2BA247C2-E2F0-4548-B34A-40C8869952C1}.Debug|x64.ActiveCfg = Debug|Any CPU
		{2BA247C2-E2F0-4548-B34A-40C8869952C1}.Debug|x64.Build.0 = Debug|Any CPU
		{2BA247C2-E2F0-4548-B34A-40C8869952C1}.Debug|x86.ActiveCfg = Debug|Any CPU
		{2BA247C2-E2F0-4548-B34A-40C8869952C1}.Debug|x86.Build.0 = Debug|Any CPU
		{2BA247C2-E2F0-4548-B34A-40C8869952C1}.Release|Any CPU.ActiveCfg = Release|Any CPU
		{2BA247C2-E2F0-4548-B34A-40C8869952C1}.Release|Any CPU.Build.0 = Release|Any CPU
		{2BA247C2-E2F0-4548-B34A-40C8869952C1}.Release|x64.ActiveCfg = Release|Any CPU
		{2BA247C2-E2F0-4548-B34A-40C8869952C1}.Release|x64.Build.0 = Release|Any CPU
		{2BA247C2-E2F0-4548-B34A-40C8869952C1}.Release|x86.ActiveCfg = Release|Any CPU
		{2BA247C2-E2F0-4548-B34A-40C8869952C1}.Release|x86.Build.0 = Release|Any CPU
		{B4F3EB59-E971-456C-A0CC-B2997E04FED7}.Debug|Any CPU.ActiveCfg = Debug|Any CPU
		{B4F3EB59-E971-456C-A0CC-B2997E04FED7}.Debug|Any CPU.Build.0 = Debug|Any CPU
		{B4F3EB59-E971-456C-A0CC-B2997E04FED7}.Debug|x64.ActiveCfg = Debug|Any CPU
		{B4F3EB59-E971-456C-A0CC-B2997E04FED7}.Debug|x64.Build.0 = Debug|Any CPU
		{B4F3EB59-E971-456C-A0CC-B2997E04FED7}.Debug|x86.ActiveCfg = Debug|Any CPU
		{B4F3EB59-E971-456C-A0CC-B2997E04FED7}.Debug|x86.Build.0 = Debug|Any CPU
		{B4F3EB59-E971-456C-A0CC-B2997E04FED7}.Release|Any CPU.ActiveCfg = Release|Any CPU
		{B4F3EB59-E971-456C-A0CC-B2997E04FED7}.Release|Any CPU.Build.0 = Release|Any CPU
		{B4F3EB59-E971-456C-A0CC-B2997E04FED7}.Release|x64.ActiveCfg = Release|Any CPU
		{B4F3EB59-E971-456C-A0CC-B2997E04FED7}.Release|x64.Build.0 = Release|Any CPU
		{B4F3EB59-E971-456C-A0CC-B2997E04FED7}.Release|x86.ActiveCfg = Release|Any CPU
		{B4F3EB59-E971-456C-A0CC-B2997E04FED7}.Release|x86.Build.0 = Release|Any CPU
		{B8ED5206-29E7-4775-8A87-66266DF57BB2}.Debug|Any CPU.ActiveCfg = Debug|Any CPU
		{B8ED5206-29E7-4775-8A87-66266DF57BB2}.Debug|Any CPU.Build.0 = Debug|Any CPU
		{B8ED5206-29E7-4775-8A87-66266DF57BB2}.Debug|x64.ActiveCfg = Debug|Any CPU
		{B8ED5206-29E7-4775-8A87-66266DF57BB2}.Debug|x64.Build.0 = Debug|Any CPU
		{B8ED5206-29E7-4775-8A87-66266DF57BB2}.Debug|x86.ActiveCfg = Debug|Any CPU
		{B8ED5206-29E7-4775-8A87-66266DF57BB2}.Debug|x86.Build.0 = Debug|Any CPU
		{B8ED5206-29E7-4775-8A87-66266DF57BB2}.Release|Any CPU.ActiveCfg = Release|Any CPU
		{B8ED5206-29E7-4775-8A87-66266DF57BB2}.Release|Any CPU.Build.0 = Release|Any CPU
		{B8ED5206-29E7-4775-8A87-66266DF57BB2}.Release|x64.ActiveCfg = Release|Any CPU
		{B8ED5206-29E7-4775-8A87-66266DF57BB2}.Release|x64.Build.0 = Release|Any CPU
		{B8ED5206-29E7-4775-8A87-66266DF57BB2}.Release|x86.ActiveCfg = Release|Any CPU
		{B8ED5206-29E7-4775-8A87-66266DF57BB2}.Release|x86.Build.0 = Release|Any CPU
		{F5E0C4B9-6492-4AA3-8C95-A0BC640A98E8}.Debug|Any CPU.ActiveCfg = Debug|Any CPU
		{F5E0C4B9-6492-4AA3-8C95-A0BC640A98E8}.Debug|Any CPU.Build.0 = Debug|Any CPU
		{F5E0C4B9-6492-4AA3-8C95-A0BC640A98E8}.Debug|x64.ActiveCfg = Debug|Any CPU
		{F5E0C4B9-6492-4AA3-8C95-A0BC640A98E8}.Debug|x64.Build.0 = Debug|Any CPU
		{F5E0C4B9-6492-4AA3-8C95-A0BC640A98E8}.Debug|x86.ActiveCfg = Debug|Any CPU
		{F5E0C4B9-6492-4AA3-8C95-A0BC640A98E8}.Debug|x86.Build.0 = Debug|Any CPU
		{F5E0C4B9-6492-4AA3-8C95-A0BC640A98E8}.Release|Any CPU.ActiveCfg = Release|Any CPU
		{F5E0C4B9-6492-4AA3-8C95-A0BC640A98E8}.Release|Any CPU.Build.0 = Release|Any CPU
		{F5E0C4B9-6492-4AA3-8C95-A0BC640A98E8}.Release|x64.ActiveCfg = Release|Any CPU
		{F5E0C4B9-6492-4AA3-8C95-A0BC640A98E8}.Release|x64.Build.0 = Release|Any CPU
		{F5E0C4B9-6492-4AA3-8C95-A0BC640A98E8}.Release|x86.ActiveCfg = Release|Any CPU
		{F5E0C4B9-6492-4AA3-8C95-A0BC640A98E8}.Release|x86.Build.0 = Release|Any CPU
		{C15044C6-1A72-4C62-9414-C125622CDD58}.Debug|Any CPU.ActiveCfg = Debug|Any CPU
		{C15044C6-1A72-4C62-9414-C125622CDD58}.Debug|Any CPU.Build.0 = Debug|Any CPU
		{C15044C6-1A72-4C62-9414-C125622CDD58}.Debug|x64.ActiveCfg = Debug|Any CPU
		{C15044C6-1A72-4C62-9414-C125622CDD58}.Debug|x64.Build.0 = Debug|Any CPU
		{C15044C6-1A72-4C62-9414-C125622CDD58}.Debug|x86.ActiveCfg = Debug|Any CPU
		{C15044C6-1A72-4C62-9414-C125622CDD58}.Debug|x86.Build.0 = Debug|Any CPU
		{C15044C6-1A72-4C62-9414-C125622CDD58}.Release|Any CPU.ActiveCfg = Release|Any CPU
		{C15044C6-1A72-4C62-9414-C125622CDD58}.Release|Any CPU.Build.0 = Release|Any CPU
		{C15044C6-1A72-4C62-9414-C125622CDD58}.Release|x64.ActiveCfg = Release|Any CPU
		{C15044C6-1A72-4C62-9414-C125622CDD58}.Release|x64.Build.0 = Release|Any CPU
		{C15044C6-1A72-4C62-9414-C125622CDD58}.Release|x86.ActiveCfg = Release|Any CPU
		{C15044C6-1A72-4C62-9414-C125622CDD58}.Release|x86.Build.0 = Release|Any CPU
		{29ACCA9E-5115-4C83-B38D-231C25ADDEA8}.Debug|Any CPU.ActiveCfg = Debug|Any CPU
		{29ACCA9E-5115-4C83-B38D-231C25ADDEA8}.Debug|Any CPU.Build.0 = Debug|Any CPU
		{29ACCA9E-5115-4C83-B38D-231C25ADDEA8}.Debug|x64.ActiveCfg = Debug|Any CPU
		{29ACCA9E-5115-4C83-B38D-231C25ADDEA8}.Debug|x64.Build.0 = Debug|Any CPU
		{29ACCA9E-5115-4C83-B38D-231C25ADDEA8}.Debug|x86.ActiveCfg = Debug|Any CPU
		{29ACCA9E-5115-4C83-B38D-231C25ADDEA8}.Debug|x86.Build.0 = Debug|Any CPU
		{29ACCA9E-5115-4C83-B38D-231C25ADDEA8}.Release|Any CPU.ActiveCfg = Release|Any CPU
		{29ACCA9E-5115-4C83-B38D-231C25ADDEA8}.Release|Any CPU.Build.0 = Release|Any CPU
		{29ACCA9E-5115-4C83-B38D-231C25ADDEA8}.Release|x64.ActiveCfg = Release|Any CPU
		{29ACCA9E-5115-4C83-B38D-231C25ADDEA8}.Release|x64.Build.0 = Release|Any CPU
		{29ACCA9E-5115-4C83-B38D-231C25ADDEA8}.Release|x86.ActiveCfg = Release|Any CPU
		{29ACCA9E-5115-4C83-B38D-231C25ADDEA8}.Release|x86.Build.0 = Release|Any CPU
		{9F612A73-0FFA-4341-952A-3F3A4D7761B1}.Debug|Any CPU.ActiveCfg = Debug|Any CPU
		{9F612A73-0FFA-4341-952A-3F3A4D7761B1}.Debug|Any CPU.Build.0 = Debug|Any CPU
		{9F612A73-0FFA-4341-952A-3F3A4D7761B1}.Debug|x64.ActiveCfg = Debug|Any CPU
		{9F612A73-0FFA-4341-952A-3F3A4D7761B1}.Debug|x64.Build.0 = Debug|Any CPU
		{9F612A73-0FFA-4341-952A-3F3A4D7761B1}.Debug|x86.ActiveCfg = Debug|Any CPU
		{9F612A73-0FFA-4341-952A-3F3A4D7761B1}.Debug|x86.Build.0 = Debug|Any CPU
		{9F612A73-0FFA-4341-952A-3F3A4D7761B1}.Release|Any CPU.ActiveCfg = Release|Any CPU
		{9F612A73-0FFA-4341-952A-3F3A4D7761B1}.Release|Any CPU.Build.0 = Release|Any CPU
		{9F612A73-0FFA-4341-952A-3F3A4D7761B1}.Release|x64.ActiveCfg = Release|Any CPU
		{9F612A73-0FFA-4341-952A-3F3A4D7761B1}.Release|x64.Build.0 = Release|Any CPU
		{9F612A73-0FFA-4341-952A-3F3A4D7761B1}.Release|x86.ActiveCfg = Release|Any CPU
		{9F612A73-0FFA-4341-952A-3F3A4D7761B1}.Release|x86.Build.0 = Release|Any CPU
		{5CED62D8-9340-47E2-97A0-985E2207B69C}.Debug|Any CPU.ActiveCfg = Debug|Any CPU
		{5CED62D8-9340-47E2-97A0-985E2207B69C}.Debug|Any CPU.Build.0 = Debug|Any CPU
		{5CED62D8-9340-47E2-97A0-985E2207B69C}.Debug|x64.ActiveCfg = Debug|Any CPU
		{5CED62D8-9340-47E2-97A0-985E2207B69C}.Debug|x64.Build.0 = Debug|Any CPU
		{5CED62D8-9340-47E2-97A0-985E2207B69C}.Debug|x86.ActiveCfg = Debug|Any CPU
		{5CED62D8-9340-47E2-97A0-985E2207B69C}.Debug|x86.Build.0 = Debug|Any CPU
		{5CED62D8-9340-47E2-97A0-985E2207B69C}.Release|Any CPU.ActiveCfg = Release|Any CPU
		{5CED62D8-9340-47E2-97A0-985E2207B69C}.Release|Any CPU.Build.0 = Release|Any CPU
		{5CED62D8-9340-47E2-97A0-985E2207B69C}.Release|x64.ActiveCfg = Release|Any CPU
		{5CED62D8-9340-47E2-97A0-985E2207B69C}.Release|x64.Build.0 = Release|Any CPU
		{5CED62D8-9340-47E2-97A0-985E2207B69C}.Release|x86.ActiveCfg = Release|Any CPU
		{5CED62D8-9340-47E2-97A0-985E2207B69C}.Release|x86.Build.0 = Release|Any CPU
		{FAC75F1F-25FF-4C54-A250-D6ED9315810D}.Debug|Any CPU.ActiveCfg = Debug|Any CPU
		{FAC75F1F-25FF-4C54-A250-D6ED9315810D}.Debug|Any CPU.Build.0 = Debug|Any CPU
		{FAC75F1F-25FF-4C54-A250-D6ED9315810D}.Debug|x64.ActiveCfg = Debug|Any CPU
		{FAC75F1F-25FF-4C54-A250-D6ED9315810D}.Debug|x64.Build.0 = Debug|Any CPU
		{FAC75F1F-25FF-4C54-A250-D6ED9315810D}.Debug|x86.ActiveCfg = Debug|Any CPU
		{FAC75F1F-25FF-4C54-A250-D6ED9315810D}.Debug|x86.Build.0 = Debug|Any CPU
		{FAC75F1F-25FF-4C54-A250-D6ED9315810D}.Release|Any CPU.ActiveCfg = Release|Any CPU
		{FAC75F1F-25FF-4C54-A250-D6ED9315810D}.Release|Any CPU.Build.0 = Release|Any CPU
		{FAC75F1F-25FF-4C54-A250-D6ED9315810D}.Release|x64.ActiveCfg = Release|Any CPU
		{FAC75F1F-25FF-4C54-A250-D6ED9315810D}.Release|x64.Build.0 = Release|Any CPU
		{FAC75F1F-25FF-4C54-A250-D6ED9315810D}.Release|x86.ActiveCfg = Release|Any CPU
		{FAC75F1F-25FF-4C54-A250-D6ED9315810D}.Release|x86.Build.0 = Release|Any CPU
		{7625570B-C374-4D5C-B94C-059E2E8E936C}.Debug|Any CPU.ActiveCfg = Debug|Any CPU
		{7625570B-C374-4D5C-B94C-059E2E8E936C}.Debug|Any CPU.Build.0 = Debug|Any CPU
		{7625570B-C374-4D5C-B94C-059E2E8E936C}.Debug|x64.ActiveCfg = Debug|Any CPU
		{7625570B-C374-4D5C-B94C-059E2E8E936C}.Debug|x64.Build.0 = Debug|Any CPU
		{7625570B-C374-4D5C-B94C-059E2E8E936C}.Debug|x86.ActiveCfg = Debug|Any CPU
		{7625570B-C374-4D5C-B94C-059E2E8E936C}.Debug|x86.Build.0 = Debug|Any CPU
		{7625570B-C374-4D5C-B94C-059E2E8E936C}.Release|Any CPU.ActiveCfg = Release|Any CPU
		{7625570B-C374-4D5C-B94C-059E2E8E936C}.Release|Any CPU.Build.0 = Release|Any CPU
		{7625570B-C374-4D5C-B94C-059E2E8E936C}.Release|x64.ActiveCfg = Release|Any CPU
		{7625570B-C374-4D5C-B94C-059E2E8E936C}.Release|x64.Build.0 = Release|Any CPU
		{7625570B-C374-4D5C-B94C-059E2E8E936C}.Release|x86.ActiveCfg = Release|Any CPU
		{7625570B-C374-4D5C-B94C-059E2E8E936C}.Release|x86.Build.0 = Release|Any CPU
		{A36FFFC3-B074-49C6-97F4-1A67CE2D076B}.Debug|Any CPU.ActiveCfg = Debug|Any CPU
		{A36FFFC3-B074-49C6-97F4-1A67CE2D076B}.Debug|Any CPU.Build.0 = Debug|Any CPU
		{A36FFFC3-B074-49C6-97F4-1A67CE2D076B}.Debug|x64.ActiveCfg = Debug|Any CPU
		{A36FFFC3-B074-49C6-97F4-1A67CE2D076B}.Debug|x64.Build.0 = Debug|Any CPU
		{A36FFFC3-B074-49C6-97F4-1A67CE2D076B}.Debug|x86.ActiveCfg = Debug|Any CPU
		{A36FFFC3-B074-49C6-97F4-1A67CE2D076B}.Debug|x86.Build.0 = Debug|Any CPU
		{A36FFFC3-B074-49C6-97F4-1A67CE2D076B}.Release|Any CPU.ActiveCfg = Release|Any CPU
		{A36FFFC3-B074-49C6-97F4-1A67CE2D076B}.Release|Any CPU.Build.0 = Release|Any CPU
		{A36FFFC3-B074-49C6-97F4-1A67CE2D076B}.Release|x64.ActiveCfg = Release|Any CPU
		{A36FFFC3-B074-49C6-97F4-1A67CE2D076B}.Release|x64.Build.0 = Release|Any CPU
		{A36FFFC3-B074-49C6-97F4-1A67CE2D076B}.Release|x86.ActiveCfg = Release|Any CPU
		{A36FFFC3-B074-49C6-97F4-1A67CE2D076B}.Release|x86.Build.0 = Release|Any CPU
		{24F6004E-5FFE-46EB-9C71-97DBF46CEC6E}.Debug|Any CPU.ActiveCfg = Debug|Any CPU
		{24F6004E-5FFE-46EB-9C71-97DBF46CEC6E}.Debug|Any CPU.Build.0 = Debug|Any CPU
		{24F6004E-5FFE-46EB-9C71-97DBF46CEC6E}.Debug|x64.ActiveCfg = Debug|Any CPU
		{24F6004E-5FFE-46EB-9C71-97DBF46CEC6E}.Debug|x64.Build.0 = Debug|Any CPU
		{24F6004E-5FFE-46EB-9C71-97DBF46CEC6E}.Debug|x86.ActiveCfg = Debug|Any CPU
		{24F6004E-5FFE-46EB-9C71-97DBF46CEC6E}.Debug|x86.Build.0 = Debug|Any CPU
		{24F6004E-5FFE-46EB-9C71-97DBF46CEC6E}.Release|Any CPU.ActiveCfg = Release|Any CPU
		{24F6004E-5FFE-46EB-9C71-97DBF46CEC6E}.Release|Any CPU.Build.0 = Release|Any CPU
		{24F6004E-5FFE-46EB-9C71-97DBF46CEC6E}.Release|x64.ActiveCfg = Release|Any CPU
		{24F6004E-5FFE-46EB-9C71-97DBF46CEC6E}.Release|x64.Build.0 = Release|Any CPU
		{24F6004E-5FFE-46EB-9C71-97DBF46CEC6E}.Release|x86.ActiveCfg = Release|Any CPU
		{24F6004E-5FFE-46EB-9C71-97DBF46CEC6E}.Release|x86.Build.0 = Release|Any CPU
		{394735D4-1C93-4481-AB19-2D3A6FBFE8EC}.Debug|Any CPU.ActiveCfg = Debug|Any CPU
		{394735D4-1C93-4481-AB19-2D3A6FBFE8EC}.Debug|Any CPU.Build.0 = Debug|Any CPU
		{394735D4-1C93-4481-AB19-2D3A6FBFE8EC}.Debug|x64.ActiveCfg = Debug|Any CPU
		{394735D4-1C93-4481-AB19-2D3A6FBFE8EC}.Debug|x64.Build.0 = Debug|Any CPU
		{394735D4-1C93-4481-AB19-2D3A6FBFE8EC}.Debug|x86.ActiveCfg = Debug|Any CPU
		{394735D4-1C93-4481-AB19-2D3A6FBFE8EC}.Debug|x86.Build.0 = Debug|Any CPU
		{394735D4-1C93-4481-AB19-2D3A6FBFE8EC}.Release|Any CPU.ActiveCfg = Release|Any CPU
		{394735D4-1C93-4481-AB19-2D3A6FBFE8EC}.Release|Any CPU.Build.0 = Release|Any CPU
		{394735D4-1C93-4481-AB19-2D3A6FBFE8EC}.Release|x64.ActiveCfg = Release|Any CPU
		{394735D4-1C93-4481-AB19-2D3A6FBFE8EC}.Release|x64.Build.0 = Release|Any CPU
		{394735D4-1C93-4481-AB19-2D3A6FBFE8EC}.Release|x86.ActiveCfg = Release|Any CPU
		{394735D4-1C93-4481-AB19-2D3A6FBFE8EC}.Release|x86.Build.0 = Release|Any CPU
		{D2DE4BBA-9709-4E0A-A7E9-FEE50F30C167}.Debug|Any CPU.ActiveCfg = Debug|Any CPU
		{D2DE4BBA-9709-4E0A-A7E9-FEE50F30C167}.Debug|Any CPU.Build.0 = Debug|Any CPU
		{D2DE4BBA-9709-4E0A-A7E9-FEE50F30C167}.Debug|x64.ActiveCfg = Debug|Any CPU
		{D2DE4BBA-9709-4E0A-A7E9-FEE50F30C167}.Debug|x64.Build.0 = Debug|Any CPU
		{D2DE4BBA-9709-4E0A-A7E9-FEE50F30C167}.Debug|x86.ActiveCfg = Debug|Any CPU
		{D2DE4BBA-9709-4E0A-A7E9-FEE50F30C167}.Debug|x86.Build.0 = Debug|Any CPU
		{D2DE4BBA-9709-4E0A-A7E9-FEE50F30C167}.Release|Any CPU.ActiveCfg = Release|Any CPU
		{D2DE4BBA-9709-4E0A-A7E9-FEE50F30C167}.Release|Any CPU.Build.0 = Release|Any CPU
		{D2DE4BBA-9709-4E0A-A7E9-FEE50F30C167}.Release|x64.ActiveCfg = Release|Any CPU
		{D2DE4BBA-9709-4E0A-A7E9-FEE50F30C167}.Release|x64.Build.0 = Release|Any CPU
		{D2DE4BBA-9709-4E0A-A7E9-FEE50F30C167}.Release|x86.ActiveCfg = Release|Any CPU
		{D2DE4BBA-9709-4E0A-A7E9-FEE50F30C167}.Release|x86.Build.0 = Release|Any CPU
		{34545535-A6E0-473E-969B-328CAA8E4360}.Debug|Any CPU.ActiveCfg = Debug|Any CPU
		{34545535-A6E0-473E-969B-328CAA8E4360}.Debug|Any CPU.Build.0 = Debug|Any CPU
		{34545535-A6E0-473E-969B-328CAA8E4360}.Debug|x64.ActiveCfg = Debug|Any CPU
		{34545535-A6E0-473E-969B-328CAA8E4360}.Debug|x64.Build.0 = Debug|Any CPU
		{34545535-A6E0-473E-969B-328CAA8E4360}.Debug|x86.ActiveCfg = Debug|Any CPU
		{34545535-A6E0-473E-969B-328CAA8E4360}.Debug|x86.Build.0 = Debug|Any CPU
		{34545535-A6E0-473E-969B-328CAA8E4360}.Release|Any CPU.ActiveCfg = Release|Any CPU
		{34545535-A6E0-473E-969B-328CAA8E4360}.Release|Any CPU.Build.0 = Release|Any CPU
		{34545535-A6E0-473E-969B-328CAA8E4360}.Release|x64.ActiveCfg = Release|Any CPU
		{34545535-A6E0-473E-969B-328CAA8E4360}.Release|x64.Build.0 = Release|Any CPU
		{34545535-A6E0-473E-969B-328CAA8E4360}.Release|x86.ActiveCfg = Release|Any CPU
		{34545535-A6E0-473E-969B-328CAA8E4360}.Release|x86.Build.0 = Release|Any CPU
		{E63F4CD5-ABAD-486E-A66F-9F7D5AEAFEFE}.Debug|Any CPU.ActiveCfg = Debug|Any CPU
		{E63F4CD5-ABAD-486E-A66F-9F7D5AEAFEFE}.Debug|Any CPU.Build.0 = Debug|Any CPU
		{E63F4CD5-ABAD-486E-A66F-9F7D5AEAFEFE}.Debug|x64.ActiveCfg = Debug|Any CPU
		{E63F4CD5-ABAD-486E-A66F-9F7D5AEAFEFE}.Debug|x64.Build.0 = Debug|Any CPU
		{E63F4CD5-ABAD-486E-A66F-9F7D5AEAFEFE}.Debug|x86.ActiveCfg = Debug|Any CPU
		{E63F4CD5-ABAD-486E-A66F-9F7D5AEAFEFE}.Debug|x86.Build.0 = Debug|Any CPU
		{E63F4CD5-ABAD-486E-A66F-9F7D5AEAFEFE}.Release|Any CPU.ActiveCfg = Release|Any CPU
		{E63F4CD5-ABAD-486E-A66F-9F7D5AEAFEFE}.Release|Any CPU.Build.0 = Release|Any CPU
		{E63F4CD5-ABAD-486E-A66F-9F7D5AEAFEFE}.Release|x64.ActiveCfg = Release|Any CPU
		{E63F4CD5-ABAD-486E-A66F-9F7D5AEAFEFE}.Release|x64.Build.0 = Release|Any CPU
		{E63F4CD5-ABAD-486E-A66F-9F7D5AEAFEFE}.Release|x86.ActiveCfg = Release|Any CPU
		{E63F4CD5-ABAD-486E-A66F-9F7D5AEAFEFE}.Release|x86.Build.0 = Release|Any CPU
		{69707AD1-6152-434E-9610-C5A5BFDFD9C1}.Debug|Any CPU.ActiveCfg = Debug|Any CPU
		{69707AD1-6152-434E-9610-C5A5BFDFD9C1}.Debug|Any CPU.Build.0 = Debug|Any CPU
		{69707AD1-6152-434E-9610-C5A5BFDFD9C1}.Debug|x64.ActiveCfg = Debug|Any CPU
		{69707AD1-6152-434E-9610-C5A5BFDFD9C1}.Debug|x64.Build.0 = Debug|Any CPU
		{69707AD1-6152-434E-9610-C5A5BFDFD9C1}.Debug|x86.ActiveCfg = Debug|Any CPU
		{69707AD1-6152-434E-9610-C5A5BFDFD9C1}.Debug|x86.Build.0 = Debug|Any CPU
		{69707AD1-6152-434E-9610-C5A5BFDFD9C1}.Release|Any CPU.ActiveCfg = Release|Any CPU
		{69707AD1-6152-434E-9610-C5A5BFDFD9C1}.Release|Any CPU.Build.0 = Release|Any CPU
		{69707AD1-6152-434E-9610-C5A5BFDFD9C1}.Release|x64.ActiveCfg = Release|Any CPU
		{69707AD1-6152-434E-9610-C5A5BFDFD9C1}.Release|x64.Build.0 = Release|Any CPU
		{69707AD1-6152-434E-9610-C5A5BFDFD9C1}.Release|x86.ActiveCfg = Release|Any CPU
		{69707AD1-6152-434E-9610-C5A5BFDFD9C1}.Release|x86.Build.0 = Release|Any CPU
		{9CD53F8B-B6D3-4BD2-BEA3-7BEAEA67482E}.Debug|Any CPU.ActiveCfg = Debug|Any CPU
		{9CD53F8B-B6D3-4BD2-BEA3-7BEAEA67482E}.Debug|Any CPU.Build.0 = Debug|Any CPU
		{9CD53F8B-B6D3-4BD2-BEA3-7BEAEA67482E}.Debug|x64.ActiveCfg = Debug|Any CPU
		{9CD53F8B-B6D3-4BD2-BEA3-7BEAEA67482E}.Debug|x64.Build.0 = Debug|Any CPU
		{9CD53F8B-B6D3-4BD2-BEA3-7BEAEA67482E}.Debug|x86.ActiveCfg = Debug|Any CPU
		{9CD53F8B-B6D3-4BD2-BEA3-7BEAEA67482E}.Debug|x86.Build.0 = Debug|Any CPU
		{9CD53F8B-B6D3-4BD2-BEA3-7BEAEA67482E}.Release|Any CPU.ActiveCfg = Release|Any CPU
		{9CD53F8B-B6D3-4BD2-BEA3-7BEAEA67482E}.Release|Any CPU.Build.0 = Release|Any CPU
		{9CD53F8B-B6D3-4BD2-BEA3-7BEAEA67482E}.Release|x64.ActiveCfg = Release|Any CPU
		{9CD53F8B-B6D3-4BD2-BEA3-7BEAEA67482E}.Release|x64.Build.0 = Release|Any CPU
		{9CD53F8B-B6D3-4BD2-BEA3-7BEAEA67482E}.Release|x86.ActiveCfg = Release|Any CPU
		{9CD53F8B-B6D3-4BD2-BEA3-7BEAEA67482E}.Release|x86.Build.0 = Release|Any CPU
		{17D1F8A5-89D7-48FF-9496-F23611436E9B}.Debug|Any CPU.ActiveCfg = Debug|Any CPU
		{17D1F8A5-89D7-48FF-9496-F23611436E9B}.Debug|Any CPU.Build.0 = Debug|Any CPU
		{17D1F8A5-89D7-48FF-9496-F23611436E9B}.Debug|x64.ActiveCfg = Debug|Any CPU
		{17D1F8A5-89D7-48FF-9496-F23611436E9B}.Debug|x64.Build.0 = Debug|Any CPU
		{17D1F8A5-89D7-48FF-9496-F23611436E9B}.Debug|x86.ActiveCfg = Debug|Any CPU
		{17D1F8A5-89D7-48FF-9496-F23611436E9B}.Debug|x86.Build.0 = Debug|Any CPU
		{17D1F8A5-89D7-48FF-9496-F23611436E9B}.Release|Any CPU.ActiveCfg = Release|Any CPU
		{17D1F8A5-89D7-48FF-9496-F23611436E9B}.Release|Any CPU.Build.0 = Release|Any CPU
		{17D1F8A5-89D7-48FF-9496-F23611436E9B}.Release|x64.ActiveCfg = Release|Any CPU
		{17D1F8A5-89D7-48FF-9496-F23611436E9B}.Release|x64.Build.0 = Release|Any CPU
		{17D1F8A5-89D7-48FF-9496-F23611436E9B}.Release|x86.ActiveCfg = Release|Any CPU
		{17D1F8A5-89D7-48FF-9496-F23611436E9B}.Release|x86.Build.0 = Release|Any CPU
		{0CF4F3CD-20FC-4F25-BADF-1DD3C2EC2A66}.Debug|Any CPU.ActiveCfg = Debug|Any CPU
		{0CF4F3CD-20FC-4F25-BADF-1DD3C2EC2A66}.Debug|Any CPU.Build.0 = Debug|Any CPU
		{0CF4F3CD-20FC-4F25-BADF-1DD3C2EC2A66}.Debug|x64.ActiveCfg = Debug|Any CPU
		{0CF4F3CD-20FC-4F25-BADF-1DD3C2EC2A66}.Debug|x64.Build.0 = Debug|Any CPU
		{0CF4F3CD-20FC-4F25-BADF-1DD3C2EC2A66}.Debug|x86.ActiveCfg = Debug|Any CPU
		{0CF4F3CD-20FC-4F25-BADF-1DD3C2EC2A66}.Debug|x86.Build.0 = Debug|Any CPU
		{0CF4F3CD-20FC-4F25-BADF-1DD3C2EC2A66}.Release|Any CPU.ActiveCfg = Release|Any CPU
		{0CF4F3CD-20FC-4F25-BADF-1DD3C2EC2A66}.Release|Any CPU.Build.0 = Release|Any CPU
		{0CF4F3CD-20FC-4F25-BADF-1DD3C2EC2A66}.Release|x64.ActiveCfg = Release|Any CPU
		{0CF4F3CD-20FC-4F25-BADF-1DD3C2EC2A66}.Release|x64.Build.0 = Release|Any CPU
		{0CF4F3CD-20FC-4F25-BADF-1DD3C2EC2A66}.Release|x86.ActiveCfg = Release|Any CPU
		{0CF4F3CD-20FC-4F25-BADF-1DD3C2EC2A66}.Release|x86.Build.0 = Release|Any CPU
	EndGlobalSection
	GlobalSection(SolutionProperties) = preSolution
		HideSolutionNode = FALSE
	EndGlobalSection
EndGlobal
