
Microsoft Visual Studio Solution File, Format Version 12.00
# Visual Studio Version 17
VisualStudioVersion = 17.0.31903.59
MinimumVisualStudioVersion = 10.0.40219.1
Project("{FAE04EC0-301F-11D3-BF4B-00C04F79EFBC}") = "ejercicio1", "ejercicio1\ejercicio1.csproj", "{86927342-63CC-440C-9920-6B70B8C1F306}"
EndProject
Project("{FAE04EC0-301F-11D3-BF4B-00C04F79EFBC}") = "ejercicio1.test", "ejercicio1.test\ejercicio1.test.csproj", "{95B684EB-F4C1-46F5-93F4-24B76F8AE4D3}"
EndProject
Project("{FAE04EC0-301F-11D3-BF4B-00C04F79EFBC}") = "ejercicio2", "ejercicio2\ejercicio2.csproj", "{8088BD94-7190-4CCA-B976-7726F17ED93F}"
EndProject
Project("{FAE04EC0-301F-11D3-BF4B-00C04F79EFBC}") = "ejercicio2.test", "ejercicio2.test\ejercicio2.test.csproj", "{585AEB6A-4EBF-42EB-B923-4E51E9A1AD0E}"
EndProject
Project("{FAE04EC0-301F-11D3-BF4B-00C04F79EFBC}") = "ejercicio3", "ejercicio3\ejercicio3.csproj", "{1782F64B-BF4E-4BBE-A695-CA5F992BD87F}"
EndProject
Project("{FAE04EC0-301F-11D3-BF4B-00C04F79EFBC}") = "ejercicio3.test", "ejercicio3.test\ejercicio3.test.csproj", "{61777653-DBA6-4E9F-98DB-291B7A22BABA}"
EndProject
Project("{FAE04EC0-301F-11D3-BF4B-00C04F79EFBC}") = "ejercicio4", "ejercicio4\ejercicio4.csproj", "{3189582D-59A1-4E27-99E8-195B2B58BF8D}"
EndProject
Project("{FAE04EC0-301F-11D3-BF4B-00C04F79EFBC}") = "ejercicio4.test", "ejercicio4.test\ejercicio4.test.csproj", "{26122E0C-E615-4DE2-8734-EF21AC9A8AAA}"
EndProject
Project("{FAE04EC0-301F-11D3-BF4B-00C04F79EFBC}") = "ejercicio5", "ejercicio5\ejercicio5.csproj", "{5CB47175-97F4-4CF9-86C9-DA5F07562FC2}"
EndProject
Project("{FAE04EC0-301F-11D3-BF4B-00C04F79EFBC}") = "ejercicio5.test", "ejercicio5.test\ejercicio5.test.csproj", "{CFD6A68C-D150-488D-90CE-3CAD2F371A4E}"
EndProject
Project("{FAE04EC0-301F-11D3-BF4B-00C04F79EFBC}") = "ejercicio6", "ejercicio6\ejercicio6.csproj", "{13213F9D-644A-47DE-A1EC-C4269D055D8C}"
EndProject
Project("{FAE04EC0-301F-11D3-BF4B-00C04F79EFBC}") = "ejercicio6.test", "ejercicio6.test\ejercicio6.test.csproj", "{8A881BB3-BFC3-4586-B1C4-F12377C2FB03}"
EndProject
Project("{FAE04EC0-301F-11D3-BF4B-00C04F79EFBC}") = "ejercicio7", "ejercicio7\ejercicio7.csproj", "{29FF7A14-2FF6-48BC-BD7E-5501081D5AC1}"
EndProject
Project("{FAE04EC0-301F-11D3-BF4B-00C04F79EFBC}") = "ejercicio7.test", "ejercicio7.test\ejercicio7.test.csproj", "{AC7CB7E4-13E4-4796-8C14-9C3D3365CF69}"
EndProject
Project("{FAE04EC0-301F-11D3-BF4B-00C04F79EFBC}") = "ejercicio8", "ejercicio8\ejercicio8.csproj", "{D15F44B4-1465-4D51-A7E3-274C8414A6BD}"
EndProject
Project("{FAE04EC0-301F-11D3-BF4B-00C04F79EFBC}") = "ejercicio8.test", "ejercicio8.test\ejercicio8.test.csproj", "{E67A7C4B-D8CE-4356-8722-DE4E257231B9}"
EndProject
Project("{FAE04EC0-301F-11D3-BF4B-00C04F79EFBC}") = "ejercicio9", "ejercicio9\ejercicio9.csproj", "{DD846A9D-F146-4F59-9DCC-52982B415CC1}"
EndProject
Project("{FAE04EC0-301F-11D3-BF4B-00C04F79EFBC}") = "ejercicio9.test", "ejercicio9.test\ejercicio9.test.csproj", "{AF971717-06B3-4284-B512-5992D7776429}"
EndProject
Project("{FAE04EC0-301F-11D3-BF4B-00C04F79EFBC}") = "ejercicio10", "ejercicio10\ejercicio10.csproj", "{58BF942E-A702-4AD6-8011-763E1046A576}"
EndProject
Project("{FAE04EC0-301F-11D3-BF4B-00C04F79EFBC}") = "ejercicio10.test", "ejercicio10.test\ejercicio10.test.csproj", "{349B1869-9A82-465C-9B28-1DE744F0EFB2}"
EndProject
Global
	GlobalSection(SolutionConfigurationPlatforms) = preSolution
		Debug|Any CPU = Debug|Any CPU
		Debug|x64 = Debug|x64
		Debug|x86 = Debug|x86
		Release|Any CPU = Release|Any CPU
		Release|x64 = Release|x64
		Release|x86 = Release|x86
	EndGlobalSection
	GlobalSection(ProjectConfigurationPlatforms) = postSolution
		{86927342-63CC-440C-9920-6B70B8C1F306}.Debug|Any CPU.ActiveCfg = Debug|Any CPU
		{86927342-63CC-440C-9920-6B70B8C1F306}.Debug|Any CPU.Build.0 = Debug|Any CPU
		{86927342-63CC-440C-9920-6B70B8C1F306}.Debug|x64.ActiveCfg = Debug|Any CPU
		{86927342-63CC-440C-9920-6B70B8C1F306}.Debug|x64.Build.0 = Debug|Any CPU
		{86927342-63CC-440C-9920-6B70B8C1F306}.Debug|x86.ActiveCfg = Debug|Any CPU
		{86927342-63CC-440C-9920-6B70B8C1F306}.Debug|x86.Build.0 = Debug|Any CPU
		{86927342-63CC-440C-9920-6B70B8C1F306}.Release|Any CPU.ActiveCfg = Release|Any CPU
		{86927342-63CC-440C-9920-6B70B8C1F306}.Release|Any CPU.Build.0 = Release|Any CPU
		{86927342-63CC-440C-9920-6B70B8C1F306}.Release|x64.ActiveCfg = Release|Any CPU
		{86927342-63CC-440C-9920-6B70B8C1F306}.Release|x64.Build.0 = Release|Any CPU
		{86927342-63CC-440C-9920-6B70B8C1F306}.Release|x86.ActiveCfg = Release|Any CPU
		{86927342-63CC-440C-9920-6B70B8C1F306}.Release|x86.Build.0 = Release|Any CPU
		{95B684EB-F4C1-46F5-93F4-24B76F8AE4D3}.Debug|Any CPU.ActiveCfg = Debug|Any CPU
		{95B684EB-F4C1-46F5-93F4-24B76F8AE4D3}.Debug|Any CPU.Build.0 = Debug|Any CPU
		{95B684EB-F4C1-46F5-93F4-24B76F8AE4D3}.Debug|x64.ActiveCfg = Debug|Any CPU
		{95B684EB-F4C1-46F5-93F4-24B76F8AE4D3}.Debug|x64.Build.0 = Debug|Any CPU
		{95B684EB-F4C1-46F5-93F4-24B76F8AE4D3}.Debug|x86.ActiveCfg = Debug|Any CPU
		{95B684EB-F4C1-46F5-93F4-24B76F8AE4D3}.Debug|x86.Build.0 = Debug|Any CPU
		{95B684EB-F4C1-46F5-93F4-24B76F8AE4D3}.Release|Any CPU.ActiveCfg = Release|Any CPU
		{95B684EB-F4C1-46F5-93F4-24B76F8AE4D3}.Release|Any CPU.Build.0 = Release|Any CPU
		{95B684EB-F4C1-46F5-93F4-24B76F8AE4D3}.Release|x64.ActiveCfg = Release|Any CPU
		{95B684EB-F4C1-46F5-93F4-24B76F8AE4D3}.Release|x64.Build.0 = Release|Any CPU
		{95B684EB-F4C1-46F5-93F4-24B76F8AE4D3}.Release|x86.ActiveCfg = Release|Any CPU
		{95B684EB-F4C1-46F5-93F4-24B76F8AE4D3}.Release|x86.Build.0 = Release|Any CPU
		{8088BD94-7190-4CCA-B976-7726F17ED93F}.Debug|Any CPU.ActiveCfg = Debug|Any CPU
		{8088BD94-7190-4CCA-B976-7726F17ED93F}.Debug|Any CPU.Build.0 = Debug|Any CPU
		{8088BD94-7190-4CCA-B976-7726F17ED93F}.Debug|x64.ActiveCfg = Debug|Any CPU
		{8088BD94-7190-4CCA-B976-7726F17ED93F}.Debug|x64.Build.0 = Debug|Any CPU
		{8088BD94-7190-4CCA-B976-7726F17ED93F}.Debug|x86.ActiveCfg = Debug|Any CPU
		{8088BD94-7190-4CCA-B976-7726F17ED93F}.Debug|x86.Build.0 = Debug|Any CPU
		{8088BD94-7190-4CCA-B976-7726F17ED93F}.Release|Any CPU.ActiveCfg = Release|Any CPU
		{8088BD94-7190-4CCA-B976-7726F17ED93F}.Release|Any CPU.Build.0 = Release|Any CPU
		{8088BD94-7190-4CCA-B976-7726F17ED93F}.Release|x64.ActiveCfg = Release|Any CPU
		{8088BD94-7190-4CCA-B976-7726F17ED93F}.Release|x64.Build.0 = Release|Any CPU
		{8088BD94-7190-4CCA-B976-7726F17ED93F}.Release|x86.ActiveCfg = Release|Any CPU
		{8088BD94-7190-4CCA-B976-7726F17ED93F}.Release|x86.Build.0 = Release|Any CPU
		{585AEB6A-4EBF-42EB-B923-4E51E9A1AD0E}.Debug|Any CPU.ActiveCfg = Debug|Any CPU
		{585AEB6A-4EBF-42EB-B923-4E51E9A1AD0E}.Debug|Any CPU.Build.0 = Debug|Any CPU
		{585AEB6A-4EBF-42EB-B923-4E51E9A1AD0E}.Debug|x64.ActiveCfg = Debug|Any CPU
		{585AEB6A-4EBF-42EB-B923-4E51E9A1AD0E}.Debug|x64.Build.0 = Debug|Any CPU
		{585AEB6A-4EBF-42EB-B923-4E51E9A1AD0E}.Debug|x86.ActiveCfg = Debug|Any CPU
		{585AEB6A-4EBF-42EB-B923-4E51E9A1AD0E}.Debug|x86.Build.0 = Debug|Any CPU
		{585AEB6A-4EBF-42EB-B923-4E51E9A1AD0E}.Release|Any CPU.ActiveCfg = Release|Any CPU
		{585AEB6A-4EBF-42EB-B923-4E51E9A1AD0E}.Release|Any CPU.Build.0 = Release|Any CPU
		{585AEB6A-4EBF-42EB-B923-4E51E9A1AD0E}.Release|x64.ActiveCfg = Release|Any CPU
		{585AEB6A-4EBF-42EB-B923-4E51E9A1AD0E}.Release|x64.Build.0 = Release|Any CPU
		{585AEB6A-4EBF-42EB-B923-4E51E9A1AD0E}.Release|x86.ActiveCfg = Release|Any CPU
		{585AEB6A-4EBF-42EB-B923-4E51E9A1AD0E}.Release|x86.Build.0 = Release|Any CPU
		{1782F64B-BF4E-4BBE-A695-CA5F992BD87F}.Debug|Any CPU.ActiveCfg = Debug|Any CPU
		{1782F64B-BF4E-4BBE-A695-CA5F992BD87F}.Debug|Any CPU.Build.0 = Debug|Any CPU
		{1782F64B-BF4E-4BBE-A695-CA5F992BD87F}.Debug|x64.ActiveCfg = Debug|Any CPU
		{1782F64B-BF4E-4BBE-A695-CA5F992BD87F}.Debug|x64.Build.0 = Debug|Any CPU
		{1782F64B-BF4E-4BBE-A695-CA5F992BD87F}.Debug|x86.ActiveCfg = Debug|Any CPU
		{1782F64B-BF4E-4BBE-A695-CA5F992BD87F}.Debug|x86.Build.0 = Debug|Any CPU
		{1782F64B-BF4E-4BBE-A695-CA5F992BD87F}.Release|Any CPU.ActiveCfg = Release|Any CPU
		{1782F64B-BF4E-4BBE-A695-CA5F992BD87F}.Release|Any CPU.Build.0 = Release|Any CPU
		{1782F64B-BF4E-4BBE-A695-CA5F992BD87F}.Release|x64.ActiveCfg = Release|Any CPU
		{1782F64B-BF4E-4BBE-A695-CA5F992BD87F}.Release|x64.Build.0 = Release|Any CPU
		{1782F64B-BF4E-4BBE-A695-CA5F992BD87F}.Release|x86.ActiveCfg = Release|Any CPU
		{1782F64B-BF4E-4BBE-A695-CA5F992BD87F}.Release|x86.Build.0 = Release|Any CPU
		{61777653-DBA6-4E9F-98DB-291B7A22BABA}.Debug|Any CPU.ActiveCfg = Debug|Any CPU
		{61777653-DBA6-4E9F-98DB-291B7A22BABA}.Debug|Any CPU.Build.0 = Debug|Any CPU
		{61777653-DBA6-4E9F-98DB-291B7A22BABA}.Debug|x64.ActiveCfg = Debug|Any CPU
		{61777653-DBA6-4E9F-98DB-291B7A22BABA}.Debug|x64.Build.0 = Debug|Any CPU
		{61777653-DBA6-4E9F-98DB-291B7A22BABA}.Debug|x86.ActiveCfg = Debug|Any CPU
		{61777653-DBA6-4E9F-98DB-291B7A22BABA}.Debug|x86.Build.0 = Debug|Any CPU
		{61777653-DBA6-4E9F-98DB-291B7A22BABA}.Release|Any CPU.ActiveCfg = Release|Any CPU
		{61777653-DBA6-4E9F-98DB-291B7A22BABA}.Release|Any CPU.Build.0 = Release|Any CPU
		{61777653-DBA6-4E9F-98DB-291B7A22BABA}.Release|x64.ActiveCfg = Release|Any CPU
		{61777653-DBA6-4E9F-98DB-291B7A22BABA}.Release|x64.Build.0 = Release|Any CPU
		{61777653-DBA6-4E9F-98DB-291B7A22BABA}.Release|x86.ActiveCfg = Release|Any CPU
		{61777653-DBA6-4E9F-98DB-291B7A22BABA}.Release|x86.Build.0 = Release|Any CPU
		{3189582D-59A1-4E27-99E8-195B2B58BF8D}.Debug|Any CPU.ActiveCfg = Debug|Any CPU
		{3189582D-59A1-4E27-99E8-195B2B58BF8D}.Debug|Any CPU.Build.0 = Debug|Any CPU
		{3189582D-59A1-4E27-99E8-195B2B58BF8D}.Debug|x64.ActiveCfg = Debug|Any CPU
		{3189582D-59A1-4E27-99E8-195B2B58BF8D}.Debug|x64.Build.0 = Debug|Any CPU
		{3189582D-59A1-4E27-99E8-195B2B58BF8D}.Debug|x86.ActiveCfg = Debug|Any CPU
		{3189582D-59A1-4E27-99E8-195B2B58BF8D}.Debug|x86.Build.0 = Debug|Any CPU
		{3189582D-59A1-4E27-99E8-195B2B58BF8D}.Release|Any CPU.ActiveCfg = Release|Any CPU
		{3189582D-59A1-4E27-99E8-195B2B58BF8D}.Release|Any CPU.Build.0 = Release|Any CPU
		{3189582D-59A1-4E27-99E8-195B2B58BF8D}.Release|x64.ActiveCfg = Release|Any CPU
		{3189582D-59A1-4E27-99E8-195B2B58BF8D}.Release|x64.Build.0 = Release|Any CPU
		{3189582D-59A1-4E27-99E8-195B2B58BF8D}.Release|x86.ActiveCfg = Release|Any CPU
		{3189582D-59A1-4E27-99E8-195B2B58BF8D}.Release|x86.Build.0 = Release|Any CPU
		{26122E0C-E615-4DE2-8734-EF21AC9A8AAA}.Debug|Any CPU.ActiveCfg = Debug|Any CPU
		{26122E0C-E615-4DE2-8734-EF21AC9A8AAA}.Debug|Any CPU.Build.0 = Debug|Any CPU
		{26122E0C-E615-4DE2-8734-EF21AC9A8AAA}.Debug|x64.ActiveCfg = Debug|Any CPU
		{26122E0C-E615-4DE2-8734-EF21AC9A8AAA}.Debug|x64.Build.0 = Debug|Any CPU
		{26122E0C-E615-4DE2-8734-EF21AC9A8AAA}.Debug|x86.ActiveCfg = Debug|Any CPU
		{26122E0C-E615-4DE2-8734-EF21AC9A8AAA}.Debug|x86.Build.0 = Debug|Any CPU
		{26122E0C-E615-4DE2-8734-EF21AC9A8AAA}.Release|Any CPU.ActiveCfg = Release|Any CPU
		{26122E0C-E615-4DE2-8734-EF21AC9A8AAA}.Release|Any CPU.Build.0 = Release|Any CPU
		{26122E0C-E615-4DE2-8734-EF21AC9A8AAA}.Release|x64.ActiveCfg = Release|Any CPU
		{26122E0C-E615-4DE2-8734-EF21AC9A8AAA}.Release|x64.Build.0 = Release|Any CPU
		{26122E0C-E615-4DE2-8734-EF21AC9A8AAA}.Release|x86.ActiveCfg = Release|Any CPU
		{26122E0C-E615-4DE2-8734-EF21AC9A8AAA}.Release|x86.Build.0 = Release|Any CPU
		{5CB47175-97F4-4CF9-86C9-DA5F07562FC2}.Debug|Any CPU.ActiveCfg = Debug|Any CPU
		{5CB47175-97F4-4CF9-86C9-DA5F07562FC2}.Debug|Any CPU.Build.0 = Debug|Any CPU
		{5CB47175-97F4-4CF9-86C9-DA5F07562FC2}.Debug|x64.ActiveCfg = Debug|Any CPU
		{5CB47175-97F4-4CF9-86C9-DA5F07562FC2}.Debug|x64.Build.0 = Debug|Any CPU
		{5CB47175-97F4-4CF9-86C9-DA5F07562FC2}.Debug|x86.ActiveCfg = Debug|Any CPU
		{5CB47175-97F4-4CF9-86C9-DA5F07562FC2}.Debug|x86.Build.0 = Debug|Any CPU
		{5CB47175-97F4-4CF9-86C9-DA5F07562FC2}.Release|Any CPU.ActiveCfg = Release|Any CPU
		{5CB47175-97F4-4CF9-86C9-DA5F07562FC2}.Release|Any CPU.Build.0 = Release|Any CPU
		{5CB47175-97F4-4CF9-86C9-DA5F07562FC2}.Release|x64.ActiveCfg = Release|Any CPU
		{5CB47175-97F4-4CF9-86C9-DA5F07562FC2}.Release|x64.Build.0 = Release|Any CPU
		{5CB47175-97F4-4CF9-86C9-DA5F07562FC2}.Release|x86.ActiveCfg = Release|Any CPU
		{5CB47175-97F4-4CF9-86C9-DA5F07562FC2}.Release|x86.Build.0 = Release|Any CPU
		{CFD6A68C-D150-488D-90CE-3CAD2F371A4E}.Debug|Any CPU.ActiveCfg = Debug|Any CPU
		{CFD6A68C-D150-488D-90CE-3CAD2F371A4E}.Debug|Any CPU.Build.0 = Debug|Any CPU
		{CFD6A68C-D150-488D-90CE-3CAD2F371A4E}.Debug|x64.ActiveCfg = Debug|Any CPU
		{CFD6A68C-D150-488D-90CE-3CAD2F371A4E}.Debug|x64.Build.0 = Debug|Any CPU
		{CFD6A68C-D150-488D-90CE-3CAD2F371A4E}.Debug|x86.ActiveCfg = Debug|Any CPU
		{CFD6A68C-D150-488D-90CE-3CAD2F371A4E}.Debug|x86.Build.0 = Debug|Any CPU
		{CFD6A68C-D150-488D-90CE-3CAD2F371A4E}.Release|Any CPU.ActiveCfg = Release|Any CPU
		{CFD6A68C-D150-488D-90CE-3CAD2F371A4E}.Release|Any CPU.Build.0 = Release|Any CPU
		{CFD6A68C-D150-488D-90CE-3CAD2F371A4E}.Release|x64.ActiveCfg = Release|Any CPU
		{CFD6A68C-D150-488D-90CE-3CAD2F371A4E}.Release|x64.Build.0 = Release|Any CPU
		{CFD6A68C-D150-488D-90CE-3CAD2F371A4E}.Release|x86.ActiveCfg = Release|Any CPU
		{CFD6A68C-D150-488D-90CE-3CAD2F371A4E}.Release|x86.Build.0 = Release|Any CPU
		{13213F9D-644A-47DE-A1EC-C4269D055D8C}.Debug|Any CPU.ActiveCfg = Debug|Any CPU
		{13213F9D-644A-47DE-A1EC-C4269D055D8C}.Debug|Any CPU.Build.0 = Debug|Any CPU
		{13213F9D-644A-47DE-A1EC-C4269D055D8C}.Debug|x64.ActiveCfg = Debug|Any CPU
		{13213F9D-644A-47DE-A1EC-C4269D055D8C}.Debug|x64.Build.0 = Debug|Any CPU
		{13213F9D-644A-47DE-A1EC-C4269D055D8C}.Debug|x86.ActiveCfg = Debug|Any CPU
		{13213F9D-644A-47DE-A1EC-C4269D055D8C}.Debug|x86.Build.0 = Debug|Any CPU
		{13213F9D-644A-47DE-A1EC-C4269D055D8C}.Release|Any CPU.ActiveCfg = Release|Any CPU
		{13213F9D-644A-47DE-A1EC-C4269D055D8C}.Release|Any CPU.Build.0 = Release|Any CPU
		{13213F9D-644A-47DE-A1EC-C4269D055D8C}.Release|x64.ActiveCfg = Release|Any CPU
		{13213F9D-644A-47DE-A1EC-C4269D055D8C}.Release|x64.Build.0 = Release|Any CPU
		{13213F9D-644A-47DE-A1EC-C4269D055D8C}.Release|x86.ActiveCfg = Release|Any CPU
		{13213F9D-644A-47DE-A1EC-C4269D055D8C}.Release|x86.Build.0 = Release|Any CPU
		{8A881BB3-BFC3-4586-B1C4-F12377C2FB03}.Debug|Any CPU.ActiveCfg = Debug|Any CPU
		{8A881BB3-BFC3-4586-B1C4-F12377C2FB03}.Debug|Any CPU.Build.0 = Debug|Any CPU
		{8A881BB3-BFC3-4586-B1C4-F12377C2FB03}.Debug|x64.ActiveCfg = Debug|Any CPU
		{8A881BB3-BFC3-4586-B1C4-F12377C2FB03}.Debug|x64.Build.0 = Debug|Any CPU
		{8A881BB3-BFC3-4586-B1C4-F12377C2FB03}.Debug|x86.ActiveCfg = Debug|Any CPU
		{8A881BB3-BFC3-4586-B1C4-F12377C2FB03}.Debug|x86.Build.0 = Debug|Any CPU
		{8A881BB3-BFC3-4586-B1C4-F12377C2FB03}.Release|Any CPU.ActiveCfg = Release|Any CPU
		{8A881BB3-BFC3-4586-B1C4-F12377C2FB03}.Release|Any CPU.Build.0 = Release|Any CPU
		{8A881BB3-BFC3-4586-B1C4-F12377C2FB03}.Release|x64.ActiveCfg = Release|Any CPU
		{8A881BB3-BFC3-4586-B1C4-F12377C2FB03}.Release|x64.Build.0 = Release|Any CPU
		{8A881BB3-BFC3-4586-B1C4-F12377C2FB03}.Release|x86.ActiveCfg = Release|Any CPU
		{8A881BB3-BFC3-4586-B1C4-F12377C2FB03}.Release|x86.Build.0 = Release|Any CPU
		{29FF7A14-2FF6-48BC-BD7E-5501081D5AC1}.Debug|Any CPU.ActiveCfg = Debug|Any CPU
		{29FF7A14-2FF6-48BC-BD7E-5501081D5AC1}.Debug|Any CPU.Build.0 = Debug|Any CPU
		{29FF7A14-2FF6-48BC-BD7E-5501081D5AC1}.Debug|x64.ActiveCfg = Debug|Any CPU
		{29FF7A14-2FF6-48BC-BD7E-5501081D5AC1}.Debug|x64.Build.0 = Debug|Any CPU
		{29FF7A14-2FF6-48BC-BD7E-5501081D5AC1}.Debug|x86.ActiveCfg = Debug|Any CPU
		{29FF7A14-2FF6-48BC-BD7E-5501081D5AC1}.Debug|x86.Build.0 = Debug|Any CPU
		{29FF7A14-2FF6-48BC-BD7E-5501081D5AC1}.Release|Any CPU.ActiveCfg = Release|Any CPU
		{29FF7A14-2FF6-48BC-BD7E-5501081D5AC1}.Release|Any CPU.Build.0 = Release|Any CPU
		{29FF7A14-2FF6-48BC-BD7E-5501081D5AC1}.Release|x64.ActiveCfg = Release|Any CPU
		{29FF7A14-2FF6-48BC-BD7E-5501081D5AC1}.Release|x64.Build.0 = Release|Any CPU
		{29FF7A14-2FF6-48BC-BD7E-5501081D5AC1}.Release|x86.ActiveCfg = Release|Any CPU
		{29FF7A14-2FF6-48BC-BD7E-5501081D5AC1}.Release|x86.Build.0 = Release|Any CPU
		{AC7CB7E4-13E4-4796-8C14-9C3D3365CF69}.Debug|Any CPU.ActiveCfg = Debug|Any CPU
		{AC7CB7E4-13E4-4796-8C14-9C3D3365CF69}.Debug|Any CPU.Build.0 = Debug|Any CPU
		{AC7CB7E4-13E4-4796-8C14-9C3D3365CF69}.Debug|x64.ActiveCfg = Debug|Any CPU
		{AC7CB7E4-13E4-4796-8C14-9C3D3365CF69}.Debug|x64.Build.0 = Debug|Any CPU
		{AC7CB7E4-13E4-4796-8C14-9C3D3365CF69}.Debug|x86.ActiveCfg = Debug|Any CPU
		{AC7CB7E4-13E4-4796-8C14-9C3D3365CF69}.Debug|x86.Build.0 = Debug|Any CPU
		{AC7CB7E4-13E4-4796-8C14-9C3D3365CF69}.Release|Any CPU.ActiveCfg = Release|Any CPU
		{AC7CB7E4-13E4-4796-8C14-9C3D3365CF69}.Release|Any CPU.Build.0 = Release|Any CPU
		{AC7CB7E4-13E4-4796-8C14-9C3D3365CF69}.Release|x64.ActiveCfg = Release|Any CPU
		{AC7CB7E4-13E4-4796-8C14-9C3D3365CF69}.Release|x64.Build.0 = Release|Any CPU
		{AC7CB7E4-13E4-4796-8C14-9C3D3365CF69}.Release|x86.ActiveCfg = Release|Any CPU
		{AC7CB7E4-13E4-4796-8C14-9C3D3365CF69}.Release|x86.Build.0 = Release|Any CPU
		{D15F44B4-1465-4D51-A7E3-274C8414A6BD}.Debug|Any CPU.ActiveCfg = Debug|Any CPU
		{D15F44B4-1465-4D51-A7E3-274C8414A6BD}.Debug|Any CPU.Build.0 = Debug|Any CPU
		{D15F44B4-1465-4D51-A7E3-274C8414A6BD}.Debug|x64.ActiveCfg = Debug|Any CPU
		{D15F44B4-1465-4D51-A7E3-274C8414A6BD}.Debug|x64.Build.0 = Debug|Any CPU
		{D15F44B4-1465-4D51-A7E3-274C8414A6BD}.Debug|x86.ActiveCfg = Debug|Any CPU
		{D15F44B4-1465-4D51-A7E3-274C8414A6BD}.Debug|x86.Build.0 = Debug|Any CPU
		{D15F44B4-1465-4D51-A7E3-274C8414A6BD}.Release|Any CPU.ActiveCfg = Release|Any CPU
		{D15F44B4-1465-4D51-A7E3-274C8414A6BD}.Release|Any CPU.Build.0 = Release|Any CPU
		{D15F44B4-1465-4D51-A7E3-274C8414A6BD}.Release|x64.ActiveCfg = Release|Any CPU
		{D15F44B4-1465-4D51-A7E3-274C8414A6BD}.Release|x64.Build.0 = Release|Any CPU
		{D15F44B4-1465-4D51-A7E3-274C8414A6BD}.Release|x86.ActiveCfg = Release|Any CPU
		{D15F44B4-1465-4D51-A7E3-274C8414A6BD}.Release|x86.Build.0 = Release|Any CPU
		{E67A7C4B-D8CE-4356-8722-DE4E257231B9}.Debug|Any CPU.ActiveCfg = Debug|Any CPU
		{E67A7C4B-D8CE-4356-8722-DE4E257231B9}.Debug|Any CPU.Build.0 = Debug|Any CPU
		{E67A7C4B-D8CE-4356-8722-DE4E257231B9}.Debug|x64.ActiveCfg = Debug|Any CPU
		{E67A7C4B-D8CE-4356-8722-DE4E257231B9}.Debug|x64.Build.0 = Debug|Any CPU
		{E67A7C4B-D8CE-4356-8722-DE4E257231B9}.Debug|x86.ActiveCfg = Debug|Any CPU
		{E67A7C4B-D8CE-4356-8722-DE4E257231B9}.Debug|x86.Build.0 = Debug|Any CPU
		{E67A7C4B-D8CE-4356-8722-DE4E257231B9}.Release|Any CPU.ActiveCfg = Release|Any CPU
		{E67A7C4B-D8CE-4356-8722-DE4E257231B9}.Release|Any CPU.Build.0 = Release|Any CPU
		{E67A7C4B-D8CE-4356-8722-DE4E257231B9}.Release|x64.ActiveCfg = Release|Any CPU
		{E67A7C4B-D8CE-4356-8722-DE4E257231B9}.Release|x64.Build.0 = Release|Any CPU
		{E67A7C4B-D8CE-4356-8722-DE4E257231B9}.Release|x86.ActiveCfg = Release|Any CPU
		{E67A7C4B-D8CE-4356-8722-DE4E257231B9}.Release|x86.Build.0 = Release|Any CPU
		{DD846A9D-F146-4F59-9DCC-52982B415CC1}.Debug|Any CPU.ActiveCfg = Debug|Any CPU
		{DD846A9D-F146-4F59-9DCC-52982B415CC1}.Debug|Any CPU.Build.0 = Debug|Any CPU
		{DD846A9D-F146-4F59-9DCC-52982B415CC1}.Debug|x64.ActiveCfg = Debug|Any CPU
		{DD846A9D-F146-4F59-9DCC-52982B415CC1}.Debug|x64.Build.0 = Debug|Any CPU
		{DD846A9D-F146-4F59-9DCC-52982B415CC1}.Debug|x86.ActiveCfg = Debug|Any CPU
		{DD846A9D-F146-4F59-9DCC-52982B415CC1}.Debug|x86.Build.0 = Debug|Any CPU
		{DD846A9D-F146-4F59-9DCC-52982B415CC1}.Release|Any CPU.ActiveCfg = Release|Any CPU
		{DD846A9D-F146-4F59-9DCC-52982B415CC1}.Release|Any CPU.Build.0 = Release|Any CPU
		{DD846A9D-F146-4F59-9DCC-52982B415CC1}.Release|x64.ActiveCfg = Release|Any CPU
		{DD846A9D-F146-4F59-9DCC-52982B415CC1}.Release|x64.Build.0 = Release|Any CPU
		{DD846A9D-F146-4F59-9DCC-52982B415CC1}.Release|x86.ActiveCfg = Release|Any CPU
		{DD846A9D-F146-4F59-9DCC-52982B415CC1}.Release|x86.Build.0 = Release|Any CPU
		{AF971717-06B3-4284-B512-5992D7776429}.Debug|Any CPU.ActiveCfg = Debug|Any CPU
		{AF971717-06B3-4284-B512-5992D7776429}.Debug|Any CPU.Build.0 = Debug|Any CPU
		{AF971717-06B3-4284-B512-5992D7776429}.Debug|x64.ActiveCfg = Debug|Any CPU
		{AF971717-06B3-4284-B512-5992D7776429}.Debug|x64.Build.0 = Debug|Any CPU
		{AF971717-06B3-4284-B512-5992D7776429}.Debug|x86.ActiveCfg = Debug|Any CPU
		{AF971717-06B3-4284-B512-5992D7776429}.Debug|x86.Build.0 = Debug|Any CPU
		{AF971717-06B3-4284-B512-5992D7776429}.Release|Any CPU.ActiveCfg = Release|Any CPU
		{AF971717-06B3-4284-B512-5992D7776429}.Release|Any CPU.Build.0 = Release|Any CPU
		{AF971717-06B3-4284-B512-5992D7776429}.Release|x64.ActiveCfg = Release|Any CPU
		{AF971717-06B3-4284-B512-5992D7776429}.Release|x64.Build.0 = Release|Any CPU
		{AF971717-06B3-4284-B512-5992D7776429}.Release|x86.ActiveCfg = Release|Any CPU
		{AF971717-06B3-4284-B512-5992D7776429}.Release|x86.Build.0 = Release|Any CPU
		{58BF942E-A702-4AD6-8011-763E1046A576}.Debug|Any CPU.ActiveCfg = Debug|Any CPU
		{58BF942E-A702-4AD6-8011-763E1046A576}.Debug|Any CPU.Build.0 = Debug|Any CPU
		{58BF942E-A702-4AD6-8011-763E1046A576}.Debug|x64.ActiveCfg = Debug|Any CPU
		{58BF942E-A702-4AD6-8011-763E1046A576}.Debug|x64.Build.0 = Debug|Any CPU
		{58BF942E-A702-4AD6-8011-763E1046A576}.Debug|x86.ActiveCfg = Debug|Any CPU
		{58BF942E-A702-4AD6-8011-763E1046A576}.Debug|x86.Build.0 = Debug|Any CPU
		{58BF942E-A702-4AD6-8011-763E1046A576}.Release|Any CPU.ActiveCfg = Release|Any CPU
		{58BF942E-A702-4AD6-8011-763E1046A576}.Release|Any CPU.Build.0 = Release|Any CPU
		{58BF942E-A702-4AD6-8011-763E1046A576}.Release|x64.ActiveCfg = Release|Any CPU
		{58BF942E-A702-4AD6-8011-763E1046A576}.Release|x64.Build.0 = Release|Any CPU
		{58BF942E-A702-4AD6-8011-763E1046A576}.Release|x86.ActiveCfg = Release|Any CPU
		{58BF942E-A702-4AD6-8011-763E1046A576}.Release|x86.Build.0 = Release|Any CPU
		{349B1869-9A82-465C-9B28-1DE744F0EFB2}.Debug|Any CPU.ActiveCfg = Debug|Any CPU
		{349B1869-9A82-465C-9B28-1DE744F0EFB2}.Debug|Any CPU.Build.0 = Debug|Any CPU
		{349B1869-9A82-465C-9B28-1DE744F0EFB2}.Debug|x64.ActiveCfg = Debug|Any CPU
		{349B1869-9A82-465C-9B28-1DE744F0EFB2}.Debug|x64.Build.0 = Debug|Any CPU
		{349B1869-9A82-465C-9B28-1DE744F0EFB2}.Debug|x86.ActiveCfg = Debug|Any CPU
		{349B1869-9A82-465C-9B28-1DE744F0EFB2}.Debug|x86.Build.0 = Debug|Any CPU
		{349B1869-9A82-465C-9B28-1DE744F0EFB2}.Release|Any CPU.ActiveCfg = Release|Any CPU
		{349B1869-9A82-465C-9B28-1DE744F0EFB2}.Release|Any CPU.Build.0 = Release|Any CPU
		{349B1869-9A82-465C-9B28-1DE744F0EFB2}.Release|x64.ActiveCfg = Release|Any CPU
		{349B1869-9A82-465C-9B28-1DE744F0EFB2}.Release|x64.Build.0 = Release|Any CPU
		{349B1869-9A82-465C-9B28-1DE744F0EFB2}.Release|x86.ActiveCfg = Release|Any CPU
		{349B1869-9A82-465C-9B28-1DE744F0EFB2}.Release|x86.Build.0 = Release|Any CPU
	EndGlobalSection
	GlobalSection(SolutionProperties) = preSolution
		HideSolutionNode = FALSE
	EndGlobalSection
EndGlobal
