
Microsoft Visual Studio Solution File, Format Version 12.00
# Visual Studio Version 17
VisualStudioVersion = 17.0.31903.59
MinimumVisualStudioVersion = 10.0.40219.1
Project("{FAE04EC0-301F-11D3-BF4B-00C04F79EFBC}") = "ejercicio1", "ejercicio1\ejercicio1.csproj", "{5AC72A11-C4AA-482F-9F2E-E247FDFA46B0}"
EndProject
Project("{FAE04EC0-301F-11D3-BF4B-00C04F79EFBC}") = "ejercicio2", "ejercicio2\ejercicio2.csproj", "{858847C2-0D4D-4D90-80FC-DA7561C313DB}"
EndProject
Project("{FAE04EC0-301F-11D3-BF4B-00C04F79EFBC}") = "ejercicio3", "ejercicio3\ejercicio3.csproj", "{68086148-A4FB-472D-A425-48166A1301F1}"
EndProject
Project("{FAE04EC0-301F-11D3-BF4B-00C04F79EFBC}") = "ejercicio4", "ejercicio4\ejercicio4.csproj", "{8A2D8846-F78A-4895-A840-3EF279DF1197}"
EndProject
Project("{FAE04EC0-301F-11D3-BF4B-00C04F79EFBC}") = "ejercicio5", "ejercicio5\ejercicio5.csproj", "{AA18BCB0-239B-4B3E-B49A-98B72436E145}"
EndProject
Project("{FAE04EC0-301F-11D3-BF4B-00C04F79EFBC}") = "ejercicio1.test", "ejercicio1.test\ejercicio1.test.csproj", "{4B4A7EEF-C24D-4469-87CE-25E7C187BA45}"
EndProject
Project("{FAE04EC0-301F-11D3-BF4B-00C04F79EFBC}") = "ejercicio2.tests", "ejercicio2.tests\ejercicio2.tests.csproj", "{95DB7974-D31E-447D-9074-6233B279F5BB}"
EndProject
Project("{FAE04EC0-301F-11D3-BF4B-00C04F79EFBC}") = "ejercicio3.tests", "ejercicio3.tests\ejercicio3.tests.csproj", "{C108ADBD-AEA5-496F-904C-DDF67181FA15}"
EndProject
Project("{FAE04EC0-301F-11D3-BF4B-00C04F79EFBC}") = "ejercicio4.tests", "ejercicio4.tests\ejercicio4.tests.csproj", "{179F5EF8-8219-4119-85FB-F2344C052364}"
EndProject
Project("{FAE04EC0-301F-11D3-BF4B-00C04F79EFBC}") = "ejercicio5.tests", "ejercicio5.tests\ejercicio5.tests.csproj", "{73ED5AC9-2D19-48CA-9627-1DC691E0398A}"
EndProject
Global
	GlobalSection(SolutionConfigurationPlatforms) = preSolution
		Debug|Any CPU = Debug|Any CPU
		Debug|x64 = Debug|x64
		Debug|x86 = Debug|x86
		Release|Any CPU = Release|Any CPU
		Release|x64 = Release|x64
		Release|x86 = Release|x86
	EndGlobalSection
	GlobalSection(ProjectConfigurationPlatforms) = postSolution
		{5AC72A11-C4AA-482F-9F2E-E247FDFA46B0}.Debug|Any CPU.ActiveCfg = Debug|Any CPU
		{5AC72A11-C4AA-482F-9F2E-E247FDFA46B0}.Debug|Any CPU.Build.0 = Debug|Any CPU
		{5AC72A11-C4AA-482F-9F2E-E247FDFA46B0}.Debug|x64.ActiveCfg = Debug|Any CPU
		{5AC72A11-C4AA-482F-9F2E-E247FDFA46B0}.Debug|x64.Build.0 = Debug|Any CPU
		{5AC72A11-C4AA-482F-9F2E-E247FDFA46B0}.Debug|x86.ActiveCfg = Debug|Any CPU
		{5AC72A11-C4AA-482F-9F2E-E247FDFA46B0}.Debug|x86.Build.0 = Debug|Any CPU
		{5AC72A11-C4AA-482F-9F2E-E247FDFA46B0}.Release|Any CPU.ActiveCfg = Release|Any CPU
		{5AC72A11-C4AA-482F-9F2E-E247FDFA46B0}.Release|Any CPU.Build.0 = Release|Any CPU
		{5AC72A11-C4AA-482F-9F2E-E247FDFA46B0}.Release|x64.ActiveCfg = Release|Any CPU
		{5AC72A11-C4AA-482F-9F2E-E247FDFA46B0}.Release|x64.Build.0 = Release|Any CPU
		{5AC72A11-C4AA-482F-9F2E-E247FDFA46B0}.Release|x86.ActiveCfg = Release|Any CPU
		{5AC72A11-C4AA-482F-9F2E-E247FDFA46B0}.Release|x86.Build.0 = Release|Any CPU
		{858847C2-0D4D-4D90-80FC-DA7561C313DB}.Debug|Any CPU.ActiveCfg = Debug|Any CPU
		{858847C2-0D4D-4D90-80FC-DA7561C313DB}.Debug|Any CPU.Build.0 = Debug|Any CPU
		{858847C2-0D4D-4D90-80FC-DA7561C313DB}.Debug|x64.ActiveCfg = Debug|Any CPU
		{858847C2-0D4D-4D90-80FC-DA7561C313DB}.Debug|x64.Build.0 = Debug|Any CPU
		{858847C2-0D4D-4D90-80FC-DA7561C313DB}.Debug|x86.ActiveCfg = Debug|Any CPU
		{858847C2-0D4D-4D90-80FC-DA7561C313DB}.Debug|x86.Build.0 = Debug|Any CPU
		{858847C2-0D4D-4D90-80FC-DA7561C313DB}.Release|Any CPU.ActiveCfg = Release|Any CPU
		{858847C2-0D4D-4D90-80FC-DA7561C313DB}.Release|Any CPU.Build.0 = Release|Any CPU
		{858847C2-0D4D-4D90-80FC-DA7561C313DB}.Release|x64.ActiveCfg = Release|Any CPU
		{858847C2-0D4D-4D90-80FC-DA7561C313DB}.Release|x64.Build.0 = Release|Any CPU
		{858847C2-0D4D-4D90-80FC-DA7561C313DB}.Release|x86.ActiveCfg = Release|Any CPU
		{858847C2-0D4D-4D90-80FC-DA7561C313DB}.Release|x86.Build.0 = Release|Any CPU
		{68086148-A4FB-472D-A425-48166A1301F1}.Debug|Any CPU.ActiveCfg = Debug|Any CPU
		{68086148-A4FB-472D-A425-48166A1301F1}.Debug|Any CPU.Build.0 = Debug|Any CPU
		{68086148-A4FB-472D-A425-48166A1301F1}.Debug|x64.ActiveCfg = Debug|Any CPU
		{68086148-A4FB-472D-A425-48166A1301F1}.Debug|x64.Build.0 = Debug|Any CPU
		{68086148-A4FB-472D-A425-48166A1301F1}.Debug|x86.ActiveCfg = Debug|Any CPU
		{68086148-A4FB-472D-A425-48166A1301F1}.Debug|x86.Build.0 = Debug|Any CPU
		{68086148-A4FB-472D-A425-48166A1301F1}.Release|Any CPU.ActiveCfg = Release|Any CPU
		{68086148-A4FB-472D-A425-48166A1301F1}.Release|Any CPU.Build.0 = Release|Any CPU
		{68086148-A4FB-472D-A425-48166A1301F1}.Release|x64.ActiveCfg = Release|Any CPU
		{68086148-A4FB-472D-A425-48166A1301F1}.Release|x64.Build.0 = Release|Any CPU
		{68086148-A4FB-472D-A425-48166A1301F1}.Release|x86.ActiveCfg = Release|Any CPU
		{68086148-A4FB-472D-A425-48166A1301F1}.Release|x86.Build.0 = Release|Any CPU
		{8A2D8846-F78A-4895-A840-3EF279DF1197}.Debug|Any CPU.ActiveCfg = Debug|Any CPU
		{8A2D8846-F78A-4895-A840-3EF279DF1197}.Debug|Any CPU.Build.0 = Debug|Any CPU
		{8A2D8846-F78A-4895-A840-3EF279DF1197}.Debug|x64.ActiveCfg = Debug|Any CPU
		{8A2D8846-F78A-4895-A840-3EF279DF1197}.Debug|x64.Build.0 = Debug|Any CPU
		{8A2D8846-F78A-4895-A840-3EF279DF1197}.Debug|x86.ActiveCfg = Debug|Any CPU
		{8A2D8846-F78A-4895-A840-3EF279DF1197}.Debug|x86.Build.0 = Debug|Any CPU
		{8A2D8846-F78A-4895-A840-3EF279DF1197}.Release|Any CPU.ActiveCfg = Release|Any CPU
		{8A2D8846-F78A-4895-A840-3EF279DF1197}.Release|Any CPU.Build.0 = Release|Any CPU
		{8A2D8846-F78A-4895-A840-3EF279DF1197}.Release|x64.ActiveCfg = Release|Any CPU
		{8A2D8846-F78A-4895-A840-3EF279DF1197}.Release|x64.Build.0 = Release|Any CPU
		{8A2D8846-F78A-4895-A840-3EF279DF1197}.Release|x86.ActiveCfg = Release|Any CPU
		{8A2D8846-F78A-4895-A840-3EF279DF1197}.Release|x86.Build.0 = Release|Any CPU
		{AA18BCB0-239B-4B3E-B49A-98B72436E145}.Debug|Any CPU.ActiveCfg = Debug|Any CPU
		{AA18BCB0-239B-4B3E-B49A-98B72436E145}.Debug|Any CPU.Build.0 = Debug|Any CPU
		{AA18BCB0-239B-4B3E-B49A-98B72436E145}.Debug|x64.ActiveCfg = Debug|Any CPU
		{AA18BCB0-239B-4B3E-B49A-98B72436E145}.Debug|x64.Build.0 = Debug|Any CPU
		{AA18BCB0-239B-4B3E-B49A-98B72436E145}.Debug|x86.ActiveCfg = Debug|Any CPU
		{AA18BCB0-239B-4B3E-B49A-98B72436E145}.Debug|x86.Build.0 = Debug|Any CPU
		{AA18BCB0-239B-4B3E-B49A-98B72436E145}.Release|Any CPU.ActiveCfg = Release|Any CPU
		{AA18BCB0-239B-4B3E-B49A-98B72436E145}.Release|Any CPU.Build.0 = Release|Any CPU
		{AA18BCB0-239B-4B3E-B49A-98B72436E145}.Release|x64.ActiveCfg = Release|Any CPU
		{AA18BCB0-239B-4B3E-B49A-98B72436E145}.Release|x64.Build.0 = Release|Any CPU
		{AA18BCB0-239B-4B3E-B49A-98B72436E145}.Release|x86.ActiveCfg = Release|Any CPU
		{AA18BCB0-239B-4B3E-B49A-98B72436E145}.Release|x86.Build.0 = Release|Any CPU
		{4B4A7EEF-C24D-4469-87CE-25E7C187BA45}.Debug|Any CPU.ActiveCfg = Debug|Any CPU
		{4B4A7EEF-C24D-4469-87CE-25E7C187BA45}.Debug|Any CPU.Build.0 = Debug|Any CPU
		{4B4A7EEF-C24D-4469-87CE-25E7C187BA45}.Debug|x64.ActiveCfg = Debug|Any CPU
		{4B4A7EEF-C24D-4469-87CE-25E7C187BA45}.Debug|x64.Build.0 = Debug|Any CPU
		{4B4A7EEF-C24D-4469-87CE-25E7C187BA45}.Debug|x86.ActiveCfg = Debug|Any CPU
		{4B4A7EEF-C24D-4469-87CE-25E7C187BA45}.Debug|x86.Build.0 = Debug|Any CPU
		{4B4A7EEF-C24D-4469-87CE-25E7C187BA45}.Release|Any CPU.ActiveCfg = Release|Any CPU
		{4B4A7EEF-C24D-4469-87CE-25E7C187BA45}.Release|Any CPU.Build.0 = Release|Any CPU
		{4B4A7EEF-C24D-4469-87CE-25E7C187BA45}.Release|x64.ActiveCfg = Release|Any CPU
		{4B4A7EEF-C24D-4469-87CE-25E7C187BA45}.Release|x64.Build.0 = Release|Any CPU
		{4B4A7EEF-C24D-4469-87CE-25E7C187BA45}.Release|x86.ActiveCfg = Release|Any CPU
		{4B4A7EEF-C24D-4469-87CE-25E7C187BA45}.Release|x86.Build.0 = Release|Any CPU
		{95DB7974-D31E-447D-9074-6233B279F5BB}.Debug|Any CPU.ActiveCfg = Debug|Any CPU
		{95DB7974-D31E-447D-9074-6233B279F5BB}.Debug|Any CPU.Build.0 = Debug|Any CPU
		{95DB7974-D31E-447D-9074-6233B279F5BB}.Debug|x64.ActiveCfg = Debug|Any CPU
		{95DB7974-D31E-447D-9074-6233B279F5BB}.Debug|x64.Build.0 = Debug|Any CPU
		{95DB7974-D31E-447D-9074-6233B279F5BB}.Debug|x86.ActiveCfg = Debug|Any CPU
		{95DB7974-D31E-447D-9074-6233B279F5BB}.Debug|x86.Build.0 = Debug|Any CPU
		{95DB7974-D31E-447D-9074-6233B279F5BB}.Release|Any CPU.ActiveCfg = Release|Any CPU
		{95DB7974-D31E-447D-9074-6233B279F5BB}.Release|Any CPU.Build.0 = Release|Any CPU
		{95DB7974-D31E-447D-9074-6233B279F5BB}.Release|x64.ActiveCfg = Release|Any CPU
		{95DB7974-D31E-447D-9074-6233B279F5BB}.Release|x64.Build.0 = Release|Any CPU
		{95DB7974-D31E-447D-9074-6233B279F5BB}.Release|x86.ActiveCfg = Release|Any CPU
		{95DB7974-D31E-447D-9074-6233B279F5BB}.Release|x86.Build.0 = Release|Any CPU
		{C108ADBD-AEA5-496F-904C-DDF67181FA15}.Debug|Any CPU.ActiveCfg = Debug|Any CPU
		{C108ADBD-AEA5-496F-904C-DDF67181FA15}.Debug|Any CPU.Build.0 = Debug|Any CPU
		{C108ADBD-AEA5-496F-904C-DDF67181FA15}.Debug|x64.ActiveCfg = Debug|Any CPU
		{C108ADBD-AEA5-496F-904C-DDF67181FA15}.Debug|x64.Build.0 = Debug|Any CPU
		{C108ADBD-AEA5-496F-904C-DDF67181FA15}.Debug|x86.ActiveCfg = Debug|Any CPU
		{C108ADBD-AEA5-496F-904C-DDF67181FA15}.Debug|x86.Build.0 = Debug|Any CPU
		{C108ADBD-AEA5-496F-904C-DDF67181FA15}.Release|Any CPU.ActiveCfg = Release|Any CPU
		{C108ADBD-AEA5-496F-904C-DDF67181FA15}.Release|Any CPU.Build.0 = Release|Any CPU
		{C108ADBD-AEA5-496F-904C-DDF67181FA15}.Release|x64.ActiveCfg = Release|Any CPU
		{C108ADBD-AEA5-496F-904C-DDF67181FA15}.Release|x64.Build.0 = Release|Any CPU
		{C108ADBD-AEA5-496F-904C-DDF67181FA15}.Release|x86.ActiveCfg = Release|Any CPU
		{C108ADBD-AEA5-496F-904C-DDF67181FA15}.Release|x86.Build.0 = Release|Any CPU
		{179F5EF8-8219-4119-85FB-F2344C052364}.Debug|Any CPU.ActiveCfg = Debug|Any CPU
		{179F5EF8-8219-4119-85FB-F2344C052364}.Debug|Any CPU.Build.0 = Debug|Any CPU
		{179F5EF8-8219-4119-85FB-F2344C052364}.Debug|x64.ActiveCfg = Debug|Any CPU
		{179F5EF8-8219-4119-85FB-F2344C052364}.Debug|x64.Build.0 = Debug|Any CPU
		{179F5EF8-8219-4119-85FB-F2344C052364}.Debug|x86.ActiveCfg = Debug|Any CPU
		{179F5EF8-8219-4119-85FB-F2344C052364}.Debug|x86.Build.0 = Debug|Any CPU
		{179F5EF8-8219-4119-85FB-F2344C052364}.Release|Any CPU.ActiveCfg = Release|Any CPU
		{179F5EF8-8219-4119-85FB-F2344C052364}.Release|Any CPU.Build.0 = Release|Any CPU
		{179F5EF8-8219-4119-85FB-F2344C052364}.Release|x64.ActiveCfg = Release|Any CPU
		{179F5EF8-8219-4119-85FB-F2344C052364}.Release|x64.Build.0 = Release|Any CPU
		{179F5EF8-8219-4119-85FB-F2344C052364}.Release|x86.ActiveCfg = Release|Any CPU
		{179F5EF8-8219-4119-85FB-F2344C052364}.Release|x86.Build.0 = Release|Any CPU
		{73ED5AC9-2D19-48CA-9627-1DC691E0398A}.Debug|Any CPU.ActiveCfg = Debug|Any CPU
		{73ED5AC9-2D19-48CA-9627-1DC691E0398A}.Debug|Any CPU.Build.0 = Debug|Any CPU
		{73ED5AC9-2D19-48CA-9627-1DC691E0398A}.Debug|x64.ActiveCfg = Debug|Any CPU
		{73ED5AC9-2D19-48CA-9627-1DC691E0398A}.Debug|x64.Build.0 = Debug|Any CPU
		{73ED5AC9-2D19-48CA-9627-1DC691E0398A}.Debug|x86.ActiveCfg = Debug|Any CPU
		{73ED5AC9-2D19-48CA-9627-1DC691E0398A}.Debug|x86.Build.0 = Debug|Any CPU
		{73ED5AC9-2D19-48CA-9627-1DC691E0398A}.Release|Any CPU.ActiveCfg = Release|Any CPU
		{73ED5AC9-2D19-48CA-9627-1DC691E0398A}.Release|Any CPU.Build.0 = Release|Any CPU
		{73ED5AC9-2D19-48CA-9627-1DC691E0398A}.Release|x64.ActiveCfg = Release|Any CPU
		{73ED5AC9-2D19-48CA-9627-1DC691E0398A}.Release|x64.Build.0 = Release|Any CPU
		{73ED5AC9-2D19-48CA-9627-1DC691E0398A}.Release|x86.ActiveCfg = Release|Any CPU
		{73ED5AC9-2D19-48CA-9627-1DC691E0398A}.Release|x86.Build.0 = Release|Any CPU
	EndGlobalSection
	GlobalSection(SolutionProperties) = preSolution
		HideSolutionNode = FALSE
	EndGlobalSection
EndGlobal
