
Microsoft Visual Studio Solution File, Format Version 12.00
# Visual Studio Version 17
VisualStudioVersion = 17.0.31903.59
MinimumVisualStudioVersion = 10.0.40219.1
Project("{FAE04EC0-301F-11D3-BF4B-00C04F79EFBC}") = "ejercicio1", "ejercicio1\ejercicio1.csproj", "{A824E9F5-E8A1-4B44-A679-B69593C487B3}"
EndProject
Project("{FAE04EC0-301F-11D3-BF4B-00C04F79EFBC}") = "ejercicio2", "ejercicio2\ejercicio2.csproj", "{EA303057-FFBE-4798-8556-3944DDEF37A8}"
EndProject
Project("{FAE04EC0-301F-11D3-BF4B-00C04F79EFBC}") = "ejercicio3", "ejercicio3\ejercicio3.csproj", "{74CDF258-1D0B-4925-9969-B8A931DAFC01}"
EndProject
Project("{FAE04EC0-301F-11D3-BF4B-00C04F79EFBC}") = "ejercicio4", "ejercicio4\ejercicio4.csproj", "{7EF56208-0BFD-45F7-A7F2-1DA5A50158D5}"
EndProject
Project("{FAE04EC0-301F-11D3-BF4B-00C04F79EFBC}") = "ejercicio5", "ejercicio5\ejercicio5.csproj", "{DECF5722-6D1C-46C7-8C99-C2BC1BDAE5CF}"
EndProject
Project("{FAE04EC0-301F-11D3-BF4B-00C04F79EFBC}") = "ejercicio1.tests", "ejercicio1.tests\ejercicio1.tests.csproj", "{E319D0BF-79FE-4881-992D-7BB025A60A64}"
EndProject
Project("{FAE04EC0-301F-11D3-BF4B-00C04F79EFBC}") = "ejercicio2.tests", "ejercicio2.tests\ejercicio2.tests.csproj", "{16250BC0-6133-4084-A58B-2CFFE4F2DE02}"
EndProject
Project("{FAE04EC0-301F-11D3-BF4B-00C04F79EFBC}") = "ejercicio3.tests", "ejercicio3.tests\ejercicio3.tests.csproj", "{379E15A9-F516-4842-A34B-5E137D5F7AA0}"
EndProject
Project("{FAE04EC0-301F-11D3-BF4B-00C04F79EFBC}") = "ejercicio4.tests", "ejercicio4.tests\ejercicio4.tests.csproj", "{B83E914A-2FE6-4FB5-B270-F3DBB4C34557}"
EndProject
Project("{FAE04EC0-301F-11D3-BF4B-00C04F79EFBC}") = "ejercicio5.tests", "ejercicio5.tests\ejercicio5.tests.csproj", "{B3681652-2A39-45D2-A7F3-15A90BB81BD8}"
EndProject
Project("{FAE04EC0-301F-11D3-BF4B-00C04F79EFBC}") = "ejercicio6", "ejercicio6\ejercicio6.csproj", "{2277F0A1-B47A-40FF-9C9B-9F4394F80D1D}"
EndProject
Project("{FAE04EC0-301F-11D3-BF4B-00C04F79EFBC}") = "ejercicio6.tests", "ejercicio6.tests\ejercicio6.tests.csproj", "{BEE41F32-D823-4A05-81CD-90994B4C04F8}"
EndProject
Global
	GlobalSection(SolutionConfigurationPlatforms) = preSolution
		Debug|Any CPU = Debug|Any CPU
		Debug|x64 = Debug|x64
		Debug|x86 = Debug|x86
		Release|Any CPU = Release|Any CPU
		Release|x64 = Release|x64
		Release|x86 = Release|x86
	EndGlobalSection
	GlobalSection(ProjectConfigurationPlatforms) = postSolution
		{A824E9F5-E8A1-4B44-A679-B69593C487B3}.Debug|Any CPU.ActiveCfg = Debug|Any CPU
		{A824E9F5-E8A1-4B44-A679-B69593C487B3}.Debug|Any CPU.Build.0 = Debug|Any CPU
		{A824E9F5-E8A1-4B44-A679-B69593C487B3}.Debug|x64.ActiveCfg = Debug|Any CPU
		{A824E9F5-E8A1-4B44-A679-B69593C487B3}.Debug|x64.Build.0 = Debug|Any CPU
		{A824E9F5-E8A1-4B44-A679-B69593C487B3}.Debug|x86.ActiveCfg = Debug|Any CPU
		{A824E9F5-E8A1-4B44-A679-B69593C487B3}.Debug|x86.Build.0 = Debug|Any CPU
		{A824E9F5-E8A1-4B44-A679-B69593C487B3}.Release|Any CPU.ActiveCfg = Release|Any CPU
		{A824E9F5-E8A1-4B44-A679-B69593C487B3}.Release|Any CPU.Build.0 = Release|Any CPU
		{A824E9F5-E8A1-4B44-A679-B69593C487B3}.Release|x64.ActiveCfg = Release|Any CPU
		{A824E9F5-E8A1-4B44-A679-B69593C487B3}.Release|x64.Build.0 = Release|Any CPU
		{A824E9F5-E8A1-4B44-A679-B69593C487B3}.Release|x86.ActiveCfg = Release|Any CPU
		{A824E9F5-E8A1-4B44-A679-B69593C487B3}.Release|x86.Build.0 = Release|Any CPU
		{EA303057-FFBE-4798-8556-3944DDEF37A8}.Debug|Any CPU.ActiveCfg = Debug|Any CPU
		{EA303057-FFBE-4798-8556-3944DDEF37A8}.Debug|Any CPU.Build.0 = Debug|Any CPU
		{EA303057-FFBE-4798-8556-3944DDEF37A8}.Debug|x64.ActiveCfg = Debug|Any CPU
		{EA303057-FFBE-4798-8556-3944DDEF37A8}.Debug|x64.Build.0 = Debug|Any CPU
		{EA303057-FFBE-4798-8556-3944DDEF37A8}.Debug|x86.ActiveCfg = Debug|Any CPU
		{EA303057-FFBE-4798-8556-3944DDEF37A8}.Debug|x86.Build.0 = Debug|Any CPU
		{EA303057-FFBE-4798-8556-3944DDEF37A8}.Release|Any CPU.ActiveCfg = Release|Any CPU
		{EA303057-FFBE-4798-8556-3944DDEF37A8}.Release|Any CPU.Build.0 = Release|Any CPU
		{EA303057-FFBE-4798-8556-3944DDEF37A8}.Release|x64.ActiveCfg = Release|Any CPU
		{EA303057-FFBE-4798-8556-3944DDEF37A8}.Release|x64.Build.0 = Release|Any CPU
		{EA303057-FFBE-4798-8556-3944DDEF37A8}.Release|x86.ActiveCfg = Release|Any CPU
		{EA303057-FFBE-4798-8556-3944DDEF37A8}.Release|x86.Build.0 = Release|Any CPU
		{74CDF258-1D0B-4925-9969-B8A931DAFC01}.Debug|Any CPU.ActiveCfg = Debug|Any CPU
		{74CDF258-1D0B-4925-9969-B8A931DAFC01}.Debug|Any CPU.Build.0 = Debug|Any CPU
		{74CDF258-1D0B-4925-9969-B8A931DAFC01}.Debug|x64.ActiveCfg = Debug|Any CPU
		{74CDF258-1D0B-4925-9969-B8A931DAFC01}.Debug|x64.Build.0 = Debug|Any CPU
		{74CDF258-1D0B-4925-9969-B8A931DAFC01}.Debug|x86.ActiveCfg = Debug|Any CPU
		{74CDF258-1D0B-4925-9969-B8A931DAFC01}.Debug|x86.Build.0 = Debug|Any CPU
		{74CDF258-1D0B-4925-9969-B8A931DAFC01}.Release|Any CPU.ActiveCfg = Release|Any CPU
		{74CDF258-1D0B-4925-9969-B8A931DAFC01}.Release|Any CPU.Build.0 = Release|Any CPU
		{74CDF258-1D0B-4925-9969-B8A931DAFC01}.Release|x64.ActiveCfg = Release|Any CPU
		{74CDF258-1D0B-4925-9969-B8A931DAFC01}.Release|x64.Build.0 = Release|Any CPU
		{74CDF258-1D0B-4925-9969-B8A931DAFC01}.Release|x86.ActiveCfg = Release|Any CPU
		{74CDF258-1D0B-4925-9969-B8A931DAFC01}.Release|x86.Build.0 = Release|Any CPU
		{7EF56208-0BFD-45F7-A7F2-1DA5A50158D5}.Debug|Any CPU.ActiveCfg = Debug|Any CPU
		{7EF56208-0BFD-45F7-A7F2-1DA5A50158D5}.Debug|Any CPU.Build.0 = Debug|Any CPU
		{7EF56208-0BFD-45F7-A7F2-1DA5A50158D5}.Debug|x64.ActiveCfg = Debug|Any CPU
		{7EF56208-0BFD-45F7-A7F2-1DA5A50158D5}.Debug|x64.Build.0 = Debug|Any CPU
		{7EF56208-0BFD-45F7-A7F2-1DA5A50158D5}.Debug|x86.ActiveCfg = Debug|Any CPU
		{7EF56208-0BFD-45F7-A7F2-1DA5A50158D5}.Debug|x86.Build.0 = Debug|Any CPU
		{7EF56208-0BFD-45F7-A7F2-1DA5A50158D5}.Release|Any CPU.ActiveCfg = Release|Any CPU
		{7EF56208-0BFD-45F7-A7F2-1DA5A50158D5}.Release|Any CPU.Build.0 = Release|Any CPU
		{7EF56208-0BFD-45F7-A7F2-1DA5A50158D5}.Release|x64.ActiveCfg = Release|Any CPU
		{7EF56208-0BFD-45F7-A7F2-1DA5A50158D5}.Release|x64.Build.0 = Release|Any CPU
		{7EF56208-0BFD-45F7-A7F2-1DA5A50158D5}.Release|x86.ActiveCfg = Release|Any CPU
		{7EF56208-0BFD-45F7-A7F2-1DA5A50158D5}.Release|x86.Build.0 = Release|Any CPU
		{DECF5722-6D1C-46C7-8C99-C2BC1BDAE5CF}.Debug|Any CPU.ActiveCfg = Debug|Any CPU
		{DECF5722-6D1C-46C7-8C99-C2BC1BDAE5CF}.Debug|Any CPU.Build.0 = Debug|Any CPU
		{DECF5722-6D1C-46C7-8C99-C2BC1BDAE5CF}.Debug|x64.ActiveCfg = Debug|Any CPU
		{DECF5722-6D1C-46C7-8C99-C2BC1BDAE5CF}.Debug|x64.Build.0 = Debug|Any CPU
		{DECF5722-6D1C-46C7-8C99-C2BC1BDAE5CF}.Debug|x86.ActiveCfg = Debug|Any CPU
		{DECF5722-6D1C-46C7-8C99-C2BC1BDAE5CF}.Debug|x86.Build.0 = Debug|Any CPU
		{DECF5722-6D1C-46C7-8C99-C2BC1BDAE5CF}.Release|Any CPU.ActiveCfg = Release|Any CPU
		{DECF5722-6D1C-46C7-8C99-C2BC1BDAE5CF}.Release|Any CPU.Build.0 = Release|Any CPU
		{DECF5722-6D1C-46C7-8C99-C2BC1BDAE5CF}.Release|x64.ActiveCfg = Release|Any CPU
		{DECF5722-6D1C-46C7-8C99-C2BC1BDAE5CF}.Release|x64.Build.0 = Release|Any CPU
		{DECF5722-6D1C-46C7-8C99-C2BC1BDAE5CF}.Release|x86.ActiveCfg = Release|Any CPU
		{DECF5722-6D1C-46C7-8C99-C2BC1BDAE5CF}.Release|x86.Build.0 = Release|Any CPU
		{E319D0BF-79FE-4881-992D-7BB025A60A64}.Debug|Any CPU.ActiveCfg = Debug|Any CPU
		{E319D0BF-79FE-4881-992D-7BB025A60A64}.Debug|Any CPU.Build.0 = Debug|Any CPU
		{E319D0BF-79FE-4881-992D-7BB025A60A64}.Debug|x64.ActiveCfg = Debug|Any CPU
		{E319D0BF-79FE-4881-992D-7BB025A60A64}.Debug|x64.Build.0 = Debug|Any CPU
		{E319D0BF-79FE-4881-992D-7BB025A60A64}.Debug|x86.ActiveCfg = Debug|Any CPU
		{E319D0BF-79FE-4881-992D-7BB025A60A64}.Debug|x86.Build.0 = Debug|Any CPU
		{E319D0BF-79FE-4881-992D-7BB025A60A64}.Release|Any CPU.ActiveCfg = Release|Any CPU
		{E319D0BF-79FE-4881-992D-7BB025A60A64}.Release|Any CPU.Build.0 = Release|Any CPU
		{E319D0BF-79FE-4881-992D-7BB025A60A64}.Release|x64.ActiveCfg = Release|Any CPU
		{E319D0BF-79FE-4881-992D-7BB025A60A64}.Release|x64.Build.0 = Release|Any CPU
		{E319D0BF-79FE-4881-992D-7BB025A60A64}.Release|x86.ActiveCfg = Release|Any CPU
		{E319D0BF-79FE-4881-992D-7BB025A60A64}.Release|x86.Build.0 = Release|Any CPU
		{16250BC0-6133-4084-A58B-2CFFE4F2DE02}.Debug|Any CPU.ActiveCfg = Debug|Any CPU
		{16250BC0-6133-4084-A58B-2CFFE4F2DE02}.Debug|Any CPU.Build.0 = Debug|Any CPU
		{16250BC0-6133-4084-A58B-2CFFE4F2DE02}.Debug|x64.ActiveCfg = Debug|Any CPU
		{16250BC0-6133-4084-A58B-2CFFE4F2DE02}.Debug|x64.Build.0 = Debug|Any CPU
		{16250BC0-6133-4084-A58B-2CFFE4F2DE02}.Debug|x86.ActiveCfg = Debug|Any CPU
		{16250BC0-6133-4084-A58B-2CFFE4F2DE02}.Debug|x86.Build.0 = Debug|Any CPU
		{16250BC0-6133-4084-A58B-2CFFE4F2DE02}.Release|Any CPU.ActiveCfg = Release|Any CPU
		{16250BC0-6133-4084-A58B-2CFFE4F2DE02}.Release|Any CPU.Build.0 = Release|Any CPU
		{16250BC0-6133-4084-A58B-2CFFE4F2DE02}.Release|x64.ActiveCfg = Release|Any CPU
		{16250BC0-6133-4084-A58B-2CFFE4F2DE02}.Release|x64.Build.0 = Release|Any CPU
		{16250BC0-6133-4084-A58B-2CFFE4F2DE02}.Release|x86.ActiveCfg = Release|Any CPU
		{16250BC0-6133-4084-A58B-2CFFE4F2DE02}.Release|x86.Build.0 = Release|Any CPU
		{379E15A9-F516-4842-A34B-5E137D5F7AA0}.Debug|Any CPU.ActiveCfg = Debug|Any CPU
		{379E15A9-F516-4842-A34B-5E137D5F7AA0}.Debug|Any CPU.Build.0 = Debug|Any CPU
		{379E15A9-F516-4842-A34B-5E137D5F7AA0}.Debug|x64.ActiveCfg = Debug|Any CPU
		{379E15A9-F516-4842-A34B-5E137D5F7AA0}.Debug|x64.Build.0 = Debug|Any CPU
		{379E15A9-F516-4842-A34B-5E137D5F7AA0}.Debug|x86.ActiveCfg = Debug|Any CPU
		{379E15A9-F516-4842-A34B-5E137D5F7AA0}.Debug|x86.Build.0 = Debug|Any CPU
		{379E15A9-F516-4842-A34B-5E137D5F7AA0}.Release|Any CPU.ActiveCfg = Release|Any CPU
		{379E15A9-F516-4842-A34B-5E137D5F7AA0}.Release|Any CPU.Build.0 = Release|Any CPU
		{379E15A9-F516-4842-A34B-5E137D5F7AA0}.Release|x64.ActiveCfg = Release|Any CPU
		{379E15A9-F516-4842-A34B-5E137D5F7AA0}.Release|x64.Build.0 = Release|Any CPU
		{379E15A9-F516-4842-A34B-5E137D5F7AA0}.Release|x86.ActiveCfg = Release|Any CPU
		{379E15A9-F516-4842-A34B-5E137D5F7AA0}.Release|x86.Build.0 = Release|Any CPU
		{B83E914A-2FE6-4FB5-B270-F3DBB4C34557}.Debug|Any CPU.ActiveCfg = Debug|Any CPU
		{B83E914A-2FE6-4FB5-B270-F3DBB4C34557}.Debug|Any CPU.Build.0 = Debug|Any CPU
		{B83E914A-2FE6-4FB5-B270-F3DBB4C34557}.Debug|x64.ActiveCfg = Debug|Any CPU
		{B83E914A-2FE6-4FB5-B270-F3DBB4C34557}.Debug|x64.Build.0 = Debug|Any CPU
		{B83E914A-2FE6-4FB5-B270-F3DBB4C34557}.Debug|x86.ActiveCfg = Debug|Any CPU
		{B83E914A-2FE6-4FB5-B270-F3DBB4C34557}.Debug|x86.Build.0 = Debug|Any CPU
		{B83E914A-2FE6-4FB5-B270-F3DBB4C34557}.Release|Any CPU.ActiveCfg = Release|Any CPU
		{B83E914A-2FE6-4FB5-B270-F3DBB4C34557}.Release|Any CPU.Build.0 = Release|Any CPU
		{B83E914A-2FE6-4FB5-B270-F3DBB4C34557}.Release|x64.ActiveCfg = Release|Any CPU
		{B83E914A-2FE6-4FB5-B270-F3DBB4C34557}.Release|x64.Build.0 = Release|Any CPU
		{B83E914A-2FE6-4FB5-B270-F3DBB4C34557}.Release|x86.ActiveCfg = Release|Any CPU
		{B83E914A-2FE6-4FB5-B270-F3DBB4C34557}.Release|x86.Build.0 = Release|Any CPU
		{B3681652-2A39-45D2-A7F3-15A90BB81BD8}.Debug|Any CPU.ActiveCfg = Debug|Any CPU
		{B3681652-2A39-45D2-A7F3-15A90BB81BD8}.Debug|Any CPU.Build.0 = Debug|Any CPU
		{B3681652-2A39-45D2-A7F3-15A90BB81BD8}.Debug|x64.ActiveCfg = Debug|Any CPU
		{B3681652-2A39-45D2-A7F3-15A90BB81BD8}.Debug|x64.Build.0 = Debug|Any CPU
		{B3681652-2A39-45D2-A7F3-15A90BB81BD8}.Debug|x86.ActiveCfg = Debug|Any CPU
		{B3681652-2A39-45D2-A7F3-15A90BB81BD8}.Debug|x86.Build.0 = Debug|Any CPU
		{B3681652-2A39-45D2-A7F3-15A90BB81BD8}.Release|Any CPU.ActiveCfg = Release|Any CPU
		{B3681652-2A39-45D2-A7F3-15A90BB81BD8}.Release|Any CPU.Build.0 = Release|Any CPU
		{B3681652-2A39-45D2-A7F3-15A90BB81BD8}.Release|x64.ActiveCfg = Release|Any CPU
		{B3681652-2A39-45D2-A7F3-15A90BB81BD8}.Release|x64.Build.0 = Release|Any CPU
		{B3681652-2A39-45D2-A7F3-15A90BB81BD8}.Release|x86.ActiveCfg = Release|Any CPU
		{B3681652-2A39-45D2-A7F3-15A90BB81BD8}.Release|x86.Build.0 = Release|Any CPU
		{2277F0A1-B47A-40FF-9C9B-9F4394F80D1D}.Debug|Any CPU.ActiveCfg = Debug|Any CPU
		{2277F0A1-B47A-40FF-9C9B-9F4394F80D1D}.Debug|Any CPU.Build.0 = Debug|Any CPU
		{2277F0A1-B47A-40FF-9C9B-9F4394F80D1D}.Debug|x64.ActiveCfg = Debug|Any CPU
		{2277F0A1-B47A-40FF-9C9B-9F4394F80D1D}.Debug|x64.Build.0 = Debug|Any CPU
		{2277F0A1-B47A-40FF-9C9B-9F4394F80D1D}.Debug|x86.ActiveCfg = Debug|Any CPU
		{2277F0A1-B47A-40FF-9C9B-9F4394F80D1D}.Debug|x86.Build.0 = Debug|Any CPU
		{2277F0A1-B47A-40FF-9C9B-9F4394F80D1D}.Release|Any CPU.ActiveCfg = Release|Any CPU
		{2277F0A1-B47A-40FF-9C9B-9F4394F80D1D}.Release|Any CPU.Build.0 = Release|Any CPU
		{2277F0A1-B47A-40FF-9C9B-9F4394F80D1D}.Release|x64.ActiveCfg = Release|Any CPU
		{2277F0A1-B47A-40FF-9C9B-9F4394F80D1D}.Release|x64.Build.0 = Release|Any CPU
		{2277F0A1-B47A-40FF-9C9B-9F4394F80D1D}.Release|x86.ActiveCfg = Release|Any CPU
		{2277F0A1-B47A-40FF-9C9B-9F4394F80D1D}.Release|x86.Build.0 = Release|Any CPU
		{BEE41F32-D823-4A05-81CD-90994B4C04F8}.Debug|Any CPU.ActiveCfg = Debug|Any CPU
		{BEE41F32-D823-4A05-81CD-90994B4C04F8}.Debug|Any CPU.Build.0 = Debug|Any CPU
		{BEE41F32-D823-4A05-81CD-90994B4C04F8}.Debug|x64.ActiveCfg = Debug|Any CPU
		{BEE41F32-D823-4A05-81CD-90994B4C04F8}.Debug|x64.Build.0 = Debug|Any CPU
		{BEE41F32-D823-4A05-81CD-90994B4C04F8}.Debug|x86.ActiveCfg = Debug|Any CPU
		{BEE41F32-D823-4A05-81CD-90994B4C04F8}.Debug|x86.Build.0 = Debug|Any CPU
		{BEE41F32-D823-4A05-81CD-90994B4C04F8}.Release|Any CPU.ActiveCfg = Release|Any CPU
		{BEE41F32-D823-4A05-81CD-90994B4C04F8}.Release|Any CPU.Build.0 = Release|Any CPU
		{BEE41F32-D823-4A05-81CD-90994B4C04F8}.Release|x64.ActiveCfg = Release|Any CPU
		{BEE41F32-D823-4A05-81CD-90994B4C04F8}.Release|x64.Build.0 = Release|Any CPU
		{BEE41F32-D823-4A05-81CD-90994B4C04F8}.Release|x86.ActiveCfg = Release|Any CPU
		{BEE41F32-D823-4A05-81CD-90994B4C04F8}.Release|x86.Build.0 = Release|Any CPU
	EndGlobalSection
	GlobalSection(SolutionProperties) = preSolution
		HideSolutionNode = FALSE
	EndGlobalSection
EndGlobal
