
Microsoft Visual Studio Solution File, Format Version 12.00
# Visual Studio Version 17
VisualStudioVersion = 17.0.31903.59
MinimumVisualStudioVersion = 10.0.40219.1
Project("{FAE04EC0-301F-11D3-BF4B-00C04F79EFBC}") = "ejercicio1", "ejercicio1\ejercicio1.csproj", "{00FA8B6F-8C87-48AD-AD9B-5F681CC7389E}"
EndProject
Project("{FAE04EC0-301F-11D3-BF4B-00C04F79EFBC}") = "ejercicio2", "ejercicio2\ejercicio2.csproj", "{8F7C2310-0F27-45AF-94AA-AEE4F826D445}"
EndProject
Project("{FAE04EC0-301F-11D3-BF4B-00C04F79EFBC}") = "ejercicio3", "ejercicio3\ejercicio3.csproj", "{1674E49D-6BBC-4064-A358-6FCC75DAD026}"
EndProject
Project("{FAE04EC0-301F-11D3-BF4B-00C04F79EFBC}") = "ejercicio4", "ejercicio4\ejercicio4.csproj", "{84801036-A46F-43B5-9BA8-C03B051CEBFD}"
EndProject
Project("{FAE04EC0-301F-11D3-BF4B-00C04F79EFBC}") = "ejercicio5", "ejercicio5\ejercicio5.csproj", "{54ABCF50-8079-4AB7-9789-2DA930D29759}"
EndProject
Project("{FAE04EC0-301F-11D3-BF4B-00C04F79EFBC}") = "ejercicio1.tests", "ejercicio1.tests\ejercicio1.tests.csproj", "{321B0F54-CA16-48DA-A907-8A70417FCED1}"
EndProject
Project("{FAE04EC0-301F-11D3-BF4B-00C04F79EFBC}") = "ejercicio2.tests", "ejercicio2.tests\ejercicio2.tests.csproj", "{87A075CD-2F0D-4681-8E5F-8079898E5E55}"
EndProject
Project("{FAE04EC0-301F-11D3-BF4B-00C04F79EFBC}") = "ejercicio3.tests", "ejercicio3.tests\ejercicio3.tests.csproj", "{5519D0AF-AF95-4446-B23C-D0110C78B909}"
EndProject
Project("{FAE04EC0-301F-11D3-BF4B-00C04F79EFBC}") = "ejercicio4.tests", "ejercicio4.tests\ejercicio4.tests.csproj", "{1725A548-46AF-4A77-939F-430CC83CA263}"
EndProject
Project("{FAE04EC0-301F-11D3-BF4B-00C04F79EFBC}") = "ejercicio5.tests", "ejercicio5.tests\ejercicio5.tests.csproj", "{5D544660-7DD8-46D6-9326-2390D3B66216}"
EndProject
Global
	GlobalSection(SolutionConfigurationPlatforms) = preSolution
		Debug|Any CPU = Debug|Any CPU
		Debug|x64 = Debug|x64
		Debug|x86 = Debug|x86
		Release|Any CPU = Release|Any CPU
		Release|x64 = Release|x64
		Release|x86 = Release|x86
	EndGlobalSection
	GlobalSection(ProjectConfigurationPlatforms) = postSolution
		{00FA8B6F-8C87-48AD-AD9B-5F681CC7389E}.Debug|Any CPU.ActiveCfg = Debug|Any CPU
		{00FA8B6F-8C87-48AD-AD9B-5F681CC7389E}.Debug|Any CPU.Build.0 = Debug|Any CPU
		{00FA8B6F-8C87-48AD-AD9B-5F681CC7389E}.Debug|x64.ActiveCfg = Debug|Any CPU
		{00FA8B6F-8C87-48AD-AD9B-5F681CC7389E}.Debug|x64.Build.0 = Debug|Any CPU
		{00FA8B6F-8C87-48AD-AD9B-5F681CC7389E}.Debug|x86.ActiveCfg = Debug|Any CPU
		{00FA8B6F-8C87-48AD-AD9B-5F681CC7389E}.Debug|x86.Build.0 = Debug|Any CPU
		{00FA8B6F-8C87-48AD-AD9B-5F681CC7389E}.Release|Any CPU.ActiveCfg = Release|Any CPU
		{00FA8B6F-8C87-48AD-AD9B-5F681CC7389E}.Release|Any CPU.Build.0 = Release|Any CPU
		{00FA8B6F-8C87-48AD-AD9B-5F681CC7389E}.Release|x64.ActiveCfg = Release|Any CPU
		{00FA8B6F-8C87-48AD-AD9B-5F681CC7389E}.Release|x64.Build.0 = Release|Any CPU
		{00FA8B6F-8C87-48AD-AD9B-5F681CC7389E}.Release|x86.ActiveCfg = Release|Any CPU
		{00FA8B6F-8C87-48AD-AD9B-5F681CC7389E}.Release|x86.Build.0 = Release|Any CPU
		{8F7C2310-0F27-45AF-94AA-AEE4F826D445}.Debug|Any CPU.ActiveCfg = Debug|Any CPU
		{8F7C2310-0F27-45AF-94AA-AEE4F826D445}.Debug|Any CPU.Build.0 = Debug|Any CPU
		{8F7C2310-0F27-45AF-94AA-AEE4F826D445}.Debug|x64.ActiveCfg = Debug|Any CPU
		{8F7C2310-0F27-45AF-94AA-AEE4F826D445}.Debug|x64.Build.0 = Debug|Any CPU
		{8F7C2310-0F27-45AF-94AA-AEE4F826D445}.Debug|x86.ActiveCfg = Debug|Any CPU
		{8F7C2310-0F27-45AF-94AA-AEE4F826D445}.Debug|x86.Build.0 = Debug|Any CPU
		{8F7C2310-0F27-45AF-94AA-AEE4F826D445}.Release|Any CPU.ActiveCfg = Release|Any CPU
		{8F7C2310-0F27-45AF-94AA-AEE4F826D445}.Release|Any CPU.Build.0 = Release|Any CPU
		{8F7C2310-0F27-45AF-94AA-AEE4F826D445}.Release|x64.ActiveCfg = Release|Any CPU
		{8F7C2310-0F27-45AF-94AA-AEE4F826D445}.Release|x64.Build.0 = Release|Any CPU
		{8F7C2310-0F27-45AF-94AA-AEE4F826D445}.Release|x86.ActiveCfg = Release|Any CPU
		{8F7C2310-0F27-45AF-94AA-AEE4F826D445}.Release|x86.Build.0 = Release|Any CPU
		{1674E49D-6BBC-4064-A358-6FCC75DAD026}.Debug|Any CPU.ActiveCfg = Debug|Any CPU
		{1674E49D-6BBC-4064-A358-6FCC75DAD026}.Debug|Any CPU.Build.0 = Debug|Any CPU
		{1674E49D-6BBC-4064-A358-6FCC75DAD026}.Debug|x64.ActiveCfg = Debug|Any CPU
		{1674E49D-6BBC-4064-A358-6FCC75DAD026}.Debug|x64.Build.0 = Debug|Any CPU
		{1674E49D-6BBC-4064-A358-6FCC75DAD026}.Debug|x86.ActiveCfg = Debug|Any CPU
		{1674E49D-6BBC-4064-A358-6FCC75DAD026}.Debug|x86.Build.0 = Debug|Any CPU
		{1674E49D-6BBC-4064-A358-6FCC75DAD026}.Release|Any CPU.ActiveCfg = Release|Any CPU
		{1674E49D-6BBC-4064-A358-6FCC75DAD026}.Release|Any CPU.Build.0 = Release|Any CPU
		{1674E49D-6BBC-4064-A358-6FCC75DAD026}.Release|x64.ActiveCfg = Release|Any CPU
		{1674E49D-6BBC-4064-A358-6FCC75DAD026}.Release|x64.Build.0 = Release|Any CPU
		{1674E49D-6BBC-4064-A358-6FCC75DAD026}.Release|x86.ActiveCfg = Release|Any CPU
		{1674E49D-6BBC-4064-A358-6FCC75DAD026}.Release|x86.Build.0 = Release|Any CPU
		{84801036-A46F-43B5-9BA8-C03B051CEBFD}.Debug|Any CPU.ActiveCfg = Debug|Any CPU
		{84801036-A46F-43B5-9BA8-C03B051CEBFD}.Debug|Any CPU.Build.0 = Debug|Any CPU
		{84801036-A46F-43B5-9BA8-C03B051CEBFD}.Debug|x64.ActiveCfg = Debug|Any CPU
		{84801036-A46F-43B5-9BA8-C03B051CEBFD}.Debug|x64.Build.0 = Debug|Any CPU
		{84801036-A46F-43B5-9BA8-C03B051CEBFD}.Debug|x86.ActiveCfg = Debug|Any CPU
		{84801036-A46F-43B5-9BA8-C03B051CEBFD}.Debug|x86.Build.0 = Debug|Any CPU
		{84801036-A46F-43B5-9BA8-C03B051CEBFD}.Release|Any CPU.ActiveCfg = Release|Any CPU
		{84801036-A46F-43B5-9BA8-C03B051CEBFD}.Release|Any CPU.Build.0 = Release|Any CPU
		{84801036-A46F-43B5-9BA8-C03B051CEBFD}.Release|x64.ActiveCfg = Release|Any CPU
		{84801036-A46F-43B5-9BA8-C03B051CEBFD}.Release|x64.Build.0 = Release|Any CPU
		{84801036-A46F-43B5-9BA8-C03B051CEBFD}.Release|x86.ActiveCfg = Release|Any CPU
		{84801036-A46F-43B5-9BA8-C03B051CEBFD}.Release|x86.Build.0 = Release|Any CPU
		{54ABCF50-8079-4AB7-9789-2DA930D29759}.Debug|Any CPU.ActiveCfg = Debug|Any CPU
		{54ABCF50-8079-4AB7-9789-2DA930D29759}.Debug|Any CPU.Build.0 = Debug|Any CPU
		{54ABCF50-8079-4AB7-9789-2DA930D29759}.Debug|x64.ActiveCfg = Debug|Any CPU
		{54ABCF50-8079-4AB7-9789-2DA930D29759}.Debug|x64.Build.0 = Debug|Any CPU
		{54ABCF50-8079-4AB7-9789-2DA930D29759}.Debug|x86.ActiveCfg = Debug|Any CPU
		{54ABCF50-8079-4AB7-9789-2DA930D29759}.Debug|x86.Build.0 = Debug|Any CPU
		{54ABCF50-8079-4AB7-9789-2DA930D29759}.Release|Any CPU.ActiveCfg = Release|Any CPU
		{54ABCF50-8079-4AB7-9789-2DA930D29759}.Release|Any CPU.Build.0 = Release|Any CPU
		{54ABCF50-8079-4AB7-9789-2DA930D29759}.Release|x64.ActiveCfg = Release|Any CPU
		{54ABCF50-8079-4AB7-9789-2DA930D29759}.Release|x64.Build.0 = Release|Any CPU
		{54ABCF50-8079-4AB7-9789-2DA930D29759}.Release|x86.ActiveCfg = Release|Any CPU
		{54ABCF50-8079-4AB7-9789-2DA930D29759}.Release|x86.Build.0 = Release|Any CPU
		{321B0F54-CA16-48DA-A907-8A70417FCED1}.Debug|Any CPU.ActiveCfg = Debug|Any CPU
		{321B0F54-CA16-48DA-A907-8A70417FCED1}.Debug|Any CPU.Build.0 = Debug|Any CPU
		{321B0F54-CA16-48DA-A907-8A70417FCED1}.Debug|x64.ActiveCfg = Debug|Any CPU
		{321B0F54-CA16-48DA-A907-8A70417FCED1}.Debug|x64.Build.0 = Debug|Any CPU
		{321B0F54-CA16-48DA-A907-8A70417FCED1}.Debug|x86.ActiveCfg = Debug|Any CPU
		{321B0F54-CA16-48DA-A907-8A70417FCED1}.Debug|x86.Build.0 = Debug|Any CPU
		{321B0F54-CA16-48DA-A907-8A70417FCED1}.Release|Any CPU.ActiveCfg = Release|Any CPU
		{321B0F54-CA16-48DA-A907-8A70417FCED1}.Release|Any CPU.Build.0 = Release|Any CPU
		{321B0F54-CA16-48DA-A907-8A70417FCED1}.Release|x64.ActiveCfg = Release|Any CPU
		{321B0F54-CA16-48DA-A907-8A70417FCED1}.Release|x64.Build.0 = Release|Any CPU
		{321B0F54-CA16-48DA-A907-8A70417FCED1}.Release|x86.ActiveCfg = Release|Any CPU
		{321B0F54-CA16-48DA-A907-8A70417FCED1}.Release|x86.Build.0 = Release|Any CPU
		{87A075CD-2F0D-4681-8E5F-8079898E5E55}.Debug|Any CPU.ActiveCfg = Debug|Any CPU
		{87A075CD-2F0D-4681-8E5F-8079898E5E55}.Debug|Any CPU.Build.0 = Debug|Any CPU
		{87A075CD-2F0D-4681-8E5F-8079898E5E55}.Debug|x64.ActiveCfg = Debug|Any CPU
		{87A075CD-2F0D-4681-8E5F-8079898E5E55}.Debug|x64.Build.0 = Debug|Any CPU
		{87A075CD-2F0D-4681-8E5F-8079898E5E55}.Debug|x86.ActiveCfg = Debug|Any CPU
		{87A075CD-2F0D-4681-8E5F-8079898E5E55}.Debug|x86.Build.0 = Debug|Any CPU
		{87A075CD-2F0D-4681-8E5F-8079898E5E55}.Release|Any CPU.ActiveCfg = Release|Any CPU
		{87A075CD-2F0D-4681-8E5F-8079898E5E55}.Release|Any CPU.Build.0 = Release|Any CPU
		{87A075CD-2F0D-4681-8E5F-8079898E5E55}.Release|x64.ActiveCfg = Release|Any CPU
		{87A075CD-2F0D-4681-8E5F-8079898E5E55}.Release|x64.Build.0 = Release|Any CPU
		{87A075CD-2F0D-4681-8E5F-8079898E5E55}.Release|x86.ActiveCfg = Release|Any CPU
		{87A075CD-2F0D-4681-8E5F-8079898E5E55}.Release|x86.Build.0 = Release|Any CPU
		{5519D0AF-AF95-4446-B23C-D0110C78B909}.Debug|Any CPU.ActiveCfg = Debug|Any CPU
		{5519D0AF-AF95-4446-B23C-D0110C78B909}.Debug|Any CPU.Build.0 = Debug|Any CPU
		{5519D0AF-AF95-4446-B23C-D0110C78B909}.Debug|x64.ActiveCfg = Debug|Any CPU
		{5519D0AF-AF95-4446-B23C-D0110C78B909}.Debug|x64.Build.0 = Debug|Any CPU
		{5519D0AF-AF95-4446-B23C-D0110C78B909}.Debug|x86.ActiveCfg = Debug|Any CPU
		{5519D0AF-AF95-4446-B23C-D0110C78B909}.Debug|x86.Build.0 = Debug|Any CPU
		{5519D0AF-AF95-4446-B23C-D0110C78B909}.Release|Any CPU.ActiveCfg = Release|Any CPU
		{5519D0AF-AF95-4446-B23C-D0110C78B909}.Release|Any CPU.Build.0 = Release|Any CPU
		{5519D0AF-AF95-4446-B23C-D0110C78B909}.Release|x64.ActiveCfg = Release|Any CPU
		{5519D0AF-AF95-4446-B23C-D0110C78B909}.Release|x64.Build.0 = Release|Any CPU
		{5519D0AF-AF95-4446-B23C-D0110C78B909}.Release|x86.ActiveCfg = Release|Any CPU
		{5519D0AF-AF95-4446-B23C-D0110C78B909}.Release|x86.Build.0 = Release|Any CPU
		{1725A548-46AF-4A77-939F-430CC83CA263}.Debug|Any CPU.ActiveCfg = Debug|Any CPU
		{1725A548-46AF-4A77-939F-430CC83CA263}.Debug|Any CPU.Build.0 = Debug|Any CPU
		{1725A548-46AF-4A77-939F-430CC83CA263}.Debug|x64.ActiveCfg = Debug|Any CPU
		{1725A548-46AF-4A77-939F-430CC83CA263}.Debug|x64.Build.0 = Debug|Any CPU
		{1725A548-46AF-4A77-939F-430CC83CA263}.Debug|x86.ActiveCfg = Debug|Any CPU
		{1725A548-46AF-4A77-939F-430CC83CA263}.Debug|x86.Build.0 = Debug|Any CPU
		{1725A548-46AF-4A77-939F-430CC83CA263}.Release|Any CPU.ActiveCfg = Release|Any CPU
		{1725A548-46AF-4A77-939F-430CC83CA263}.Release|Any CPU.Build.0 = Release|Any CPU
		{1725A548-46AF-4A77-939F-430CC83CA263}.Release|x64.ActiveCfg = Release|Any CPU
		{1725A548-46AF-4A77-939F-430CC83CA263}.Release|x64.Build.0 = Release|Any CPU
		{1725A548-46AF-4A77-939F-430CC83CA263}.Release|x86.ActiveCfg = Release|Any CPU
		{1725A548-46AF-4A77-939F-430CC83CA263}.Release|x86.Build.0 = Release|Any CPU
		{5D544660-7DD8-46D6-9326-2390D3B66216}.Debug|Any CPU.ActiveCfg = Debug|Any CPU
		{5D544660-7DD8-46D6-9326-2390D3B66216}.Debug|Any CPU.Build.0 = Debug|Any CPU
		{5D544660-7DD8-46D6-9326-2390D3B66216}.Debug|x64.ActiveCfg = Debug|Any CPU
		{5D544660-7DD8-46D6-9326-2390D3B66216}.Debug|x64.Build.0 = Debug|Any CPU
		{5D544660-7DD8-46D6-9326-2390D3B66216}.Debug|x86.ActiveCfg = Debug|Any CPU
		{5D544660-7DD8-46D6-9326-2390D3B66216}.Debug|x86.Build.0 = Debug|Any CPU
		{5D544660-7DD8-46D6-9326-2390D3B66216}.Release|Any CPU.ActiveCfg = Release|Any CPU
		{5D544660-7DD8-46D6-9326-2390D3B66216}.Release|Any CPU.Build.0 = Release|Any CPU
		{5D544660-7DD8-46D6-9326-2390D3B66216}.Release|x64.ActiveCfg = Release|Any CPU
		{5D544660-7DD8-46D6-9326-2390D3B66216}.Release|x64.Build.0 = Release|Any CPU
		{5D544660-7DD8-46D6-9326-2390D3B66216}.Release|x86.ActiveCfg = Release|Any CPU
		{5D544660-7DD8-46D6-9326-2390D3B66216}.Release|x86.Build.0 = Release|Any CPU
	EndGlobalSection
	GlobalSection(SolutionProperties) = preSolution
		HideSolutionNode = FALSE
	EndGlobalSection
EndGlobal
