Microsoft Visual Studio Solution File, Format Version 12.00
# Visual Studio Version 17
VisualStudioVersion = 17.5.2.0
MinimumVisualStudioVersion = 10.0.40219.1
Project("{FAE04EC0-301F-11D3-BF4B-00C04F79EFBC}") = "graficos-nuget", "graficos-nuget.csproj", "{ED7DEBAB-C4EF-7AA7-1EDD-3C55907DE780}"
EndProject
Global
	GlobalSection(SolutionConfigurationPlatforms) = preSolution
		Debug|Any CPU = Debug|Any CPU
		Release|Any CPU = Release|Any CPU
	EndGlobalSection
	GlobalSection(ProjectConfigurationPlatforms) = postSolution
		{ED7DEBAB-C4EF-7AA7-1EDD-3C55907DE780}.Debug|Any CPU.ActiveCfg = Debug|Any CPU
		{ED7DEBAB-C4EF-7AA7-1EDD-3C55907DE780}.Debug|Any CPU.Build.0 = Debug|Any CPU
		{ED7DEBAB-C4EF-7AA7-1EDD-3C55907DE780}.Release|Any CPU.ActiveCfg = Release|Any CPU
		{ED7DEBAB-C4EF-7AA7-1EDD-3C55907DE780}.Release|Any CPU.Build.0 = Release|Any CPU
	EndGlobalSection
	GlobalSection(SolutionProperties) = preSolution
		HideSolutionNode = FALSE
	EndGlobalSection
	GlobalSection(ExtensibilityGlobals) = postSolution
		SolutionGuid = {0E434307-2695-4F21-BC71-23257F5881CE}
	EndGlobalSection
EndGlobal
